{
  "version": 4,
  "terraform_version": "1.14.3",
  "serial": 236,
  "lineage": "9852255d-ae74-6101-b012-fa768914ebec",
  "outputs": {
    "alice-database-credentials": {
      "value": {
        "database-host": "10.96.36.156",
        "database-port": 5432,
        "database-url": "10.96.36.156:5432",
        "instance-name": "alice"
      },
      "type": [
        "object",
        {
          "database-host": "string",
          "database-port": "number",
          "database-url": "string",
          "instance-name": "string"
        }
      ]
    },
    "alice-node-ip": {
      "value": "10.96.121.120",
      "type": "string"
    },
    "alice-urls": {
      "value": {
        "health": "http://localhost/alice/health",
        "management": "http://localhost/alice/management/v3",
        "proxy": "http://localhost/alice/proxy",
        "public": "http://localhost/alice/api/public"
      },
      "type": [
        "object",
        {
          "health": "string",
          "management": "string",
          "proxy": "string",
          "public": "string"
        }
      ]
    },
    "bob-database-credentials": {
      "value": {
        "database-host": "10.96.2.201",
        "database-port": 5432,
        "database-url": "10.96.2.201:5432",
        "instance-name": "bob"
      },
      "type": [
        "object",
        {
          "database-host": "string",
          "database-port": "number",
          "database-url": "string",
          "instance-name": "string"
        }
      ]
    },
    "bob-urls": {
      "value": {
        "health": "http://localhost/bob/health",
        "management": "http://localhost/bob/management/v3",
        "proxy": "http://localhost/bob/proxy",
        "public": "http://localhost/bob/api/public"
      },
      "type": [
        "object",
        {
          "health": "string",
          "management": "string",
          "proxy": "string",
          "public": "string"
        }
      ]
    }
  },
  "resources": [
    {
      "mode": "managed",
      "type": "helm_release",
      "name": "bdrs-server",
      "provider": "provider[\"registry.terraform.io/hashicorp/helm\"]",
      "instances": [
        {
          "schema_version": 1,
          "attributes": {
            "atomic": false,
            "chart": "bdrs-server",
            "cleanup_on_fail": true,
            "create_namespace": false,
            "dependency_update": true,
            "description": null,
            "devel": null,
            "disable_crd_hooks": false,
            "disable_openapi_validation": false,
            "disable_webhooks": false,
            "force_update": true,
            "id": "bdrs-server",
            "keyring": null,
            "lint": false,
            "manifest": null,
            "max_history": 0,
            "metadata": [
              {
                "app_version": "0.5.2",
                "chart": "bdrs-server",
                "name": "bdrs-server",
                "namespace": "mxd",
                "revision": 1,
                "values": "{\"install\":{\"postgresql\":false},\"postgresql\":{\"jdbcUrl\":\"jdbc:postgresql://10.96.58.141:5432/bdrs\"},\"server\":{\"debug\":{\"enabled\":true,\"port\":1046},\"env\":{\"EDC_API_AUTH_KEY\":\"password\",\"EDC_DATASOURCE_DIDENTRY_PASSWORD\":\"bdrs\",\"EDC_DATASOURCE_DIDENTRY_USER\":\"bdrs\",\"EDC_IAM_DID_WEB_USE_HTTPS\":\"false\"},\"trustedIssuers\":[\"did:web:dataspace-issuer\"]}}",
                "version": "0.5.2"
              }
            ],
            "name": "bdrs-server",
            "namespace": "mxd",
            "pass_credentials": false,
            "postrender": [],
            "recreate_pods": false,
            "render_subchart_notes": true,
            "replace": true,
            "repository": "https://eclipse-tractusx.github.io/charts/dev",
            "repository_ca_file": null,
            "repository_cert_file": null,
            "repository_key_file": null,
            "repository_password": null,
            "repository_username": null,
            "reset_values": false,
            "reuse_values": true,
            "set": [
              {
                "name": "install.postgresql",
                "type": "",
                "value": "false"
              }
            ],
            "set_list": [],
            "set_sensitive": [],
            "skip_crds": false,
            "status": "deployed",
            "timeout": 300,
            "values": [
              "\"postgresql\":\n  \"jdbcUrl\": \"jdbc:postgresql://10.96.58.141:5432/bdrs\"\n\"server\":\n  \"debug\":\n    \"enabled\": true\n    \"port\": 1046\n  \"env\":\n    \"EDC_API_AUTH_KEY\": \"password\"\n    \"EDC_DATASOURCE_DIDENTRY_PASSWORD\": \"bdrs\"\n    \"EDC_DATASOURCE_DIDENTRY_USER\": \"bdrs\"\n    \"EDC_IAM_DID_WEB_USE_HTTPS\": \"false\"\n  \"trustedIssuers\":\n  - \"did:web:dataspace-issuer\"\n"
            ],
            "verify": false,
            "version": "0.5.2",
            "wait": true,
            "wait_for_jobs": false
          },
          "sensitive_attributes": [
            [
              {
                "type": "get_attr",
                "value": "repository_password"
              }
            ]
          ],
          "identity_schema_version": 0,
          "private": "eyJzY2hlbWFfdmVyc2lvbiI6IjEifQ==",
          "dependencies": [
            "kubernetes_config_map.postgres-initdb-config",
            "kubernetes_namespace.mxd-ns",
            "module.postgres.kubernetes_config_map.postgres-env",
            "module.postgres.kubernetes_deployment.postgres",
            "module.postgres.kubernetes_service.pg-service"
          ]
        }
      ]
    },
    {
      "mode": "managed",
      "type": "kubernetes_config_map",
      "name": "issuer-initdb-config",
      "provider": "provider[\"registry.terraform.io/hashicorp/kubernetes\"]",
      "instances": [
        {
          "schema_version": 0,
          "attributes": {
            "binary_data": {},
            "data": {
              "issuer-initdb-config.sql": "CREATE USER issuer WITH ENCRYPTED PASSWORD 'issuer' SUPERUSER;\nCREATE DATABASE issuer;\n\\c issuer issuer\n"
            },
            "id": "mxd/issuer-initdb-config",
            "immutable": false,
            "metadata": [
              {
                "annotations": {},
                "generate_name": "",
                "generation": 0,
                "labels": {},
                "name": "issuer-initdb-config",
                "namespace": "mxd",
                "resource_version": "10124",
                "uid": "49b9a951-86d5-46fb-94e4-3e7c5982a204"
              }
            ]
          },
          "sensitive_attributes": [],
          "identity_schema_version": 0,
          "private": "bnVsbA==",
          "dependencies": [
            "kubernetes_namespace.mxd-ns"
          ]
        }
      ]
    },
    {
      "mode": "managed",
      "type": "kubernetes_config_map",
      "name": "nginx-map",
      "provider": "provider[\"registry.terraform.io/hashicorp/kubernetes\"]",
      "instances": [
        {
          "schema_version": 0,
          "attributes": {
            "binary_data": {},
            "data": {
              "did.json": "{\"service\":[],\"verificationMethod\":[{\"id\":\"did:web:dataspace-issuer#key-1\",\"type\":\"JsonWebKey2020\",\"controller\":\"did:web:dataspace-issuer\",\"publicKeyMultibase\":null,\"publicKeyJwk\":{\"kty\":\"OKP\",\"crv\":\"Ed25519\",\"kid\":\"did:web:dataspace-issuer#key-1\",\"x\":\"N6z9LC9L_5D_W2nKaUUHMYklUDQVlF37AFKSifNtV2c\"}}],\"authentication\":[],\"id\":\"did:web:dataspace-issuer\",\"@context\":[\"https://w3id.org/did-resolution/v1\"]}",
              "nginx.conf": "events { worker_connections 1024; }\n\nhttp {\n  server {\n      listen 80;\n      root /var/www/;\n      index index.html;\n    }\n  }"
            },
            "id": "mxd/nginx-conf",
            "immutable": false,
            "metadata": [
              {
                "annotations": {},
                "generate_name": "",
                "generation": 0,
                "labels": {},
                "name": "nginx-conf",
                "namespace": "mxd",
                "resource_version": "10107",
                "uid": "9f94e636-c491-46a0-bc3d-a4910e4127ca"
              }
            ]
          },
          "sensitive_attributes": [],
          "identity_schema_version": 0,
          "private": "bnVsbA==",
          "dependencies": [
            "kubernetes_namespace.mxd-ns"
          ]
        }
      ]
    },
    {
      "mode": "managed",
      "type": "kubernetes_config_map",
      "name": "postgres-initdb-config",
      "provider": "provider[\"registry.terraform.io/hashicorp/kubernetes\"]",
      "instances": [
        {
          "index_key": "alice",
          "schema_version": 0,
          "attributes": {
            "binary_data": {},
            "data": {
              "alice-initdb-config.sql": "\nCREATE USER alice WITH ENCRYPTED PASSWORD 'alice';\nCREATE DATABASE alice;\nGRANT ALL PRIVILEGES ON DATABASE alice TO alice;\n\\c alice\nGRANT ALL ON SCHEMA public TO alice;\n"
            },
            "id": "mxd/alice-initdb-config",
            "immutable": false,
            "metadata": [
              {
                "annotations": {},
                "generate_name": "",
                "generation": 0,
                "labels": {},
                "name": "alice-initdb-config",
                "namespace": "mxd",
                "resource_version": "10157",
                "uid": "d444cad3-67b6-4ee2-b53c-f43ede09274a"
              }
            ]
          },
          "sensitive_attributes": [],
          "identity_schema_version": 0,
          "private": "bnVsbA==",
          "dependencies": [
            "kubernetes_namespace.mxd-ns"
          ]
        },
        {
          "index_key": "alice-catalogserver",
          "schema_version": 0,
          "attributes": {
            "binary_data": {},
            "data": {
              "alice-catalogserver-initdb-config.sql": "\nCREATE USER catalogserver WITH ENCRYPTED PASSWORD 'catalogserver';\nCREATE DATABASE catalogserver;\nGRANT ALL PRIVILEGES ON DATABASE catalogserver TO catalogserver;\n\\c catalogserver\nGRANT ALL ON SCHEMA public TO catalogserver;\n"
            },
            "id": "mxd/alice-catalogserver-initdb-config",
            "immutable": false,
            "metadata": [
              {
                "annotations": {},
                "generate_name": "",
                "generation": 0,
                "labels": {},
                "name": "alice-catalogserver-initdb-config",
                "namespace": "mxd",
                "resource_version": "10167",
                "uid": "7b3ebbe5-c831-4e67-a760-0824726ef091"
              }
            ]
          },
          "sensitive_attributes": [],
          "identity_schema_version": 0,
          "private": "bnVsbA==",
          "dependencies": [
            "kubernetes_namespace.mxd-ns"
          ]
        },
        {
          "index_key": "bdrs",
          "schema_version": 0,
          "attributes": {
            "binary_data": {},
            "data": {
              "bdrs-initdb-config.sql": "\nCREATE USER bdrs WITH ENCRYPTED PASSWORD 'bdrs';\nCREATE DATABASE bdrs;\nGRANT ALL PRIVILEGES ON DATABASE bdrs TO bdrs;\n\\c bdrs\nGRANT ALL ON SCHEMA public TO bdrs;\n"
            },
            "id": "mxd/bdrs-initdb-config",
            "immutable": false,
            "metadata": [
              {
                "annotations": {},
                "generate_name": "",
                "generation": 0,
                "labels": {},
                "name": "bdrs-initdb-config",
                "namespace": "mxd",
                "resource_version": "10168",
                "uid": "efdb2d1e-ada2-48bc-981f-e7608356bf9a"
              }
            ]
          },
          "sensitive_attributes": [],
          "identity_schema_version": 0,
          "private": "bnVsbA==",
          "dependencies": [
            "kubernetes_namespace.mxd-ns"
          ]
        },
        {
          "index_key": "bob",
          "schema_version": 0,
          "attributes": {
            "binary_data": {},
            "data": {
              "bob-initdb-config.sql": "\nCREATE USER bob WITH ENCRYPTED PASSWORD 'bob';\nCREATE DATABASE bob;\nGRANT ALL PRIVILEGES ON DATABASE bob TO bob;\n\\c bob\nGRANT ALL ON SCHEMA public TO bob;\n"
            },
            "id": "mxd/bob-initdb-config",
            "immutable": false,
            "metadata": [
              {
                "annotations": {},
                "generate_name": "",
                "generation": 0,
                "labels": {},
                "name": "bob-initdb-config",
                "namespace": "mxd",
                "resource_version": "10158",
                "uid": "cd8b3516-6058-448d-b1dc-3bc1e218e85b"
              }
            ]
          },
          "sensitive_attributes": [],
          "identity_schema_version": 0,
          "private": "bnVsbA==",
          "dependencies": [
            "kubernetes_namespace.mxd-ns"
          ]
        }
      ]
    },
    {
      "mode": "managed",
      "type": "kubernetes_config_map",
      "name": "seed-collection",
      "provider": "provider[\"registry.terraform.io/hashicorp/kubernetes\"]",
      "instances": [
        {
          "schema_version": 0,
          "attributes": {
            "binary_data": {},
            "data": {
              "mxd-seed.json": "{\n\t\"info\": {\n\t\t\"_postman_id\": \"6fd606c8-64d5-455d-aa50-0770cc93bd0a\",\n\t\t\"name\": \"MXD Management API Seed\",\n\t\t\"schema\": \"https://schema.getpostman.com/json/collection/v2.1.0/collection.json\",\n\t\t\"_exporter_id\": \"647585\"\n\t},\n\t\"item\": [\n\t\t{\n\t\t\t\"name\": \"SeedData\",\n\t\t\t\"item\": [\n\t\t\t\t{\n\t\t\t\t\t\"name\": \"Create Asset 1\",\n\t\t\t\t\t\"event\": [\n\t\t\t\t\t\t{\n\t\t\t\t\t\t\t\"listen\": \"test\",\n\t\t\t\t\t\t\t\"script\": {\n\t\t\t\t\t\t\t\t\"exec\": [\n\t\t\t\t\t\t\t\t\t\"pm.test(\\\"Status code is 204 No Content (if new asset) or 409 Conflict (if asset already exists)\\\", function () {\",\n\t\t\t\t\t\t\t\t\t\"    pm.expect(pm.response.code).to.be.oneOf([200, 204, 409])\",\n\t\t\t\t\t\t\t\t\t\"});\"\n\t\t\t\t\t\t\t\t],\n\t\t\t\t\t\t\t\t\"type\": \"text/javascript\",\n\t\t\t\t\t\t\t\t\"packages\": {}\n\t\t\t\t\t\t\t}\n\t\t\t\t\t\t},\n\t\t\t\t\t\t{\n\t\t\t\t\t\t\t\"listen\": \"prerequest\",\n\t\t\t\t\t\t\t\"script\": {\n\t\t\t\t\t\t\t\t\"exec\": [\n\t\t\t\t\t\t\t\t\t\"\"\n\t\t\t\t\t\t\t\t],\n\t\t\t\t\t\t\t\t\"type\": \"text/javascript\",\n\t\t\t\t\t\t\t\t\"packages\": {}\n\t\t\t\t\t\t\t}\n\t\t\t\t\t\t}\n\t\t\t\t\t],\n\t\t\t\t\t\"request\": {\n\t\t\t\t\t\t\"method\": \"POST\",\n\t\t\t\t\t\t\"header\": [],\n\t\t\t\t\t\t\"body\": {\n\t\t\t\t\t\t\t\"mode\": \"raw\",\n\t\t\t\t\t\t\t\"raw\": \"{\\n    \\\"@context\\\": [\\n        \\\"https://w3id.org/edc/connector/management/v0.0.1\\\"\\n    ],\\n    \\\"@id\\\": \\\"asset-1\\\",\\n    \\\"@type\\\": \\\"Asset\\\",\\n    \\\"properties\\\": {\\n        \\\"id\\\": \\\"asset-1\\\",\\n        \\\"description\\\": \\\"MXD Asset 1: this Asset is available to holders of the DataExchangeGovernance credential\\\"\\n    },\\n    \\\"dataAddress\\\": {\\n        \\\"@type\\\": \\\"DataAddress\\\",\\n        \\\"type\\\": \\\"HttpData\\\",\\n        \\\"baseUrl\\\": \\\"http://data-service-api:8080/v1/data\\\",\\n        \\\"proxyPath\\\": \\\"true\\\",\\n        \\\"proxyQueryParams\\\": \\\"true\\\"\\n    }\\n}\",\n\t\t\t\t\t\t\t\"options\": {\n\t\t\t\t\t\t\t\t\"raw\": {\n\t\t\t\t\t\t\t\t\t\"language\": \"json\"\n\t\t\t\t\t\t\t\t}\n\t\t\t\t\t\t\t}\n\t\t\t\t\t\t},\n\t\t\t\t\t\t\"url\": {\n\t\t\t\t\t\t\t\"raw\": \"{{MANAGEMENT_URL}}/v3/assets\",\n\t\t\t\t\t\t\t\"host\": [\n\t\t\t\t\t\t\t\t\"{{MANAGEMENT_URL}}\"\n\t\t\t\t\t\t\t],\n\t\t\t\t\t\t\t\"path\": [\n\t\t\t\t\t\t\t\t\"v3\",\n\t\t\t\t\t\t\t\t\"assets\"\n\t\t\t\t\t\t\t]\n\t\t\t\t\t\t}\n\t\t\t\t\t},\n\t\t\t\t\t\"response\": []\n\t\t\t\t},\n\t\t\t\t{\n\t\t\t\t\t\"name\": \"Create Asset 2\",\n\t\t\t\t\t\"event\": [\n\t\t\t\t\t\t{\n\t\t\t\t\t\t\t\"listen\": \"test\",\n\t\t\t\t\t\t\t\"script\": {\n\t\t\t\t\t\t\t\t\"exec\": [\n\t\t\t\t\t\t\t\t\t\"pm.test(\\\"Status code is 204 No Content (if new asset) or 409 Conflict (if asset already exists)\\\", function () {\",\n\t\t\t\t\t\t\t\t\t\"    pm.expect(pm.response.code).to.be.oneOf([200, 204, 409])\",\n\t\t\t\t\t\t\t\t\t\"});\"\n\t\t\t\t\t\t\t\t],\n\t\t\t\t\t\t\t\t\"type\": \"text/javascript\",\n\t\t\t\t\t\t\t\t\"packages\": {}\n\t\t\t\t\t\t\t}\n\t\t\t\t\t\t},\n\t\t\t\t\t\t{\n\t\t\t\t\t\t\t\"listen\": \"prerequest\",\n\t\t\t\t\t\t\t\"script\": {\n\t\t\t\t\t\t\t\t\"exec\": [\n\t\t\t\t\t\t\t\t\t\"\"\n\t\t\t\t\t\t\t\t],\n\t\t\t\t\t\t\t\t\"type\": \"text/javascript\",\n\t\t\t\t\t\t\t\t\"packages\": {}\n\t\t\t\t\t\t\t}\n\t\t\t\t\t\t}\n\t\t\t\t\t],\n\t\t\t\t\t\"request\": {\n\t\t\t\t\t\t\"method\": \"POST\",\n\t\t\t\t\t\t\"header\": [],\n\t\t\t\t\t\t\"body\": {\n\t\t\t\t\t\t\t\"mode\": \"raw\",\n\t\t\t\t\t\t\t\"raw\": \"{\\n    \\\"@context\\\": [\\n        \\\"https://w3id.org/edc/connector/management/v0.0.1\\\"\\n    ],\\n    \\\"@id\\\": \\\"asset-2\\\",\\n    \\\"@type\\\": \\\"Asset\\\",\\n    \\\"properties\\\": {\\n        \\\"id\\\": \\\"asset-2\\\",\\n        \\\"description\\\": \\\"MXD Asset 2: this Asset is available to holders of the DataExchangeGovernance credential\\\"\\n    },\\n    \\\"dataAddress\\\": {\\n        \\\"@type\\\": \\\"DataAddress\\\",\\n        \\\"type\\\": \\\"HttpData\\\",\\n        \\\"baseUrl\\\": \\\"http://data-service-api:8080/v1/data\\\",\\n        \\\"proxyPath\\\": \\\"true\\\",\\n        \\\"proxyQueryParams\\\": \\\"true\\\"\\n    }\\n}\",\n\t\t\t\t\t\t\t\"options\": {\n\t\t\t\t\t\t\t\t\"raw\": {\n\t\t\t\t\t\t\t\t\t\"language\": \"json\"\n\t\t\t\t\t\t\t\t}\n\t\t\t\t\t\t\t}\n\t\t\t\t\t\t},\n\t\t\t\t\t\t\"url\": {\n\t\t\t\t\t\t\t\"raw\": \"{{MANAGEMENT_URL}}/v3/assets\",\n\t\t\t\t\t\t\t\"host\": [\n\t\t\t\t\t\t\t\t\"{{MANAGEMENT_URL}}\"\n\t\t\t\t\t\t\t],\n\t\t\t\t\t\t\t\"path\": [\n\t\t\t\t\t\t\t\t\"v3\",\n\t\t\t\t\t\t\t\t\"assets\"\n\t\t\t\t\t\t\t]\n\t\t\t\t\t\t}\n\t\t\t\t\t},\n\t\t\t\t\t\"response\": []\n\t\t\t\t},\n\t\t\t\t{\n\t\t\t\t\t\"name\": \"Create Asset 3\",\n\t\t\t\t\t\"event\": [\n\t\t\t\t\t\t{\n\t\t\t\t\t\t\t\"listen\": \"test\",\n\t\t\t\t\t\t\t\"script\": {\n\t\t\t\t\t\t\t\t\"exec\": [\n\t\t\t\t\t\t\t\t\t\"pm.test(\\\"Status code is 204 No Content (if new asset) or 409 Conflict (if asset already exists)\\\", function () {\",\n\t\t\t\t\t\t\t\t\t\"    pm.expect(pm.response.code).to.be.oneOf([200, 204, 409])\",\n\t\t\t\t\t\t\t\t\t\"});\"\n\t\t\t\t\t\t\t\t],\n\t\t\t\t\t\t\t\t\"type\": \"text/javascript\",\n\t\t\t\t\t\t\t\t\"packages\": {}\n\t\t\t\t\t\t\t}\n\t\t\t\t\t\t},\n\t\t\t\t\t\t{\n\t\t\t\t\t\t\t\"listen\": \"prerequest\",\n\t\t\t\t\t\t\t\"script\": {\n\t\t\t\t\t\t\t\t\"exec\": [\n\t\t\t\t\t\t\t\t\t\"\"\n\t\t\t\t\t\t\t\t],\n\t\t\t\t\t\t\t\t\"type\": \"text/javascript\",\n\t\t\t\t\t\t\t\t\"packages\": {}\n\t\t\t\t\t\t\t}\n\t\t\t\t\t\t}\n\t\t\t\t\t],\n\t\t\t\t\t\"request\": {\n\t\t\t\t\t\t\"method\": \"POST\",\n\t\t\t\t\t\t\"header\": [],\n\t\t\t\t\t\t\"body\": {\n\t\t\t\t\t\t\t\"mode\": \"raw\",\n\t\t\t\t\t\t\t\"raw\": \"{\\n  \\\"@context\\\": {},\\n  \\\"properties\\\": {\\n    \\\"id\\\": \\\"asset-3\\\",\\n    \\\"description\\\": \\\"MXD Asset 3: this Demo Asset is only available to holders of the Dismantler credential\\\"\\n  },\\n  \\\"dataAddress\\\": {\\n    \\\"@type\\\": \\\"DataAddress\\\",\\n    \\\"type\\\": \\\"HttpData\\\",\\n    \\\"baseUrl\\\": \\\"http://data-service-api:8080/v1/data\\\",\\n    \\\"proxyPath\\\": \\\"true\\\",\\n    \\\"proxyQueryParams\\\": \\\"true\\\"\\n  }\\n}\",\n\t\t\t\t\t\t\t\"options\": {\n\t\t\t\t\t\t\t\t\"raw\": {\n\t\t\t\t\t\t\t\t\t\"language\": \"json\"\n\t\t\t\t\t\t\t\t}\n\t\t\t\t\t\t\t}\n\t\t\t\t\t\t},\n\t\t\t\t\t\t\"url\": {\n\t\t\t\t\t\t\t\"raw\": \"{{MANAGEMENT_URL}}/v3/assets\",\n\t\t\t\t\t\t\t\"host\": [\n\t\t\t\t\t\t\t\t\"{{MANAGEMENT_URL}}\"\n\t\t\t\t\t\t\t],\n\t\t\t\t\t\t\t\"path\": [\n\t\t\t\t\t\t\t\t\"v3\",\n\t\t\t\t\t\t\t\t\"assets\"\n\t\t\t\t\t\t\t]\n\t\t\t\t\t\t}\n\t\t\t\t\t},\n\t\t\t\t\t\"response\": []\n\t\t\t\t},\n\t\t\t\t{\n\t\t\t\t\t\"name\": \"Create \\\"Membership\\\" policy\",\n\t\t\t\t\t\"event\": [\n\t\t\t\t\t\t{\n\t\t\t\t\t\t\t\"listen\": \"test\",\n\t\t\t\t\t\t\t\"script\": {\n\t\t\t\t\t\t\t\t\"exec\": [\n\t\t\t\t\t\t\t\t\t\"pm.test(\\\"Status code is 204 No Content (if new policy) or 409 Conflict (if policy already exists)\\\", function () {\",\n\t\t\t\t\t\t\t\t\t\"    pm.expect(pm.response.code).to.be.oneOf([200, 204, 409])\",\n\t\t\t\t\t\t\t\t\t\"});\"\n\t\t\t\t\t\t\t\t],\n\t\t\t\t\t\t\t\t\"type\": \"text/javascript\",\n\t\t\t\t\t\t\t\t\"packages\": {}\n\t\t\t\t\t\t\t}\n\t\t\t\t\t\t},\n\t\t\t\t\t\t{\n\t\t\t\t\t\t\t\"listen\": \"prerequest\",\n\t\t\t\t\t\t\t\"script\": {\n\t\t\t\t\t\t\t\t\"exec\": [\n\t\t\t\t\t\t\t\t\t\"\"\n\t\t\t\t\t\t\t\t],\n\t\t\t\t\t\t\t\t\"type\": \"text/javascript\",\n\t\t\t\t\t\t\t\t\"packages\": {}\n\t\t\t\t\t\t\t}\n\t\t\t\t\t\t}\n\t\t\t\t\t],\n\t\t\t\t\t\"request\": {\n\t\t\t\t\t\t\"method\": \"POST\",\n\t\t\t\t\t\t\"header\": [],\n\t\t\t\t\t\t\"body\": {\n\t\t\t\t\t\t\t\"mode\": \"raw\",\n\t\t\t\t\t\t\t\"raw\": \"{\\n    \\\"@context\\\": [\\n        {\\n            \\\"@vocab\\\": \\\"https://w3id.org/edc/v0.0.1/ns/\\\"\\n        },\\n        \\\"https://w3id.org/tractusx/policy/v1.0.0\\\",\\n        \\\"http://www.w3.org/ns/odrl.jsonld\\\"\\n    ],\\n    \\\"@type\\\": \\\"PolicyDefinitionRequestDto\\\",\\n    \\\"@id\\\": \\\"require-membership\\\",\\n    \\\"policy\\\": {\\n        \\\"@type\\\": \\\"http://www.w3.org/ns/odrl/2/Set\\\",\\n        \\\"permission\\\": [\\n            {\\n                \\\"action\\\": \\\"use\\\",\\n                \\\"constraint\\\": {\\n                    \\\"@type\\\": \\\"LogicalConstraint\\\",\\n                    \\\"leftOperand\\\": \\\"Membership\\\",\\n                    \\\"operator\\\": \\\"eq\\\",\\n                    \\\"rightOperand\\\": \\\"active\\\"\\n                }\\n            }\\n        ]\\n    }\\n}\",\n\t\t\t\t\t\t\t\"options\": {\n\t\t\t\t\t\t\t\t\"raw\": {\n\t\t\t\t\t\t\t\t\t\"language\": \"json\"\n\t\t\t\t\t\t\t\t}\n\t\t\t\t\t\t\t}\n\t\t\t\t\t\t},\n\t\t\t\t\t\t\"url\": {\n\t\t\t\t\t\t\t\"raw\": \"{{MANAGEMENT_URL}}/v3/policydefinitions\",\n\t\t\t\t\t\t\t\"host\": [\n\t\t\t\t\t\t\t\t\"{{MANAGEMENT_URL}}\"\n\t\t\t\t\t\t\t],\n\t\t\t\t\t\t\t\"path\": [\n\t\t\t\t\t\t\t\t\"v3\",\n\t\t\t\t\t\t\t\t\"policydefinitions\"\n\t\t\t\t\t\t\t]\n\t\t\t\t\t\t}\n\t\t\t\t\t},\n\t\t\t\t\t\"response\": []\n\t\t\t\t},\n\t\t\t\t{\n\t\t\t\t\t\"name\": \"Create \\\"Data Ex Gov\\\" policy\",\n\t\t\t\t\t\"event\": [\n\t\t\t\t\t\t{\n\t\t\t\t\t\t\t\"listen\": \"test\",\n\t\t\t\t\t\t\t\"script\": {\n\t\t\t\t\t\t\t\t\"exec\": [\n\t\t\t\t\t\t\t\t\t\"pm.test(\\\"Status code is 204 No Content (if new policy) or 409 Conflict (if policy already exists)\\\", function () {\",\n\t\t\t\t\t\t\t\t\t\"    pm.expect(pm.response.code).to.be.oneOf([200, 204, 409])\",\n\t\t\t\t\t\t\t\t\t\"});\"\n\t\t\t\t\t\t\t\t],\n\t\t\t\t\t\t\t\t\"type\": \"text/javascript\",\n\t\t\t\t\t\t\t\t\"packages\": {}\n\t\t\t\t\t\t\t}\n\t\t\t\t\t\t},\n\t\t\t\t\t\t{\n\t\t\t\t\t\t\t\"listen\": \"prerequest\",\n\t\t\t\t\t\t\t\"script\": {\n\t\t\t\t\t\t\t\t\"exec\": [\n\t\t\t\t\t\t\t\t\t\"\"\n\t\t\t\t\t\t\t\t],\n\t\t\t\t\t\t\t\t\"type\": \"text/javascript\",\n\t\t\t\t\t\t\t\t\"packages\": {}\n\t\t\t\t\t\t\t}\n\t\t\t\t\t\t}\n\t\t\t\t\t],\n\t\t\t\t\t\"request\": {\n\t\t\t\t\t\t\"method\": \"POST\",\n\t\t\t\t\t\t\"header\": [],\n\t\t\t\t\t\t\"body\": {\n\t\t\t\t\t\t\t\"mode\": \"raw\",\n\t\t\t\t\t\t\t\"raw\": \"{\\n    \\\"@context\\\": [\\n        {\\n            \\\"@vocab\\\": \\\"https://w3id.org/edc/v0.0.1/ns/\\\"\\n        },\\n        \\\"https://w3id.org/tractusx/policy/v1.0.0\\\",\\n        \\\"http://www.w3.org/ns/odrl.jsonld\\\"\\n    ],\\n    \\\"@type\\\": \\\"PolicyDefinitionRequestDto\\\",\\n    \\\"@id\\\": \\\"require-deg\\\",\\n    \\\"policy\\\": {\\n        \\\"@type\\\": \\\"http://www.w3.org/ns/odrl/2/Set\\\",\\n        \\\"permission\\\": [\\n            {\\n                \\\"action\\\": \\\"use\\\",\\n                \\\"constraint\\\": {\\n                    \\\"@type\\\": \\\"LogicalConstraint\\\",\\n                    \\\"leftOperand\\\": \\\"FrameworkAgreement\\\",\\n                    \\\"operator\\\": \\\"eq\\\",\\n                    \\\"rightOperand\\\": \\\"DataExchangeGovernance\\\"\\n                }\\n            }\\n        ]\\n    }\\n}\",\n\t\t\t\t\t\t\t\"options\": {\n\t\t\t\t\t\t\t\t\"raw\": {\n\t\t\t\t\t\t\t\t\t\"language\": \"json\"\n\t\t\t\t\t\t\t\t}\n\t\t\t\t\t\t\t}\n\t\t\t\t\t\t},\n\t\t\t\t\t\t\"url\": {\n\t\t\t\t\t\t\t\"raw\": \"{{MANAGEMENT_URL}}/v3/policydefinitions\",\n\t\t\t\t\t\t\t\"host\": [\n\t\t\t\t\t\t\t\t\"{{MANAGEMENT_URL}}\"\n\t\t\t\t\t\t\t],\n\t\t\t\t\t\t\t\"path\": [\n\t\t\t\t\t\t\t\t\"v3\",\n\t\t\t\t\t\t\t\t\"policydefinitions\"\n\t\t\t\t\t\t\t]\n\t\t\t\t\t\t}\n\t\t\t\t\t},\n\t\t\t\t\t\"response\": []\n\t\t\t\t},\n\t\t\t\t{\n\t\t\t\t\t\"name\": \"Create \\\"Dismantler\\\" policy\",\n\t\t\t\t\t\"event\": [\n\t\t\t\t\t\t{\n\t\t\t\t\t\t\t\"listen\": \"test\",\n\t\t\t\t\t\t\t\"script\": {\n\t\t\t\t\t\t\t\t\"exec\": [\n\t\t\t\t\t\t\t\t\t\"pm.test(\\\"Status code is 204 No Content (if new policy) or 409 Conflict (if policy already exists)\\\", function () {\",\n\t\t\t\t\t\t\t\t\t\"    pm.expect(pm.response.code).to.be.oneOf([200, 204, 409])\",\n\t\t\t\t\t\t\t\t\t\"});\"\n\t\t\t\t\t\t\t\t],\n\t\t\t\t\t\t\t\t\"type\": \"text/javascript\",\n\t\t\t\t\t\t\t\t\"packages\": {}\n\t\t\t\t\t\t\t}\n\t\t\t\t\t\t},\n\t\t\t\t\t\t{\n\t\t\t\t\t\t\t\"listen\": \"prerequest\",\n\t\t\t\t\t\t\t\"script\": {\n\t\t\t\t\t\t\t\t\"exec\": [\n\t\t\t\t\t\t\t\t\t\"\"\n\t\t\t\t\t\t\t\t],\n\t\t\t\t\t\t\t\t\"type\": \"text/javascript\",\n\t\t\t\t\t\t\t\t\"packages\": {}\n\t\t\t\t\t\t\t}\n\t\t\t\t\t\t}\n\t\t\t\t\t],\n\t\t\t\t\t\"request\": {\n\t\t\t\t\t\t\"method\": \"POST\",\n\t\t\t\t\t\t\"header\": [],\n\t\t\t\t\t\t\"body\": {\n\t\t\t\t\t\t\t\"mode\": \"raw\",\n\t\t\t\t\t\t\t\"raw\": \"{\\n    \\\"@context\\\": [\\n        {\\n            \\\"@vocab\\\": \\\"https://w3id.org/edc/v0.0.1/ns/\\\"\\n        },\\n        \\\"https://w3id.org/tractusx/policy/v1.0.0\\\",\\n        \\\"http://www.w3.org/ns/odrl.jsonld\\\"\\n    ],\\n    \\\"@type\\\": \\\"PolicyDefinitionRequestDto\\\",\\n    \\\"@id\\\": \\\"require-dismantler\\\",\\n    \\\"policy\\\": {\\n        \\\"@type\\\": \\\"http://www.w3.org/ns/odrl/2/Set\\\",\\n        \\\"permission\\\": [\\n            {\\n                \\\"action\\\": \\\"use\\\",\\n                \\\"constraint\\\": {\\n                    \\\"@type\\\": \\\"LogicalConstraint\\\",\\n                    \\\"leftOperand\\\": \\\"Dismantler\\\",\\n                    \\\"operator\\\": \\\"eq\\\",\\n                    \\\"rightOperand\\\": \\\"active\\\"\\n                }\\n            }\\n        ]\\n    }\\n}\",\n\t\t\t\t\t\t\t\"options\": {\n\t\t\t\t\t\t\t\t\"raw\": {\n\t\t\t\t\t\t\t\t\t\"language\": \"json\"\n\t\t\t\t\t\t\t\t}\n\t\t\t\t\t\t\t}\n\t\t\t\t\t\t},\n\t\t\t\t\t\t\"url\": {\n\t\t\t\t\t\t\t\"raw\": \"{{MANAGEMENT_URL}}/v3/policydefinitions\",\n\t\t\t\t\t\t\t\"host\": [\n\t\t\t\t\t\t\t\t\"{{MANAGEMENT_URL}}\"\n\t\t\t\t\t\t\t],\n\t\t\t\t\t\t\t\"path\": [\n\t\t\t\t\t\t\t\t\"v3\",\n\t\t\t\t\t\t\t\t\"policydefinitions\"\n\t\t\t\t\t\t\t]\n\t\t\t\t\t\t}\n\t\t\t\t\t},\n\t\t\t\t\t\"response\": []\n\t\t\t\t},\n\t\t\t\t{\n\t\t\t\t\t\"name\": \"Create Contract Definition 1\",\n\t\t\t\t\t\"event\": [\n\t\t\t\t\t\t{\n\t\t\t\t\t\t\t\"listen\": \"test\",\n\t\t\t\t\t\t\t\"script\": {\n\t\t\t\t\t\t\t\t\"exec\": [\n\t\t\t\t\t\t\t\t\t\"pm.test(\\\"Status code is 204 No Content (if new contract definition) or 409 Conflict (if contract deifinition already exists)\\\", function () {\",\n\t\t\t\t\t\t\t\t\t\"    pm.expect(pm.response.code).to.be.oneOf([200, 204, 409])\",\n\t\t\t\t\t\t\t\t\t\"});\"\n\t\t\t\t\t\t\t\t],\n\t\t\t\t\t\t\t\t\"type\": \"text/javascript\",\n\t\t\t\t\t\t\t\t\"packages\": {}\n\t\t\t\t\t\t\t}\n\t\t\t\t\t\t},\n\t\t\t\t\t\t{\n\t\t\t\t\t\t\t\"listen\": \"prerequest\",\n\t\t\t\t\t\t\t\"script\": {\n\t\t\t\t\t\t\t\t\"exec\": [\n\t\t\t\t\t\t\t\t\t\"\"\n\t\t\t\t\t\t\t\t],\n\t\t\t\t\t\t\t\t\"type\": \"text/javascript\",\n\t\t\t\t\t\t\t\t\"packages\": {}\n\t\t\t\t\t\t\t}\n\t\t\t\t\t\t}\n\t\t\t\t\t],\n\t\t\t\t\t\"request\": {\n\t\t\t\t\t\t\"method\": \"POST\",\n\t\t\t\t\t\t\"header\": [],\n\t\t\t\t\t\t\"body\": {\n\t\t\t\t\t\t\t\"mode\": \"raw\",\n\t\t\t\t\t\t\t\"raw\": \"{\\n    \\\"@context\\\": [\\n        \\\"https://w3id.org/edc/connector/management/v0.0.1\\\"\\n    ],\\n    \\\"@id\\\": \\\"1\\\",\\n    \\\"@type\\\": \\\"ContractDefinition\\\",\\n    \\\"accessPolicyId\\\": \\\"require-membership\\\",\\n    \\\"contractPolicyId\\\": \\\"require-membership\\\",\\n    \\\"assetsSelector\\\" : {\\n        \\\"@type\\\" : \\\"CriterionDto\\\",\\n        \\\"operandLeft\\\": \\\"https://w3id.org/edc/v0.0.1/ns/id\\\",\\n        \\\"operator\\\": \\\"in\\\",\\n        \\\"operandRight\\\": [\\\"asset-1\\\", \\\"asset-2\\\"]\\n    }\\n}\",\n\t\t\t\t\t\t\t\"options\": {\n\t\t\t\t\t\t\t\t\"raw\": {\n\t\t\t\t\t\t\t\t\t\"language\": \"json\"\n\t\t\t\t\t\t\t\t}\n\t\t\t\t\t\t\t}\n\t\t\t\t\t\t},\n\t\t\t\t\t\t\"url\": {\n\t\t\t\t\t\t\t\"raw\": \"{{MANAGEMENT_URL}}/v3/contractdefinitions\",\n\t\t\t\t\t\t\t\"host\": [\n\t\t\t\t\t\t\t\t\"{{MANAGEMENT_URL}}\"\n\t\t\t\t\t\t\t],\n\t\t\t\t\t\t\t\"path\": [\n\t\t\t\t\t\t\t\t\"v3\",\n\t\t\t\t\t\t\t\t\"contractdefinitions\"\n\t\t\t\t\t\t\t]\n\t\t\t\t\t\t}\n\t\t\t\t\t},\n\t\t\t\t\t\"response\": []\n\t\t\t\t},\n\t\t\t\t{\n\t\t\t\t\t\"name\": \"Create Contract Definition 2\",\n\t\t\t\t\t\"event\": [\n\t\t\t\t\t\t{\n\t\t\t\t\t\t\t\"listen\": \"test\",\n\t\t\t\t\t\t\t\"script\": {\n\t\t\t\t\t\t\t\t\"exec\": [\n\t\t\t\t\t\t\t\t\t\"pm.test(\\\"Status code is 204 No Content (if new contract definition) or 409 Conflict (if contract deifinition already exists)\\\", function () {\",\n\t\t\t\t\t\t\t\t\t\"    pm.expect(pm.response.code).to.be.oneOf([200, 204, 409])\",\n\t\t\t\t\t\t\t\t\t\"});\"\n\t\t\t\t\t\t\t\t],\n\t\t\t\t\t\t\t\t\"type\": \"text/javascript\",\n\t\t\t\t\t\t\t\t\"packages\": {}\n\t\t\t\t\t\t\t}\n\t\t\t\t\t\t},\n\t\t\t\t\t\t{\n\t\t\t\t\t\t\t\"listen\": \"prerequest\",\n\t\t\t\t\t\t\t\"script\": {\n\t\t\t\t\t\t\t\t\"exec\": [\n\t\t\t\t\t\t\t\t\t\"\"\n\t\t\t\t\t\t\t\t],\n\t\t\t\t\t\t\t\t\"type\": \"text/javascript\",\n\t\t\t\t\t\t\t\t\"packages\": {}\n\t\t\t\t\t\t\t}\n\t\t\t\t\t\t}\n\t\t\t\t\t],\n\t\t\t\t\t\"request\": {\n\t\t\t\t\t\t\"method\": \"POST\",\n\t\t\t\t\t\t\"header\": [],\n\t\t\t\t\t\t\"body\": {\n\t\t\t\t\t\t\t\"mode\": \"raw\",\n\t\t\t\t\t\t\t\"raw\": \"{\\n    \\\"@context\\\": [\\n        \\\"https://w3id.org/edc/connector/management/v0.0.1\\\"\\n    ],\\n    \\\"@id\\\": \\\"3\\\",\\n    \\\"@type\\\": \\\"ContractDefinition\\\",\\n    \\\"accessPolicyId\\\": \\\"require-membership\\\",\\n    \\\"contractPolicyId\\\": \\\"require-dismantler\\\",\\n    \\\"assetsSelector\\\" : {\\n        \\\"@type\\\" : \\\"CriterionDto\\\",\\n        \\\"operandLeft\\\": \\\"https://w3id.org/edc/v0.0.1/ns/id\\\",\\n        \\\"operator\\\": \\\"=\\\",\\n        \\\"operandRight\\\": \\\"asset-3\\\"\\n    }\\n}\",\n\t\t\t\t\t\t\t\"options\": {\n\t\t\t\t\t\t\t\t\"raw\": {\n\t\t\t\t\t\t\t\t\t\"language\": \"json\"\n\t\t\t\t\t\t\t\t}\n\t\t\t\t\t\t\t}\n\t\t\t\t\t\t},\n\t\t\t\t\t\t\"url\": {\n\t\t\t\t\t\t\t\"raw\": \"{{MANAGEMENT_URL}}/v3/contractdefinitions\",\n\t\t\t\t\t\t\t\"host\": [\n\t\t\t\t\t\t\t\t\"{{MANAGEMENT_URL}}\"\n\t\t\t\t\t\t\t],\n\t\t\t\t\t\t\t\"path\": [\n\t\t\t\t\t\t\t\t\"v3\",\n\t\t\t\t\t\t\t\t\"contractdefinitions\"\n\t\t\t\t\t\t\t]\n\t\t\t\t\t\t}\n\t\t\t\t\t},\n\t\t\t\t\t\"response\": []\n\t\t\t\t}\n\t\t\t],\n\t\t\t\"event\": [\n\t\t\t\t{\n\t\t\t\t\t\"listen\": \"prerequest\",\n\t\t\t\t\t\"script\": {\n\t\t\t\t\t\t\"type\": \"text/javascript\",\n\t\t\t\t\t\t\"exec\": [\n\t\t\t\t\t\t\t\"\"\n\t\t\t\t\t\t]\n\t\t\t\t\t}\n\t\t\t\t},\n\t\t\t\t{\n\t\t\t\t\t\"listen\": \"test\",\n\t\t\t\t\t\"script\": {\n\t\t\t\t\t\t\"type\": \"text/javascript\",\n\t\t\t\t\t\t\"exec\": [\n\t\t\t\t\t\t\t\"\"\n\t\t\t\t\t\t]\n\t\t\t\t\t}\n\t\t\t\t}\n\t\t\t]\n\t\t},\n\t\t{\n\t\t\t\"name\": \"SeedCatalogServer\",\n\t\t\t\"item\": [\n\t\t\t\t{\n\t\t\t\t\t\"name\": \"Create CatalogAsset\",\n\t\t\t\t\t\"event\": [\n\t\t\t\t\t\t{\n\t\t\t\t\t\t\t\"listen\": \"test\",\n\t\t\t\t\t\t\t\"script\": {\n\t\t\t\t\t\t\t\t\"exec\": [\n\t\t\t\t\t\t\t\t\t\"pm.test(\\\"Status code is 204 No Content (if new asset) or 409 Conflict (if asset already exists)\\\", function () {\",\n\t\t\t\t\t\t\t\t\t\"    pm.expect(pm.response.code).to.be.oneOf([200, 204, 409])\",\n\t\t\t\t\t\t\t\t\t\"});\"\n\t\t\t\t\t\t\t\t],\n\t\t\t\t\t\t\t\t\"type\": \"text/javascript\",\n\t\t\t\t\t\t\t\t\"packages\": {}\n\t\t\t\t\t\t\t}\n\t\t\t\t\t\t},\n\t\t\t\t\t\t{\n\t\t\t\t\t\t\t\"listen\": \"prerequest\",\n\t\t\t\t\t\t\t\"script\": {\n\t\t\t\t\t\t\t\t\"exec\": [\n\t\t\t\t\t\t\t\t\t\"\"\n\t\t\t\t\t\t\t\t],\n\t\t\t\t\t\t\t\t\"type\": \"text/javascript\",\n\t\t\t\t\t\t\t\t\"packages\": {}\n\t\t\t\t\t\t\t}\n\t\t\t\t\t\t}\n\t\t\t\t\t],\n\t\t\t\t\t\"request\": {\n\t\t\t\t\t\t\"method\": \"POST\",\n\t\t\t\t\t\t\"header\": [],\n\t\t\t\t\t\t\"body\": {\n\t\t\t\t\t\t\t\"mode\": \"raw\",\n\t\t\t\t\t\t\t\"raw\": \"{\\n    \\\"@context\\\": [\\n        \\\"https://w3id.org/edc/connector/management/v0.0.1\\\"\\n    ],\\n    \\\"@id\\\": \\\"linked-asset-1\\\",\\n    \\\"@type\\\": \\\"CatalogAsset\\\",\\n    \\\"properties\\\": {\\n        \\\"description\\\": \\\"This is a linked asset that points to the catalog of the ALICE connector.\\\",\\n        \\\"isCatalog\\\": \\\"true\\\"\\n    },\\n    \\\"dataAddress\\\": {\\n        \\\"@type\\\": \\\"DataAddress\\\",\\n        \\\"type\\\": \\\"HttpData\\\",\\n        \\\"baseUrl\\\": \\\"{{PROVIDER_DSP_ENDPOINT}}\\\"\\n    }\\n}\",\n\t\t\t\t\t\t\t\"options\": {\n\t\t\t\t\t\t\t\t\"raw\": {\n\t\t\t\t\t\t\t\t\t\"language\": \"json\"\n\t\t\t\t\t\t\t\t}\n\t\t\t\t\t\t\t}\n\t\t\t\t\t\t},\n\t\t\t\t\t\t\"url\": {\n\t\t\t\t\t\t\t\"raw\": \"{{MANAGEMENT_URL}}/v3/assets\",\n\t\t\t\t\t\t\t\"host\": [\n\t\t\t\t\t\t\t\t\"{{MANAGEMENT_URL}}\"\n\t\t\t\t\t\t\t],\n\t\t\t\t\t\t\t\"path\": [\n\t\t\t\t\t\t\t\t\"v3\",\n\t\t\t\t\t\t\t\t\"assets\"\n\t\t\t\t\t\t\t]\n\t\t\t\t\t\t}\n\t\t\t\t\t},\n\t\t\t\t\t\"response\": []\n\t\t\t\t},\n\t\t\t\t{\n\t\t\t\t\t\"name\": \"Create Asset 1\",\n\t\t\t\t\t\"event\": [\n\t\t\t\t\t\t{\n\t\t\t\t\t\t\t\"listen\": \"test\",\n\t\t\t\t\t\t\t\"script\": {\n\t\t\t\t\t\t\t\t\"exec\": [\n\t\t\t\t\t\t\t\t\t\"pm.test(\\\"Status code is 204 No Content (if new asset) or 409 Conflict (if asset already exists)\\\", function () {\",\n\t\t\t\t\t\t\t\t\t\"    pm.expect(pm.response.code).to.be.oneOf([200, 204, 409])\",\n\t\t\t\t\t\t\t\t\t\"});\"\n\t\t\t\t\t\t\t\t],\n\t\t\t\t\t\t\t\t\"type\": \"text/javascript\",\n\t\t\t\t\t\t\t\t\"packages\": {}\n\t\t\t\t\t\t\t}\n\t\t\t\t\t\t},\n\t\t\t\t\t\t{\n\t\t\t\t\t\t\t\"listen\": \"prerequest\",\n\t\t\t\t\t\t\t\"script\": {\n\t\t\t\t\t\t\t\t\"exec\": [\n\t\t\t\t\t\t\t\t\t\"\"\n\t\t\t\t\t\t\t\t],\n\t\t\t\t\t\t\t\t\"type\": \"text/javascript\",\n\t\t\t\t\t\t\t\t\"packages\": {}\n\t\t\t\t\t\t\t}\n\t\t\t\t\t\t}\n\t\t\t\t\t],\n\t\t\t\t\t\"request\": {\n\t\t\t\t\t\t\"method\": \"POST\",\n\t\t\t\t\t\t\"header\": [],\n\t\t\t\t\t\t\"body\": {\n\t\t\t\t\t\t\t\"mode\": \"raw\",\n\t\t\t\t\t\t\t\"raw\": \"{\\n    \\\"@context\\\": [\\n        \\\"https://w3id.org/edc/connector/management/v0.0.1\\\"\\n    ],\\n    \\\"@type\\\": \\\"Asset\\\",\\n    \\\"@id\\\": \\\"asset-1\\\",\\n    \\\"properties\\\": {\\n        \\\"id\\\": \\\"asset-1\\\",\\n        \\\"description\\\": \\\"Normal Asset on the Catalog Server\\\"\\n    },\\n    \\\"dataAddress\\\": {\\n        \\\"@type\\\": \\\"DataAddress\\\",\\n        \\\"type\\\": \\\"HttpData\\\",\\n        \\\"baseUrl\\\": \\\"http://data-service-api:8080/v1/data\\\",\\n        \\\"proxyPath\\\": \\\"true\\\",\\n        \\\"proxyQueryParams\\\": \\\"true\\\"\\n    }\\n}\",\n\t\t\t\t\t\t\t\"options\": {\n\t\t\t\t\t\t\t\t\"raw\": {\n\t\t\t\t\t\t\t\t\t\"language\": \"json\"\n\t\t\t\t\t\t\t\t}\n\t\t\t\t\t\t\t}\n\t\t\t\t\t\t},\n\t\t\t\t\t\t\"url\": {\n\t\t\t\t\t\t\t\"raw\": \"{{MANAGEMENT_URL}}/v3/assets\",\n\t\t\t\t\t\t\t\"host\": [\n\t\t\t\t\t\t\t\t\"{{MANAGEMENT_URL}}\"\n\t\t\t\t\t\t\t],\n\t\t\t\t\t\t\t\"path\": [\n\t\t\t\t\t\t\t\t\"v3\",\n\t\t\t\t\t\t\t\t\"assets\"\n\t\t\t\t\t\t\t]\n\t\t\t\t\t\t}\n\t\t\t\t\t},\n\t\t\t\t\t\"response\": []\n\t\t\t\t},\n\t\t\t\t{\n\t\t\t\t\t\"name\": \"Create \\\"Membership\\\" policy\",\n\t\t\t\t\t\"event\": [\n\t\t\t\t\t\t{\n\t\t\t\t\t\t\t\"listen\": \"test\",\n\t\t\t\t\t\t\t\"script\": {\n\t\t\t\t\t\t\t\t\"exec\": [\n\t\t\t\t\t\t\t\t\t\"pm.test(\\\"Status code is 204 No Content (if new policy) or 409 Conflict (if policy already exists)\\\", function () {\",\n\t\t\t\t\t\t\t\t\t\"    pm.expect(pm.response.code).to.be.oneOf([200, 204, 409])\",\n\t\t\t\t\t\t\t\t\t\"});\"\n\t\t\t\t\t\t\t\t],\n\t\t\t\t\t\t\t\t\"type\": \"text/javascript\",\n\t\t\t\t\t\t\t\t\"packages\": {}\n\t\t\t\t\t\t\t}\n\t\t\t\t\t\t},\n\t\t\t\t\t\t{\n\t\t\t\t\t\t\t\"listen\": \"prerequest\",\n\t\t\t\t\t\t\t\"script\": {\n\t\t\t\t\t\t\t\t\"exec\": [\n\t\t\t\t\t\t\t\t\t\"\"\n\t\t\t\t\t\t\t\t],\n\t\t\t\t\t\t\t\t\"type\": \"text/javascript\",\n\t\t\t\t\t\t\t\t\"packages\": {}\n\t\t\t\t\t\t\t}\n\t\t\t\t\t\t}\n\t\t\t\t\t],\n\t\t\t\t\t\"request\": {\n\t\t\t\t\t\t\"method\": \"POST\",\n\t\t\t\t\t\t\"header\": [],\n\t\t\t\t\t\t\"body\": {\n\t\t\t\t\t\t\t\"mode\": \"raw\",\n\t\t\t\t\t\t\t\"raw\": \"{\\n    \\\"@context\\\": [\\n        \\\"https://w3id.org/edc/connector/management/v0.0.1\\\"\\n    ],\\n    \\\"@type\\\": \\\"PolicyDefinition\\\",\\n    \\\"@id\\\": \\\"require-membership\\\",\\n    \\\"policy\\\": {\\n        \\\"@type\\\": \\\"http://www.w3.org/ns/odrl/2/Set\\\",\\n        \\\"permission\\\": [\\n            {\\n                \\\"action\\\": \\\"use\\\",\\n                \\\"constraint\\\": {\\n                    \\\"@type\\\": \\\"LogicalConstraint\\\",\\n                    \\\"leftOperand\\\": \\\"Membership\\\",\\n                    \\\"operator\\\": \\\"eq\\\",\\n                    \\\"rightOperand\\\": \\\"active\\\"\\n                }\\n            }\\n        ]\\n    }\\n}\",\n\t\t\t\t\t\t\t\"options\": {\n\t\t\t\t\t\t\t\t\"raw\": {\n\t\t\t\t\t\t\t\t\t\"language\": \"json\"\n\t\t\t\t\t\t\t\t}\n\t\t\t\t\t\t\t}\n\t\t\t\t\t\t},\n\t\t\t\t\t\t\"url\": {\n\t\t\t\t\t\t\t\"raw\": \"{{MANAGEMENT_URL}}/v3/policydefinitions\",\n\t\t\t\t\t\t\t\"host\": [\n\t\t\t\t\t\t\t\t\"{{MANAGEMENT_URL}}\"\n\t\t\t\t\t\t\t],\n\t\t\t\t\t\t\t\"path\": [\n\t\t\t\t\t\t\t\t\"v3\",\n\t\t\t\t\t\t\t\t\"policydefinitions\"\n\t\t\t\t\t\t\t]\n\t\t\t\t\t\t}\n\t\t\t\t\t},\n\t\t\t\t\t\"response\": []\n\t\t\t\t},\n\t\t\t\t{\n\t\t\t\t\t\"name\": \"Create \\\"Data Ex Gov\\\" policy\",\n\t\t\t\t\t\"event\": [\n\t\t\t\t\t\t{\n\t\t\t\t\t\t\t\"listen\": \"test\",\n\t\t\t\t\t\t\t\"script\": {\n\t\t\t\t\t\t\t\t\"exec\": [\n\t\t\t\t\t\t\t\t\t\"pm.test(\\\"Status code is 204 No Content (if new policy) or 409 Conflict (if policy already exists)\\\", function () {\",\n\t\t\t\t\t\t\t\t\t\"    pm.expect(pm.response.code).to.be.oneOf([200, 204, 409])\",\n\t\t\t\t\t\t\t\t\t\"});\"\n\t\t\t\t\t\t\t\t],\n\t\t\t\t\t\t\t\t\"type\": \"text/javascript\",\n\t\t\t\t\t\t\t\t\"packages\": {}\n\t\t\t\t\t\t\t}\n\t\t\t\t\t\t},\n\t\t\t\t\t\t{\n\t\t\t\t\t\t\t\"listen\": \"prerequest\",\n\t\t\t\t\t\t\t\"script\": {\n\t\t\t\t\t\t\t\t\"exec\": [\n\t\t\t\t\t\t\t\t\t\"\"\n\t\t\t\t\t\t\t\t],\n\t\t\t\t\t\t\t\t\"type\": \"text/javascript\",\n\t\t\t\t\t\t\t\t\"packages\": {}\n\t\t\t\t\t\t\t}\n\t\t\t\t\t\t}\n\t\t\t\t\t],\n\t\t\t\t\t\"request\": {\n\t\t\t\t\t\t\"method\": \"POST\",\n\t\t\t\t\t\t\"header\": [],\n\t\t\t\t\t\t\"body\": {\n\t\t\t\t\t\t\t\"mode\": \"raw\",\n\t\t\t\t\t\t\t\"raw\": \"{\\n    \\\"@context\\\": [\\n        \\\"https://w3id.org/edc/connector/management/v0.0.1\\\"\\n    ],\\n    \\\"@type\\\": \\\"PolicyDefinition\\\",\\n    \\\"@id\\\": \\\"require-deg\\\",\\n    \\\"policy\\\": {\\n        \\\"@type\\\": \\\"http://www.w3.org/ns/odrl/2/Set\\\",\\n        \\\"permission\\\": [\\n            {\\n                \\\"action\\\": \\\"use\\\",\\n                \\\"constraint\\\": {\\n                    \\\"@type\\\": \\\"LogicalConstraint\\\",\\n                    \\\"leftOperand\\\": \\\"FrameworkAgreement\\\",\\n                    \\\"operator\\\": \\\"eq\\\",\\n                    \\\"rightOperand\\\": \\\"DataExchangeGovernance\\\"\\n                }\\n            }\\n        ]\\n    }\\n}\",\n\t\t\t\t\t\t\t\"options\": {\n\t\t\t\t\t\t\t\t\"raw\": {\n\t\t\t\t\t\t\t\t\t\"language\": \"json\"\n\t\t\t\t\t\t\t\t}\n\t\t\t\t\t\t\t}\n\t\t\t\t\t\t},\n\t\t\t\t\t\t\"url\": {\n\t\t\t\t\t\t\t\"raw\": \"{{MANAGEMENT_URL}}/v3/policydefinitions\",\n\t\t\t\t\t\t\t\"host\": [\n\t\t\t\t\t\t\t\t\"{{MANAGEMENT_URL}}\"\n\t\t\t\t\t\t\t],\n\t\t\t\t\t\t\t\"path\": [\n\t\t\t\t\t\t\t\t\"v3\",\n\t\t\t\t\t\t\t\t\"policydefinitions\"\n\t\t\t\t\t\t\t]\n\t\t\t\t\t\t}\n\t\t\t\t\t},\n\t\t\t\t\t\"response\": []\n\t\t\t\t},\n\t\t\t\t{\n\t\t\t\t\t\"name\": \"Create Contract Definition 1\",\n\t\t\t\t\t\"event\": [\n\t\t\t\t\t\t{\n\t\t\t\t\t\t\t\"listen\": \"test\",\n\t\t\t\t\t\t\t\"script\": {\n\t\t\t\t\t\t\t\t\"exec\": [\n\t\t\t\t\t\t\t\t\t\"pm.test(\\\"Status code is 204 No Content (if new contract definition) or 409 Conflict (if contract deifinition already exists)\\\", function () {\",\n\t\t\t\t\t\t\t\t\t\"    pm.expect(pm.response.code).to.be.oneOf([200, 204, 409])\",\n\t\t\t\t\t\t\t\t\t\"});\"\n\t\t\t\t\t\t\t\t],\n\t\t\t\t\t\t\t\t\"type\": \"text/javascript\",\n\t\t\t\t\t\t\t\t\"packages\": {}\n\t\t\t\t\t\t\t}\n\t\t\t\t\t\t},\n\t\t\t\t\t\t{\n\t\t\t\t\t\t\t\"listen\": \"prerequest\",\n\t\t\t\t\t\t\t\"script\": {\n\t\t\t\t\t\t\t\t\"exec\": [\n\t\t\t\t\t\t\t\t\t\"\"\n\t\t\t\t\t\t\t\t],\n\t\t\t\t\t\t\t\t\"type\": \"text/javascript\",\n\t\t\t\t\t\t\t\t\"packages\": {}\n\t\t\t\t\t\t\t}\n\t\t\t\t\t\t}\n\t\t\t\t\t],\n\t\t\t\t\t\"request\": {\n\t\t\t\t\t\t\"method\": \"POST\",\n\t\t\t\t\t\t\"header\": [],\n\t\t\t\t\t\t\"body\": {\n\t\t\t\t\t\t\t\"mode\": \"raw\",\n\t\t\t\t\t\t\t\"raw\": \"{\\n    \\\"@context\\\": [\\n        \\\"https://w3id.org/edc/connector/management/v0.0.1\\\"\\n    ],\\n    \\\"@id\\\": \\\"membership-required-def\\\",\\n    \\\"@type\\\": \\\"ContractDefinition\\\",\\n    \\\"accessPolicyId\\\": \\\"require-membership\\\",\\n    \\\"contractPolicyId\\\": \\\"require-deg\\\",\\n    \\\"assetsSelector\\\" : {\\n        \\\"@type\\\" : \\\"CriterionDto\\\",\\n        \\\"operandLeft\\\": \\\"https://w3id.org/edc/v0.0.1/ns/id\\\",\\n        \\\"operator\\\": \\\"in\\\",\\n        \\\"operandRight\\\": [\\\"asset-1\\\", \\\"linked-asset-1\\\"]\\n    }\\n}\",\n\t\t\t\t\t\t\t\"options\": {\n\t\t\t\t\t\t\t\t\"raw\": {\n\t\t\t\t\t\t\t\t\t\"language\": \"json\"\n\t\t\t\t\t\t\t\t}\n\t\t\t\t\t\t\t}\n\t\t\t\t\t\t},\n\t\t\t\t\t\t\"url\": {\n\t\t\t\t\t\t\t\"raw\": \"{{MANAGEMENT_URL}}/v3/contractdefinitions\",\n\t\t\t\t\t\t\t\"host\": [\n\t\t\t\t\t\t\t\t\"{{MANAGEMENT_URL}}\"\n\t\t\t\t\t\t\t],\n\t\t\t\t\t\t\t\"path\": [\n\t\t\t\t\t\t\t\t\"v3\",\n\t\t\t\t\t\t\t\t\"contractdefinitions\"\n\t\t\t\t\t\t\t]\n\t\t\t\t\t\t}\n\t\t\t\t\t},\n\t\t\t\t\t\"response\": []\n\t\t\t\t}\n\t\t\t],\n\t\t\t\"event\": [\n\t\t\t\t{\n\t\t\t\t\t\"listen\": \"prerequest\",\n\t\t\t\t\t\"script\": {\n\t\t\t\t\t\t\"type\": \"text/javascript\",\n\t\t\t\t\t\t\"exec\": [\n\t\t\t\t\t\t\t\"\"\n\t\t\t\t\t\t]\n\t\t\t\t\t}\n\t\t\t\t},\n\t\t\t\t{\n\t\t\t\t\t\"listen\": \"test\",\n\t\t\t\t\t\"script\": {\n\t\t\t\t\t\t\"type\": \"text/javascript\",\n\t\t\t\t\t\t\"exec\": [\n\t\t\t\t\t\t\t\"\"\n\t\t\t\t\t\t]\n\t\t\t\t\t}\n\t\t\t\t}\n\t\t\t]\n\t\t},\n\t\t{\n\t\t\t\"name\": \"SeedBDRS\",\n\t\t\t\"item\": [\n\t\t\t\t{\n\t\t\t\t\t\"name\": \"Create Alice BPN Mapping\",\n\t\t\t\t\t\"event\": [\n\t\t\t\t\t\t{\n\t\t\t\t\t\t\t\"listen\": \"test\",\n\t\t\t\t\t\t\t\"script\": {\n\t\t\t\t\t\t\t\t\"exec\": [\n\t\t\t\t\t\t\t\t\t\"pm.test(\\\"Status code is 204\\\", function () {\",\n\t\t\t\t\t\t\t\t\t\"    pm.response.to.have.status(204);\",\n\t\t\t\t\t\t\t\t\t\"});\"\n\t\t\t\t\t\t\t\t],\n\t\t\t\t\t\t\t\t\"type\": \"text/javascript\",\n\t\t\t\t\t\t\t\t\"packages\": {}\n\t\t\t\t\t\t\t}\n\t\t\t\t\t\t},\n\t\t\t\t\t\t{\n\t\t\t\t\t\t\t\"listen\": \"prerequest\",\n\t\t\t\t\t\t\t\"script\": {\n\t\t\t\t\t\t\t\t\"exec\": [\n\t\t\t\t\t\t\t\t\t\"\"\n\t\t\t\t\t\t\t\t],\n\t\t\t\t\t\t\t\t\"type\": \"text/javascript\",\n\t\t\t\t\t\t\t\t\"packages\": {}\n\t\t\t\t\t\t\t}\n\t\t\t\t\t\t}\n\t\t\t\t\t],\n\t\t\t\t\t\"request\": {\n\t\t\t\t\t\t\"method\": \"POST\",\n\t\t\t\t\t\t\"header\": [],\n\t\t\t\t\t\t\"body\": {\n\t\t\t\t\t\t\t\"mode\": \"raw\",\n\t\t\t\t\t\t\t\"raw\": \"{\\n  \\\"bpn\\\": \\\"{{ALICE_BPN}}\\\",\\n  \\\"did\\\": \\\"{{ALICE_DID}}\\\"\\n}\",\n\t\t\t\t\t\t\t\"options\": {\n\t\t\t\t\t\t\t\t\"raw\": {\n\t\t\t\t\t\t\t\t\t\"language\": \"json\"\n\t\t\t\t\t\t\t\t}\n\t\t\t\t\t\t\t}\n\t\t\t\t\t\t},\n\t\t\t\t\t\t\"url\": {\n\t\t\t\t\t\t\t\"raw\": \"{{BDRS_MGMT_URL}}/bpn-directory\",\n\t\t\t\t\t\t\t\"host\": [\n\t\t\t\t\t\t\t\t\"{{BDRS_MGMT_URL}}\"\n\t\t\t\t\t\t\t],\n\t\t\t\t\t\t\t\"path\": [\n\t\t\t\t\t\t\t\t\"bpn-directory\"\n\t\t\t\t\t\t\t]\n\t\t\t\t\t\t}\n\t\t\t\t\t},\n\t\t\t\t\t\"response\": []\n\t\t\t\t},\n\t\t\t\t{\n\t\t\t\t\t\"name\": \"Create Bob BPN Mapping\",\n\t\t\t\t\t\"event\": [\n\t\t\t\t\t\t{\n\t\t\t\t\t\t\t\"listen\": \"test\",\n\t\t\t\t\t\t\t\"script\": {\n\t\t\t\t\t\t\t\t\"exec\": [\n\t\t\t\t\t\t\t\t\t\"pm.test(\\\"Status code is 204\\\", function () {\",\n\t\t\t\t\t\t\t\t\t\"    pm.response.to.have.status(204);\",\n\t\t\t\t\t\t\t\t\t\"});\"\n\t\t\t\t\t\t\t\t],\n\t\t\t\t\t\t\t\t\"type\": \"text/javascript\",\n\t\t\t\t\t\t\t\t\"packages\": {}\n\t\t\t\t\t\t\t}\n\t\t\t\t\t\t},\n\t\t\t\t\t\t{\n\t\t\t\t\t\t\t\"listen\": \"prerequest\",\n\t\t\t\t\t\t\t\"script\": {\n\t\t\t\t\t\t\t\t\"exec\": [\n\t\t\t\t\t\t\t\t\t\"\"\n\t\t\t\t\t\t\t\t],\n\t\t\t\t\t\t\t\t\"type\": \"text/javascript\",\n\t\t\t\t\t\t\t\t\"packages\": {}\n\t\t\t\t\t\t\t}\n\t\t\t\t\t\t}\n\t\t\t\t\t],\n\t\t\t\t\t\"request\": {\n\t\t\t\t\t\t\"method\": \"POST\",\n\t\t\t\t\t\t\"header\": [],\n\t\t\t\t\t\t\"body\": {\n\t\t\t\t\t\t\t\"mode\": \"raw\",\n\t\t\t\t\t\t\t\"raw\": \"{\\n  \\\"bpn\\\": \\\"{{BOB_BPN}}\\\",\\n  \\\"did\\\": \\\"{{BOB_DID}}\\\"\\n}\",\n\t\t\t\t\t\t\t\"options\": {\n\t\t\t\t\t\t\t\t\"raw\": {\n\t\t\t\t\t\t\t\t\t\"language\": \"json\"\n\t\t\t\t\t\t\t\t}\n\t\t\t\t\t\t\t}\n\t\t\t\t\t\t},\n\t\t\t\t\t\t\"url\": {\n\t\t\t\t\t\t\t\"raw\": \"{{BDRS_MGMT_URL}}/bpn-directory\",\n\t\t\t\t\t\t\t\"host\": [\n\t\t\t\t\t\t\t\t\"{{BDRS_MGMT_URL}}\"\n\t\t\t\t\t\t\t],\n\t\t\t\t\t\t\t\"path\": [\n\t\t\t\t\t\t\t\t\"bpn-directory\"\n\t\t\t\t\t\t\t]\n\t\t\t\t\t\t}\n\t\t\t\t\t},\n\t\t\t\t\t\"response\": []\n\t\t\t\t},\n\t\t\t\t{\n\t\t\t\t\t\"name\": \"Create Trudy BPN Mapping\",\n\t\t\t\t\t\"event\": [\n\t\t\t\t\t\t{\n\t\t\t\t\t\t\t\"listen\": \"test\",\n\t\t\t\t\t\t\t\"script\": {\n\t\t\t\t\t\t\t\t\"exec\": [\n\t\t\t\t\t\t\t\t\t\"pm.test(\\\"Status code is 204\\\", function () {\",\n\t\t\t\t\t\t\t\t\t\"    pm.response.to.have.status(204);\",\n\t\t\t\t\t\t\t\t\t\"});\"\n\t\t\t\t\t\t\t\t],\n\t\t\t\t\t\t\t\t\"type\": \"text/javascript\",\n\t\t\t\t\t\t\t\t\"packages\": {}\n\t\t\t\t\t\t\t}\n\t\t\t\t\t\t},\n\t\t\t\t\t\t{\n\t\t\t\t\t\t\t\"listen\": \"prerequest\",\n\t\t\t\t\t\t\t\"script\": {\n\t\t\t\t\t\t\t\t\"exec\": [\n\t\t\t\t\t\t\t\t\t\"\"\n\t\t\t\t\t\t\t\t],\n\t\t\t\t\t\t\t\t\"type\": \"text/javascript\",\n\t\t\t\t\t\t\t\t\"packages\": {}\n\t\t\t\t\t\t\t}\n\t\t\t\t\t\t}\n\t\t\t\t\t],\n\t\t\t\t\t\"request\": {\n\t\t\t\t\t\t\"method\": \"POST\",\n\t\t\t\t\t\t\"header\": [],\n\t\t\t\t\t\t\"body\": {\n\t\t\t\t\t\t\t\"mode\": \"raw\",\n\t\t\t\t\t\t\t\"raw\": \"{\\n  \\\"bpn\\\": \\\"{{TRUDY_BPN}}\\\",\\n  \\\"did\\\": \\\"{{TRUDY_DID}}\\\"\\n}\",\n\t\t\t\t\t\t\t\"options\": {\n\t\t\t\t\t\t\t\t\"raw\": {\n\t\t\t\t\t\t\t\t\t\"language\": \"json\"\n\t\t\t\t\t\t\t\t}\n\t\t\t\t\t\t\t}\n\t\t\t\t\t\t},\n\t\t\t\t\t\t\"url\": {\n\t\t\t\t\t\t\t\"raw\": \"{{BDRS_MGMT_URL}}/bpn-directory\",\n\t\t\t\t\t\t\t\"host\": [\n\t\t\t\t\t\t\t\t\"{{BDRS_MGMT_URL}}\"\n\t\t\t\t\t\t\t],\n\t\t\t\t\t\t\t\"path\": [\n\t\t\t\t\t\t\t\t\"bpn-directory\"\n\t\t\t\t\t\t\t]\n\t\t\t\t\t\t}\n\t\t\t\t\t},\n\t\t\t\t\t\"response\": []\n\t\t\t\t}\n\t\t\t]\n\t\t},\n\t\t{\n\t\t\t\"name\": \"SeedIH\",\n\t\t\t\"item\": [\n\t\t\t\t{\n\t\t\t\t\t\"name\": \"Create Participant\",\n\t\t\t\t\t\"event\": [\n\t\t\t\t\t\t{\n\t\t\t\t\t\t\t\"listen\": \"test\",\n\t\t\t\t\t\t\t\"script\": {\n\t\t\t\t\t\t\t\t\"exec\": [\n\t\t\t\t\t\t\t\t\t\"pm.test(\\\"Response status code is 200 or 409\\\", function () {\",\n\t\t\t\t\t\t\t\t\t\"  pm.expect(pm.response.code).to.be.oneOf([200, 409]);\",\n\t\t\t\t\t\t\t\t\t\"});\",\n\t\t\t\t\t\t\t\t\t\"\",\n\t\t\t\t\t\t\t\t\t\"var jsonData = pm.response.json();\",\n\t\t\t\t\t\t\t\t\t\"pm.environment.set(\\\"clientId\\\", jsonData.clientId);\",\n\t\t\t\t\t\t\t\t\t\"pm.environment.set(\\\"clientSecret\\\", jsonData.clientSecret);\",\n\t\t\t\t\t\t\t\t\t\"\"\n\t\t\t\t\t\t\t\t],\n\t\t\t\t\t\t\t\t\"type\": \"text/javascript\",\n\t\t\t\t\t\t\t\t\"packages\": {}\n\t\t\t\t\t\t\t}\n\t\t\t\t\t\t},\n\t\t\t\t\t\t{\n\t\t\t\t\t\t\t\"listen\": \"prerequest\",\n\t\t\t\t\t\t\t\"script\": {\n\t\t\t\t\t\t\t\t\"exec\": [\n\t\t\t\t\t\t\t\t\t\"\"\n\t\t\t\t\t\t\t\t],\n\t\t\t\t\t\t\t\t\"type\": \"text/javascript\",\n\t\t\t\t\t\t\t\t\"packages\": {}\n\t\t\t\t\t\t\t}\n\t\t\t\t\t\t}\n\t\t\t\t\t],\n\t\t\t\t\t\"request\": {\n\t\t\t\t\t\t\"method\": \"POST\",\n\t\t\t\t\t\t\"header\": [],\n\t\t\t\t\t\t\"body\": {\n\t\t\t\t\t\t\t\"mode\": \"raw\",\n\t\t\t\t\t\t\t\"raw\": \"{\\n    \\\"active\\\": \\\"true\\\",\\n    \\\"did\\\": \\\"{{PARTICIPANT_DID}}\\\",\\n    \\\"key\\\": {\\n        \\\"keyGeneratorParams\\\": {\\n            \\\"algorithm\\\": \\\"EdDSA\\\",\\n            \\\"curve\\\": \\\"Ed25519\\\"\\n        },\\n        \\\"keyId\\\": \\\"{{PARTICIPANT_DID}}#signing-key-1\\\",\\n        \\\"privateKeyAlias\\\": \\\"{{PARTICIPANT_DID}}#signing-key-1\\\"\\n    },\\n    \\\"participantId\\\": \\\"{{PARTICIPANT_CONTEXT_ID}}\\\",\\n    \\\"serviceEndpoints\\\": [\\n        {\\n            \\\"type\\\": \\\"CredentialService\\\",\\n            \\\"serviceEndpoint\\\": \\\"{{IDENTITYHUB_URL}}/v1/participants/{{PARTICIPANT_CONTEXT_ID_BASE64}}\\\",\\n            \\\"id\\\": \\\"credentialservice-1\\\"\\n        },\\n        {\\n            \\\"type\\\": \\\"ProtocolEndpoint\\\",\\n            \\\"serviceEndpoint\\\": \\\"http://{{CONTROL_PLANE_HOST}}:8084/api/dsp\\\",\\n            \\\"id\\\": \\\"dsp-url\\\"\\n        }\\n    ]\\n}\",\n\t\t\t\t\t\t\t\"options\": {\n\t\t\t\t\t\t\t\t\"raw\": {\n\t\t\t\t\t\t\t\t\t\"language\": \"json\"\n\t\t\t\t\t\t\t\t}\n\t\t\t\t\t\t\t}\n\t\t\t\t\t\t},\n\t\t\t\t\t\t\"url\": {\n\t\t\t\t\t\t\t\"raw\": \"{{IH_URL}}/api/identity/v1alpha/participants\",\n\t\t\t\t\t\t\t\"host\": [\n\t\t\t\t\t\t\t\t\"{{IH_URL}}\"\n\t\t\t\t\t\t\t],\n\t\t\t\t\t\t\t\"path\": [\n\t\t\t\t\t\t\t\t\"api\",\n\t\t\t\t\t\t\t\t\"identity\",\n\t\t\t\t\t\t\t\t\"v1alpha\",\n\t\t\t\t\t\t\t\t\"participants\"\n\t\t\t\t\t\t\t]\n\t\t\t\t\t\t}\n\t\t\t\t\t},\n\t\t\t\t\t\"response\": []\n\t\t\t\t},\n\t\t\t\t{\n\t\t\t\t\t\"name\": \"Create Membership Credential\",\n\t\t\t\t\t\"event\": [\n\t\t\t\t\t\t{\n\t\t\t\t\t\t\t\"listen\": \"test\",\n\t\t\t\t\t\t\t\"script\": {\n\t\t\t\t\t\t\t\t\"exec\": [\n\t\t\t\t\t\t\t\t\t\"pm.test(\\\"Response status code is 204 or 409\\\", function () {\",\n\t\t\t\t\t\t\t\t\t\"  pm.expect(pm.response.code).to.be.oneOf([204, 409]);\",\n\t\t\t\t\t\t\t\t\t\"});\"\n\t\t\t\t\t\t\t\t],\n\t\t\t\t\t\t\t\t\"type\": \"text/javascript\",\n\t\t\t\t\t\t\t\t\"packages\": {}\n\t\t\t\t\t\t\t}\n\t\t\t\t\t\t},\n\t\t\t\t\t\t{\n\t\t\t\t\t\t\t\"listen\": \"prerequest\",\n\t\t\t\t\t\t\t\"script\": {\n\t\t\t\t\t\t\t\t\"exec\": [\n\t\t\t\t\t\t\t\t\t\"\"\n\t\t\t\t\t\t\t\t],\n\t\t\t\t\t\t\t\t\"type\": \"text/javascript\",\n\t\t\t\t\t\t\t\t\"packages\": {}\n\t\t\t\t\t\t\t}\n\t\t\t\t\t\t}\n\t\t\t\t\t],\n\t\t\t\t\t\"request\": {\n\t\t\t\t\t\t\"method\": \"POST\",\n\t\t\t\t\t\t\"header\": [],\n\t\t\t\t\t\t\"body\": {\n\t\t\t\t\t\t\t\"mode\": \"raw\",\n\t\t\t\t\t\t\t\"raw\": \"{\\n    \\\"id\\\": \\\"membership-credential\\\",\\n    \\\"participantContextId\\\": \\\"{{PARTICIPANT_CONTEXT_ID}}\\\",\\n    \\\"issuancePolicy\\\": null,\\n    \\\"reissuancePolicy\\\": null,\\n    \\\"verifiableCredentialContainer\\\": {\\n        \\\"format\\\": \\\"VC1_0_JWT\\\",\\n        \\\"credential\\\": {\\n            \\\"@context\\\": [\\n                \\\"https://www.w3.org/2018/credentials/v1\\\",\\n                \\\"https://w3id.org/security/suites/jws-2020/v1\\\",\\n                \\\"https://www.w3.org/ns/did/v1\\\",\\n                {\\n                    \\\"mxd-credentials\\\": \\\"https://w3id.org/mxd/credentials/\\\",\\n                    \\\"membership\\\": \\\"mxd-credentials:membership\\\",\\n                    \\\"membershipType\\\": \\\"mxd-credentials:membershipType\\\",\\n                    \\\"website\\\": \\\"mxd-credentials:website\\\",\\n                    \\\"contact\\\": \\\"mxd-credentials:contact\\\",\\n                    \\\"since\\\": \\\"mxd-credentials:since\\\"\\n                }\\n            ],\\n            \\\"id\\\": \\\"http://org.yourdataspace.com/credentials/2347\\\",\\n            \\\"type\\\": [\\n                \\\"VerifiableCredential\\\",\\n                \\\"MembershipCredential\\\"\\n            ],\\n            \\\"issuer\\\": \\\"did:web:dataspace-issuer\\\",\\n            \\\"issuanceDate\\\": \\\"2023-08-18T00:00:00Z\\\",\\n            \\\"credentialSubject\\\": {\\n                \\\"id\\\": \\\"{{PARTICIPANT_DID}}\\\",\\n                \\\"membership\\\": {\\n                    \\\"membershipType\\\": \\\"FullMember\\\",\\n                    \\\"website\\\": \\\"www.whatever.com\\\",\\n                    \\\"contact\\\": \\\"fizz.buzz@whatever.com\\\",\\n                    \\\"since\\\": \\\"2023-01-01T00:00:00Z\\\"\\n                }\\n            }\\n        },\\n        \\\"rawVc\\\": \\\"{{MEMBERSHIP_CREDENTIAL}}\\\"\\n    }\\n}\",\n\t\t\t\t\t\t\t\"options\": {\n\t\t\t\t\t\t\t\t\"raw\": {\n\t\t\t\t\t\t\t\t\t\"language\": \"json\"\n\t\t\t\t\t\t\t\t}\n\t\t\t\t\t\t\t}\n\t\t\t\t\t\t},\n\t\t\t\t\t\t\"url\": {\n\t\t\t\t\t\t\t\"raw\": \"{{IH_URL}}/api/identity/v1alpha/participants/{{PARTICIPANT_CONTEXT_ID_BASE64}}/credentials\",\n\t\t\t\t\t\t\t\"host\": [\n\t\t\t\t\t\t\t\t\"{{IH_URL}}\"\n\t\t\t\t\t\t\t],\n\t\t\t\t\t\t\t\"path\": [\n\t\t\t\t\t\t\t\t\"api\",\n\t\t\t\t\t\t\t\t\"identity\",\n\t\t\t\t\t\t\t\t\"v1alpha\",\n\t\t\t\t\t\t\t\t\"participants\",\n\t\t\t\t\t\t\t\t\"{{PARTICIPANT_CONTEXT_ID_BASE64}}\",\n\t\t\t\t\t\t\t\t\"credentials\"\n\t\t\t\t\t\t\t]\n\t\t\t\t\t\t}\n\t\t\t\t\t},\n\t\t\t\t\t\"response\": []\n\t\t\t\t},\n\t\t\t\t{\n\t\t\t\t\t\"name\": \"Create DataExGov Credential\",\n\t\t\t\t\t\"event\": [\n\t\t\t\t\t\t{\n\t\t\t\t\t\t\t\"listen\": \"test\",\n\t\t\t\t\t\t\t\"script\": {\n\t\t\t\t\t\t\t\t\"exec\": [\n\t\t\t\t\t\t\t\t\t\"pm.test(\\\"Response status code is 204 or 409\\\", function () {\",\n\t\t\t\t\t\t\t\t\t\"  pm.expect(pm.response.code).to.be.oneOf([204, 409]);\",\n\t\t\t\t\t\t\t\t\t\"});\"\n\t\t\t\t\t\t\t\t],\n\t\t\t\t\t\t\t\t\"type\": \"text/javascript\",\n\t\t\t\t\t\t\t\t\"packages\": {}\n\t\t\t\t\t\t\t}\n\t\t\t\t\t\t},\n\t\t\t\t\t\t{\n\t\t\t\t\t\t\t\"listen\": \"prerequest\",\n\t\t\t\t\t\t\t\"script\": {\n\t\t\t\t\t\t\t\t\"exec\": [\n\t\t\t\t\t\t\t\t\t\"\"\n\t\t\t\t\t\t\t\t],\n\t\t\t\t\t\t\t\t\"type\": \"text/javascript\",\n\t\t\t\t\t\t\t\t\"packages\": {}\n\t\t\t\t\t\t\t}\n\t\t\t\t\t\t}\n\t\t\t\t\t],\n\t\t\t\t\t\"request\": {\n\t\t\t\t\t\t\"method\": \"POST\",\n\t\t\t\t\t\t\"header\": [],\n\t\t\t\t\t\t\"body\": {\n\t\t\t\t\t\t\t\"mode\": \"raw\",\n\t\t\t\t\t\t\t\"raw\": \"{\\n    \\\"id\\\": \\\"deg-credential\\\",\\n    \\\"participantContextId\\\": \\\"{{PARTICIPANT_CONTEXT_ID}}\\\",\\n    \\\"issuancePolicy\\\": null,\\n    \\\"reissuancePolicy\\\": null,\\n    \\\"verifiableCredentialContainer\\\": {\\n        \\\"format\\\": \\\"VC1_0_JWT\\\",\\n        \\\"credential\\\": {\\n            \\\"@context\\\": [\\n                \\\"https://www.w3.org/2018/credentials/v1\\\",\\n                \\\"https://w3id.org/catenax/credentials/v1.0.0\\\"\\n            ],\\n            \\\"id\\\": \\\"1f36af58-0fc0-4b24-9b1c-e37d59668089\\\",\\n            \\\"type\\\": [\\n                \\\"VerifiableCredential\\\",\\n                \\\"DataExchangeGovernanceCredential\\\"\\n            ],\\n            \\\"issuer\\\": \\\"did:web:dataspace-issuer\\\",\\n            \\\"issuanceDate\\\": \\\"2021-06-16T18:56:59Z\\\",\\n            \\\"expirationDate\\\": \\\"2032-06-16T18:56:59Z\\\",\\n            \\\"credentialSubject\\\": {\\n                \\\"id\\\": \\\"{{PARTICIPANT_DID}}\\\",\\n                \\\"holderIdentifier\\\": \\\"{{BPN}}\\\",\\n                \\\"contractTemplate\\\": \\\"https://public.catena-x.org/contracts/DataExchangeGovernance.v1.pdf\\\",\\n                \\\"contractVersion\\\": \\\"1.0.0\\\"\\n            }\\n        },\\n        \\\"rawVc\\\": \\\"{{FRAMEWORK_CREDENTIAL}}\\\"\\n    }\\n}\",\n\t\t\t\t\t\t\t\"options\": {\n\t\t\t\t\t\t\t\t\"raw\": {\n\t\t\t\t\t\t\t\t\t\"language\": \"json\"\n\t\t\t\t\t\t\t\t}\n\t\t\t\t\t\t\t}\n\t\t\t\t\t\t},\n\t\t\t\t\t\t\"url\": {\n\t\t\t\t\t\t\t\"raw\": \"{{IH_URL}}/api/identity/v1alpha/participants/{{PARTICIPANT_CONTEXT_ID_BASE64}}/credentials\",\n\t\t\t\t\t\t\t\"host\": [\n\t\t\t\t\t\t\t\t\"{{IH_URL}}\"\n\t\t\t\t\t\t\t],\n\t\t\t\t\t\t\t\"path\": [\n\t\t\t\t\t\t\t\t\"api\",\n\t\t\t\t\t\t\t\t\"identity\",\n\t\t\t\t\t\t\t\t\"v1alpha\",\n\t\t\t\t\t\t\t\t\"participants\",\n\t\t\t\t\t\t\t\t\"{{PARTICIPANT_CONTEXT_ID_BASE64}}\",\n\t\t\t\t\t\t\t\t\"credentials\"\n\t\t\t\t\t\t\t]\n\t\t\t\t\t\t}\n\t\t\t\t\t},\n\t\t\t\t\t\"response\": []\n\t\t\t\t}\n\t\t\t],\n\t\t\t\"auth\": {\n\t\t\t\t\"type\": \"apikey\",\n\t\t\t\t\"apikey\": [\n\t\t\t\t\t{\n\t\t\t\t\t\t\"key\": \"value\",\n\t\t\t\t\t\t\"value\": \"c3VwZXItdXNlcg==.c3VwZXItc2VjcmV0LWtleQo=\",\n\t\t\t\t\t\t\"type\": \"string\"\n\t\t\t\t\t},\n\t\t\t\t\t{\n\t\t\t\t\t\t\"key\": \"key\",\n\t\t\t\t\t\t\"value\": \"x-api-key\",\n\t\t\t\t\t\t\"type\": \"string\"\n\t\t\t\t\t}\n\t\t\t\t]\n\t\t\t},\n\t\t\t\"event\": [\n\t\t\t\t{\n\t\t\t\t\t\"listen\": \"prerequest\",\n\t\t\t\t\t\"script\": {\n\t\t\t\t\t\t\"type\": \"text/javascript\",\n\t\t\t\t\t\t\"packages\": {},\n\t\t\t\t\t\t\"exec\": [\n\t\t\t\t\t\t\t\"\"\n\t\t\t\t\t\t]\n\t\t\t\t\t}\n\t\t\t\t},\n\t\t\t\t{\n\t\t\t\t\t\"listen\": \"test\",\n\t\t\t\t\t\"script\": {\n\t\t\t\t\t\t\"type\": \"text/javascript\",\n\t\t\t\t\t\t\"packages\": {},\n\t\t\t\t\t\t\"exec\": [\n\t\t\t\t\t\t\t\"\"\n\t\t\t\t\t\t]\n\t\t\t\t\t}\n\t\t\t\t}\n\t\t\t]\n\t\t},\n\t\t{\n\t\t\t\"name\": \"Seed Dataspace Issuer\",\n\t\t\t\"item\": [\n\t\t\t\t{\n\t\t\t\t\t\"name\": \"Create Dataspace Issuer Participant Context\",\n\t\t\t\t\t\"event\": [\n\t\t\t\t\t\t{\n\t\t\t\t\t\t\t\"listen\": \"test\",\n\t\t\t\t\t\t\t\"script\": {\n\t\t\t\t\t\t\t\t\"exec\": [\n\t\t\t\t\t\t\t\t\t\"var jsonData = pm.response.json();\",\n\t\t\t\t\t\t\t\t\t\"pm.environment.set(\\\"clientId\\\", jsonData.clientId);\",\n\t\t\t\t\t\t\t\t\t\"pm.environment.set(\\\"clientSecret\\\", jsonData.clientSecret);\",\n\t\t\t\t\t\t\t\t\t\"\"\n\t\t\t\t\t\t\t\t],\n\t\t\t\t\t\t\t\t\"type\": \"text/javascript\",\n\t\t\t\t\t\t\t\t\"packages\": {}\n\t\t\t\t\t\t\t}\n\t\t\t\t\t\t},\n\t\t\t\t\t\t{\n\t\t\t\t\t\t\t\"listen\": \"prerequest\",\n\t\t\t\t\t\t\t\"script\": {\n\t\t\t\t\t\t\t\t\"exec\": [\n\t\t\t\t\t\t\t\t\t\"\"\n\t\t\t\t\t\t\t\t],\n\t\t\t\t\t\t\t\t\"type\": \"text/javascript\",\n\t\t\t\t\t\t\t\t\"packages\": {}\n\t\t\t\t\t\t\t}\n\t\t\t\t\t\t}\n\t\t\t\t\t],\n\t\t\t\t\t\"request\": {\n\t\t\t\t\t\t\"method\": \"POST\",\n\t\t\t\t\t\t\"header\": [],\n\t\t\t\t\t\t\"body\": {\n\t\t\t\t\t\t\t\"mode\": \"raw\",\n\t\t\t\t\t\t\t\"raw\": \"{\\n            \\\"roles\\\":[\\\"admin\\\"],\\n            \\\"serviceEndpoints\\\":[\\n              {\\n                 \\\"type\\\": \\\"IssuerService\\\",\\n                 \\\"serviceEndpoint\\\": \\\"http://dataspace-issuer-service:10012/api/issuance/v1alpha/issuers/ZGlkOndlYjpkYXRhc3BhY2UtaXNzdWVyLXNlcnZpY2UlM0ExMDAxNjppc3N1ZXI=\\\",\\n                 \\\"id\\\": \\\"issuer-service-1\\\"\\n              }\\n            ],\\n            \\\"active\\\": true,\\n            \\\"participantId\\\": \\\"did:web:dataspace-issuer-service%3A10016:issuer\\\",\\n            \\\"did\\\": \\\"did:web:dataspace-issuer-service%3A10016:issuer\\\",\\n            \\\"key\\\":{\\n                \\\"keyId\\\": \\\"did:web:dataspace-issuer-service%3A10016:issuer#key-1\\\",\\n                \\\"privateKeyAlias\\\": \\\"key-1\\\",\\n                \\\"keyGeneratorParams\\\":{\\n                  \\\"algorithm\\\": \\\"EdDSA\\\"\\n                }\\n            }\\n      }\",\n\t\t\t\t\t\t\t\"options\": {\n\t\t\t\t\t\t\t\t\"raw\": {\n\t\t\t\t\t\t\t\t\t\"language\": \"json\"\n\t\t\t\t\t\t\t\t}\n\t\t\t\t\t\t\t}\n\t\t\t\t\t\t},\n\t\t\t\t\t\t\"url\": {\n\t\t\t\t\t\t\t\"raw\": \"{{ISSUER_CS_URL}}/api/identity/v1alpha/participants\",\n\t\t\t\t\t\t\t\"host\": [\n\t\t\t\t\t\t\t\t\"{{ISSUER_CS_URL}}\"\n\t\t\t\t\t\t\t],\n\t\t\t\t\t\t\t\"path\": [\n\t\t\t\t\t\t\t\t\"api\",\n\t\t\t\t\t\t\t\t\"identity\",\n\t\t\t\t\t\t\t\t\"v1alpha\",\n\t\t\t\t\t\t\t\t\"participants\"\n\t\t\t\t\t\t\t]\n\t\t\t\t\t\t}\n\t\t\t\t\t},\n\t\t\t\t\t\"response\": []\n\t\t\t\t},\n\t\t\t\t{\n\t\t\t\t\t\"name\": \"Create Account for Alice in IssuerService\",\n\t\t\t\t\t\"event\": [\n\t\t\t\t\t\t{\n\t\t\t\t\t\t\t\"listen\": \"test\",\n\t\t\t\t\t\t\t\"script\": {\n\t\t\t\t\t\t\t\t\"exec\": [\n\t\t\t\t\t\t\t\t\t\"\"\n\t\t\t\t\t\t\t\t],\n\t\t\t\t\t\t\t\t\"type\": \"text/javascript\",\n\t\t\t\t\t\t\t\t\"packages\": {}\n\t\t\t\t\t\t\t}\n\t\t\t\t\t\t}\n\t\t\t\t\t],\n\t\t\t\t\t\"request\": {\n\t\t\t\t\t\t\"method\": \"POST\",\n\t\t\t\t\t\t\"header\": [],\n\t\t\t\t\t\t\"body\": {\n\t\t\t\t\t\t\t\"mode\": \"raw\",\n\t\t\t\t\t\t\t\"raw\": \"{\\n            \\\"roles\\\":[\\\"admin\\\"],\\n            \\\"serviceEndpoints\\\":[\\n              {\\n                 \\\"type\\\": \\\"IssuerService\\\",\\n                 \\\"serviceEndpoint\\\": \\\"http://dataspace-issuer-service:10012/api/issuance/v1alpha/issuers/ZGlkOndlYjpkYXRhc3BhY2UtaXNzdWVyLXNlcnZpY2UlM0ExMDAxNjppc3N1ZXI=\\\",\\n                 \\\"id\\\": \\\"issuer-service-1\\\"\\n              }\\n            ],\\n            \\\"active\\\": true,\\n            \\\"participantId\\\": \\\"{{CONSUMER_ID}}\\\",\\n            \\\"did\\\": \\\"{{CONSUMER_ID}}\\\",\\n            \\\"key\\\":{\\n                \\\"keyId\\\": \\\"{{CONSUMER_ID}}#key-1\\\",\\n                \\\"privateKeyAlias\\\": \\\"key-1\\\",\\n                \\\"keyGeneratorParams\\\":{\\n                  \\\"algorithm\\\": \\\"EdDSA\\\"\\n                }\\n            }\\n      }\",\n\t\t\t\t\t\t\t\"options\": {\n\t\t\t\t\t\t\t\t\"raw\": {\n\t\t\t\t\t\t\t\t\t\"language\": \"json\"\n\t\t\t\t\t\t\t\t}\n\t\t\t\t\t\t\t}\n\t\t\t\t\t\t},\n\t\t\t\t\t\t\"url\": {\n\t\t\t\t\t\t\t\"raw\": \"{{ISSUER_CS_URL}}/api/identity/v1alpha/participants\",\n\t\t\t\t\t\t\t\"host\": [\n\t\t\t\t\t\t\t\t\"{{ISSUER_CS_URL}}\"\n\t\t\t\t\t\t\t],\n\t\t\t\t\t\t\t\"path\": [\n\t\t\t\t\t\t\t\t\"api\",\n\t\t\t\t\t\t\t\t\"identity\",\n\t\t\t\t\t\t\t\t\"v1alpha\",\n\t\t\t\t\t\t\t\t\"participants\"\n\t\t\t\t\t\t\t]\n\t\t\t\t\t\t},\n\t\t\t\t\t\t\"description\": \"Generated from cURL: curl -sL -X POST 'http://localhost:10013/api/admin/v1alpha/participants' \\\\\\n-H 'Content-Type: application/json' \\\\\\n-d '{ \\\"did\\\": \\\"did:web:localhost%3A7083\\\", \\\"participantId\\\": \\\"did:web:localhost%3A7083\\\", \\\"name\\\": \\\"Consumer Participant\\\"}'\"\n\t\t\t\t\t},\n\t\t\t\t\t\"response\": []\n\t\t\t\t},\n\t\t\t\t{\n\t\t\t\t\t\"name\": \"Create Account for Bob in IssuerService\",\n\t\t\t\t\t\"event\": [\n\t\t\t\t\t\t{\n\t\t\t\t\t\t\t\"listen\": \"test\",\n\t\t\t\t\t\t\t\"script\": {\n\t\t\t\t\t\t\t\t\"exec\": [\n\t\t\t\t\t\t\t\t\t\"\"\n\t\t\t\t\t\t\t\t],\n\t\t\t\t\t\t\t\t\"type\": \"text/javascript\",\n\t\t\t\t\t\t\t\t\"packages\": {}\n\t\t\t\t\t\t\t}\n\t\t\t\t\t\t}\n\t\t\t\t\t],\n\t\t\t\t\t\"request\": {\n\t\t\t\t\t\t\"method\": \"POST\",\n\t\t\t\t\t\t\"header\": [],\n\t\t\t\t\t\t\"body\": {\n\t\t\t\t\t\t\t\"mode\": \"raw\",\n\t\t\t\t\t\t\t\"raw\": \"{\\n            \\\"roles\\\":[\\\"admin\\\"],\\n            \\\"serviceEndpoints\\\":[\\n              {\\n                 \\\"type\\\": \\\"IssuerService\\\",\\n                 \\\"serviceEndpoint\\\": \\\"http://dataspace-issuer-service:10012/api/issuance/v1alpha/issuers/ZGlkOndlYjpkYXRhc3BhY2UtaXNzdWVyLXNlcnZpY2UlM0ExMDAxNjppc3N1ZXI=\\\",\\n                 \\\"id\\\": \\\"issuer-service-1\\\"\\n              }\\n            ],\\n            \\\"active\\\": true,\\n            \\\"participantId\\\": \\\"{{PROVIDER_ID}}\\\",\\n            \\\"did\\\": \\\"{{PROVIDER_ID}}\\\",\\n            \\\"key\\\":{\\n                \\\"keyId\\\": \\\"{{PROVIDER_ID}}#key-1\\\",\\n                \\\"privateKeyAlias\\\": \\\"key-1\\\",\\n                \\\"keyGeneratorParams\\\":{\\n                  \\\"algorithm\\\": \\\"EdDSA\\\"\\n                }\\n            }\\n      }\",\n\t\t\t\t\t\t\t\"options\": {\n\t\t\t\t\t\t\t\t\"raw\": {\n\t\t\t\t\t\t\t\t\t\"language\": \"json\"\n\t\t\t\t\t\t\t\t}\n\t\t\t\t\t\t\t}\n\t\t\t\t\t\t},\n\t\t\t\t\t\t\"url\": {\n\t\t\t\t\t\t\t\"raw\": \"{{ISSUER_CS_URL}}/api/identity/v1alpha/participants\",\n\t\t\t\t\t\t\t\"host\": [\n\t\t\t\t\t\t\t\t\"{{ISSUER_CS_URL}}\"\n\t\t\t\t\t\t\t],\n\t\t\t\t\t\t\t\"path\": [\n\t\t\t\t\t\t\t\t\"api\",\n\t\t\t\t\t\t\t\t\"identity\",\n\t\t\t\t\t\t\t\t\"v1alpha\",\n\t\t\t\t\t\t\t\t\"participants\"\n\t\t\t\t\t\t\t]\n\t\t\t\t\t\t},\n\t\t\t\t\t\t\"description\": \"Generated from cURL: curl -sL -X POST 'http://localhost:10013/api/admin/v1alpha/participants' \\\\\\n-H 'Content-Type: application/json' \\\\\\n-d '{ \\\"did\\\": \\\"did:web:localhost%3A7083\\\", \\\"participantId\\\": \\\"did:web:localhost%3A7083\\\", \\\"name\\\": \\\"Consumer Participant\\\"}'\"\n\t\t\t\t\t},\n\t\t\t\t\t\"response\": []\n\t\t\t\t},\n\t\t\t\t{\n\t\t\t\t\t\"name\": \"Create attestation definitions\",\n\t\t\t\t\t\"event\": [\n\t\t\t\t\t\t{\n\t\t\t\t\t\t\t\"listen\": \"test\",\n\t\t\t\t\t\t\t\"script\": {\n\t\t\t\t\t\t\t\t\"exec\": [\n\t\t\t\t\t\t\t\t\t\"\"\n\t\t\t\t\t\t\t\t],\n\t\t\t\t\t\t\t\t\"type\": \"text/javascript\",\n\t\t\t\t\t\t\t\t\"packages\": {}\n\t\t\t\t\t\t\t}\n\t\t\t\t\t\t}\n\t\t\t\t\t],\n\t\t\t\t\t\"request\": {\n\t\t\t\t\t\t\"method\": \"POST\",\n\t\t\t\t\t\t\"header\": [],\n\t\t\t\t\t\t\"body\": {\n\t\t\t\t\t\t\t\"mode\": \"raw\",\n\t\t\t\t\t\t\t\"raw\": \"{\\n  \\\"attestationType\\\": \\\"demo\\\",\\n  \\\"configuration\\\": {\\n  },\\n  \\\"id\\\": \\\"name-attestation-def-1\\\"\\n}\",\n\t\t\t\t\t\t\t\"options\": {\n\t\t\t\t\t\t\t\t\"raw\": {\n\t\t\t\t\t\t\t\t\t\"language\": \"json\"\n\t\t\t\t\t\t\t\t}\n\t\t\t\t\t\t\t}\n\t\t\t\t\t\t},\n\t\t\t\t\t\t\"url\": {\n\t\t\t\t\t\t\t\"raw\": \"{{ISSUER_ADMIN_URL}}/api/admin/v1alpha/participants/{{PARTICIPANT_CONTEXT_ID_BASE64}}/attestations\",\n\t\t\t\t\t\t\t\"host\": [\n\t\t\t\t\t\t\t\t\"{{ISSUER_ADMIN_URL}}\"\n\t\t\t\t\t\t\t],\n\t\t\t\t\t\t\t\"path\": [\n\t\t\t\t\t\t\t\t\"api\",\n\t\t\t\t\t\t\t\t\"admin\",\n\t\t\t\t\t\t\t\t\"v1alpha\",\n\t\t\t\t\t\t\t\t\"participants\",\n\t\t\t\t\t\t\t\t\"{{PARTICIPANT_CONTEXT_ID_BASE64}}\",\n\t\t\t\t\t\t\t\t\"attestations\"\n\t\t\t\t\t\t\t]\n\t\t\t\t\t\t},\n\t\t\t\t\t\t\"description\": \"Generated from cURL: curl -sL -X POST 'http://localhost:10013/api/admin/v1alpha/attestations' \\\\\\n-H 'Content-Type: application/json' \\\\\\n-d '{\\n  \\\"attestationType\\\": \\\"demo\\\",\\n  \\\"configuration\\\": {\\n  },\\n  \\\"id\\\": \\\"demo-attestation-def-1\\\"\\n}'\"\n\t\t\t\t\t},\n\t\t\t\t\t\"response\": []\n\t\t\t\t},\n\t\t\t\t{\n\t\t\t\t\t\"name\": \"Create credential definitions\",\n\t\t\t\t\t\"request\": {\n\t\t\t\t\t\t\"method\": \"POST\",\n\t\t\t\t\t\t\"header\": [],\n\t\t\t\t\t\t\"body\": {\n\t\t\t\t\t\t\t\"mode\": \"raw\",\n\t\t\t\t\t\t\t\"raw\": \"{\\n    \\\"attestations\\\": [\\n        \\\"name-attestation-def-1\\\"\\n    ],\\n    \\\"formats\\\": [\\n        \\\"VC1_0_JWT\\\"\\n    ],\\n    \\\"credentialType\\\": \\\"NameCredential\\\",\\n    \\\"validity\\\": \\\"1000000000000\\\",\\n    \\\"id\\\": \\\"name-credential-def-1\\\",\\n    \\\"jsonSchema\\\": \\\"{}\\\",\\n    \\\"jsonSchemaUrl\\\": \\\"https://example.com/schema/name-credential.json\\\",\\n    \\\"mappings\\\": [\\n        {\\n            \\\"input\\\": \\\"participant.name\\\",\\n            \\\"output\\\": \\\"credentialSubject.name\\\",\\n            \\\"required\\\": \\\"true\\\"\\n        },\\n        {\\n            \\\"input\\\": \\\"credential.id\\\",\\n            \\\"output\\\": \\\"credentialSubject.id\\\",\\n            \\\"required\\\": \\\"true\\\"\\n        }\\n    ],\\n    \\\"rules\\\": [\\n        {\\n            \\\"type\\\": \\\"expression\\\",\\n            \\\"configuration\\\": {\\n                \\\"claim\\\": \\\"onboarding.signedDocuments\\\",\\n                \\\"operator\\\": \\\"eq\\\",\\n                \\\"value\\\": true\\n            }\\n        }\\n    ]\\n}\",\n\t\t\t\t\t\t\t\"options\": {\n\t\t\t\t\t\t\t\t\"raw\": {\n\t\t\t\t\t\t\t\t\t\"language\": \"json\"\n\t\t\t\t\t\t\t\t}\n\t\t\t\t\t\t\t}\n\t\t\t\t\t\t},\n\t\t\t\t\t\t\"url\": {\n\t\t\t\t\t\t\t\"raw\": \"{{ISSUER_ADMIN_URL}}/api/admin/v1alpha/participants/{{PARTICIPANT_CONTEXT_ID_BASE64}}/credentialdefinitions\",\n\t\t\t\t\t\t\t\"host\": [\n\t\t\t\t\t\t\t\t\"{{ISSUER_ADMIN_URL}}\"\n\t\t\t\t\t\t\t],\n\t\t\t\t\t\t\t\"path\": [\n\t\t\t\t\t\t\t\t\"api\",\n\t\t\t\t\t\t\t\t\"admin\",\n\t\t\t\t\t\t\t\t\"v1alpha\",\n\t\t\t\t\t\t\t\t\"participants\",\n\t\t\t\t\t\t\t\t\"{{PARTICIPANT_CONTEXT_ID_BASE64}}\",\n\t\t\t\t\t\t\t\t\"credentialdefinitions\"\n\t\t\t\t\t\t\t]\n\t\t\t\t\t\t},\n\t\t\t\t\t\t\"description\": \"Generated from cURL: curl -sL -X POST 'http://localhost:10013/api/admin/v1alpha/credentialdefinitions' \\\\\\n-H 'Content-Type: application/json' \\\\\\n-d '{\\n      \\\"attestations\\\": [\\n        \\\"demo-attestation-def-1\\\"\\n      ],\\n      \\\"credentialType\\\": \\\"DemoCredential\\\",\\n      \\\"dataModel\\\": \\\"V_1_1\\\",\\n      \\\"id\\\": \\\"demo-credential-def-1\\\",\\n      \\\"jsonSchema\\\": \\\"\\\",\\n      \\\"jsonSchemaUrl\\\": \\\"https://example.com/schema/demo-credential.json\\\",\\n      \\\"mappings\\\": [\\n        {\\n          \\\"input\\\": \\\"name\\\",\\n          \\\"output\\\": \\\"credentialSubject.name\\\",\\n          \\\"required\\\": \\\"true\\\"\\n        }\\n      ],\\n      \\\"rules\\\": []\\n    }'\"\n\t\t\t\t\t},\n\t\t\t\t\t\"response\": []\n\t\t\t\t}\n\t\t\t],\n\t\t\t\"auth\": {\n\t\t\t\t\"type\": \"apikey\",\n\t\t\t\t\"apikey\": [\n\t\t\t\t\t{\n\t\t\t\t\t\t\"key\": \"value\",\n\t\t\t\t\t\t\"value\": \"c3VwZXItdXNlcg==.c3VwZXItc2VjcmV0LWtleQo=\",\n\t\t\t\t\t\t\"type\": \"string\"\n\t\t\t\t\t},\n\t\t\t\t\t{\n\t\t\t\t\t\t\"key\": \"key\",\n\t\t\t\t\t\t\"value\": \"x-api-key\",\n\t\t\t\t\t\t\"type\": \"string\"\n\t\t\t\t\t}\n\t\t\t\t]\n\t\t\t},\n\t\t\t\"event\": [\n\t\t\t\t{\n\t\t\t\t\t\"listen\": \"prerequest\",\n\t\t\t\t\t\"script\": {\n\t\t\t\t\t\t\"type\": \"text/javascript\",\n\t\t\t\t\t\t\"packages\": {},\n\t\t\t\t\t\t\"exec\": [\n\t\t\t\t\t\t\t\"\"\n\t\t\t\t\t\t]\n\t\t\t\t\t}\n\t\t\t\t},\n\t\t\t\t{\n\t\t\t\t\t\"listen\": \"test\",\n\t\t\t\t\t\"script\": {\n\t\t\t\t\t\t\"type\": \"text/javascript\",\n\t\t\t\t\t\t\"packages\": {},\n\t\t\t\t\t\t\"exec\": [\n\t\t\t\t\t\t\t\"pm.test(\\\"Response status code is 20x or 409\\\", function () {\",\n\t\t\t\t\t\t\t\"  pm.expect(pm.response.code).to.be.oneOf([200,201,204, 409]);\",\n\t\t\t\t\t\t\t\"});\"\n\t\t\t\t\t\t]\n\t\t\t\t\t}\n\t\t\t\t}\n\t\t\t]\n\t\t}\n\t],\n\t\"auth\": {\n\t\t\"type\": \"apikey\",\n\t\t\"apikey\": [\n\t\t\t{\n\t\t\t\t\"key\": \"value\",\n\t\t\t\t\"value\": \"password\",\n\t\t\t\t\"type\": \"string\"\n\t\t\t},\n\t\t\t{\n\t\t\t\t\"key\": \"key\",\n\t\t\t\t\"value\": \"X-Api-Key\",\n\t\t\t\t\"type\": \"string\"\n\t\t\t}\n\t\t]\n\t},\n\t\"event\": [\n\t\t{\n\t\t\t\"listen\": \"prerequest\",\n\t\t\t\"script\": {\n\t\t\t\t\"type\": \"text/javascript\",\n\t\t\t\t\"exec\": [\n\t\t\t\t\t\"\"\n\t\t\t\t]\n\t\t\t}\n\t\t},\n\t\t{\n\t\t\t\"listen\": \"test\",\n\t\t\t\"script\": {\n\t\t\t\t\"type\": \"text/javascript\",\n\t\t\t\t\"exec\": [\n\t\t\t\t\t\"\"\n\t\t\t\t]\n\t\t\t}\n\t\t}\n\t],\n\t\"variable\": [\n\t\t{\n\t\t\t\"key\": \"MANAGEMENT_URL\",\n\t\t\t\"value\": \"http://localhost/bob/management\"\n\t\t},\n\t\t{\n\t\t\t\"key\": \"POLICY_BPN\",\n\t\t\t\"value\": \"BPNL000000000000\",\n\t\t\t\"type\": \"default\"\n\t\t},\n\t\t{\n\t\t\t\"key\": \"EDC_NAMESPACE\",\n\t\t\t\"value\": \"https://w3id.org/edc/v0.0.1/ns/\",\n\t\t\t\"type\": \"string\"\n\t\t},\n\t\t{\n\t\t\t\"key\": \"TX_NAMESPACE\",\n\t\t\t\"value\": \"https://w3id.org/tractusx/v0.0.1/ns/\",\n\t\t\t\"type\": \"string\"\n\t\t},\n\t\t{\n\t\t\t\"key\": \"ALICE_BPN\",\n\t\t\t\"value\": \"BPNL000000000001\",\n\t\t\t\"type\": \"string\"\n\t\t},\n\t\t{\n\t\t\t\"key\": \"BOB_BPN\",\n\t\t\t\"value\": \"BPNL000000000002\",\n\t\t\t\"type\": \"string\"\n\t\t},\n\t\t{\n\t\t\t\"key\": \"TRUDY_BPN\",\n\t\t\t\"value\": \"BPNL000000000003\",\n\t\t\t\"type\": \"string\"\n\t\t},\n\t\t{\n\t\t\t\"key\": \"ALICE_DID\",\n\t\t\t\"value\": \"did:web:miw%3A8000:BPNL000000000001\",\n\t\t\t\"type\": \"string\"\n\t\t},\n\t\t{\n\t\t\t\"key\": \"BOB_DID\",\n\t\t\t\"value\": \"did:web:miw%3A8000:BPNL000000000002\",\n\t\t\t\"type\": \"string\"\n\t\t},\n\t\t{\n\t\t\t\"key\": \"TRUDY_DID\",\n\t\t\t\"value\": \"did:web:miw%3A8000:BPNL000000000003\",\n\t\t\t\"type\": \"string\"\n\t\t},\n\t\t{\n\t\t\t\"key\": \"BDRS_MGMT_URL\",\n\t\t\t\"value\": \"localhost/bdrs-mgmt/api/management\",\n\t\t\t\"type\": \"string\"\n\t\t},\n\t\t{\n\t\t\t\"key\": \"BUSINESS_PARTNER_GROUP\",\n\t\t\t\"value\": \"gold-partners\",\n\t\t\t\"type\": \"string\"\n\t\t},\n\t\t{\n\t\t\t\"key\": \"IH_URL\",\n\t\t\t\"value\": \"http://localhost/alice/cs/api/identity\"\n\t\t},\n\t\t{\n\t\t\t\"key\": \"PARTICIPANT_DID\",\n\t\t\t\"value\": \"did:web:alice\",\n\t\t\t\"type\": \"string\"\n\t\t},\n\t\t{\n\t\t\t\"key\": \"CONTROL_PLANE_HOST\",\n\t\t\t\"value\": \"alice-controlplane\",\n\t\t\t\"type\": \"string\"\n\t\t},\n\t\t{\n\t\t\t\"key\": \"PARTICIPANT_CONTEXT_ID\",\n\t\t\t\"value\": \"did:web:alice\",\n\t\t\t\"type\": \"string\"\n\t\t},\n\t\t{\n\t\t\t\"key\": \"PARTICIPANT_CONTEXT_ID_BASE64\",\n\t\t\t\"value\": \"cGFydGljaXBhbnQtYWxpY2U=\",\n\t\t\t\"type\": \"string\"\n\t\t},\n\t\t{\n\t\t\t\"key\": \"IDENTITYHUB_URL\",\n\t\t\t\"value\": \"alice-ih\",\n\t\t\t\"type\": \"string\"\n\t\t},\n\t\t{\n\t\t\t\"key\": \"MEMBERSHIP_CREDENTIAL\",\n\t\t\t\"value\": \"\",\n\t\t\t\"type\": \"string\"\n\t\t},\n\t\t{\n\t\t\t\"key\": \"FRAMEWORK_CREDENTIAL\",\n\t\t\t\"value\": \"\",\n\t\t\t\"type\": \"string\"\n\t\t},\n\t\t{\n\t\t\t\"key\": \"TYPE\",\n\t\t\t\"value\": \"Sustainability\",\n\t\t\t\"type\": \"string\"\n\t\t},\n\t\t{\n\t\t\t\"key\": \"PROVIDER_DSP_ENDPOINT\",\n\t\t\t\"value\": \"\",\n\t\t\t\"type\": \"string\"\n\t\t},\n\t\t{\n\t\t\t\"key\": \"ISSUER_ADMIN_URL\",\n\t\t\t\"value\": \"\",\n\t\t\t\"type\": \"default\"\n\t\t},\n\t\t{\n\t\t\t\"key\": \"ISSUER_CS_URL\",\n\t\t\t\"value\": \"\",\n\t\t\t\"type\": \"default\"\n\t\t},\n\t\t{\n\t\t\t\"key\": \"CONSUMER_ID\",\n\t\t\t\"value\": \"did:web:alice-ih%3A7083:alice\",\n\t\t\t\"type\": \"default\"\n\t\t},\n\t\t{\n\t\t\t\"key\": \"CONSUMER_NAME\",\n\t\t\t\"value\": \"MXD Participant Alice\",\n\t\t\t\"type\": \"string\"\n\t\t},\n\t\t{\n\t\t\t\"key\": \"PROVIDER_ID\",\n\t\t\t\"value\": \"did:web:bob-ih%3A7083:bob\",\n\t\t\t\"type\": \"default\"\n\t\t},\n\t\t{\n\t\t\t\"key\": \"PROVIDER_NAME\",\n\t\t\t\"value\": \"MXD Participant Bob\",\n\t\t\t\"type\": \"default\"\n\t\t}\n\t]\n}"
            },
            "id": "mxd/seed-collection",
            "immutable": false,
            "metadata": [
              {
                "annotations": {},
                "generate_name": "",
                "generation": 0,
                "labels": {},
                "name": "seed-collection",
                "namespace": "mxd",
                "resource_version": "10108",
                "uid": "c361af03-f174-4cc7-827a-7369cd85930c"
              }
            ]
          },
          "sensitive_attributes": [],
          "identity_schema_version": 0,
          "private": "bnVsbA==",
          "dependencies": [
            "kubernetes_namespace.mxd-ns"
          ]
        }
      ]
    },
    {
      "mode": "managed",
      "type": "kubernetes_deployment",
      "name": "data-service-api",
      "provider": "provider[\"registry.terraform.io/hashicorp/kubernetes\"]",
      "instances": [
        {
          "schema_version": 1,
          "attributes": {
            "id": "mxd/data-service-api",
            "metadata": [
              {
                "annotations": {},
                "generate_name": "",
                "generation": 1,
                "labels": {
                  "App": "data-service-api"
                },
                "name": "data-service-api",
                "namespace": "mxd",
                "resource_version": "10321",
                "uid": "85aa0ef7-b982-43c6-b9bd-57c8106843e9"
              }
            ],
            "spec": [
              {
                "min_ready_seconds": 0,
                "paused": false,
                "progress_deadline_seconds": 600,
                "replicas": "1",
                "revision_history_limit": 10,
                "selector": [
                  {
                    "match_expressions": [],
                    "match_labels": {
                      "App": "data-service-api"
                    }
                  }
                ],
                "strategy": [
                  {
                    "rolling_update": [
                      {
                        "max_surge": "25%",
                        "max_unavailable": "25%"
                      }
                    ],
                    "type": "RollingUpdate"
                  }
                ],
                "template": [
                  {
                    "metadata": [
                      {
                        "annotations": {},
                        "generate_name": "",
                        "generation": 0,
                        "labels": {
                          "App": "data-service-api"
                        },
                        "name": "",
                        "namespace": "",
                        "resource_version": "",
                        "uid": ""
                      }
                    ],
                    "spec": [
                      {
                        "active_deadline_seconds": 0,
                        "affinity": [],
                        "automount_service_account_token": true,
                        "container": [
                          {
                            "args": [],
                            "command": [],
                            "env": [
                              {
                                "name": "web.http.data.port",
                                "value": "8080",
                                "value_from": []
                              },
                              {
                                "name": "web.http.data.path",
                                "value": "/",
                                "value_from": []
                              },
                              {
                                "name": "web.http.port",
                                "value": "8181",
                                "value_from": []
                              },
                              {
                                "name": "web.http.path",
                                "value": "/api",
                                "value_from": []
                              },
                              {
                                "name": "JAVA_TOOL_OPTIONS",
                                "value": "-agentlib:jdwp=transport=dt_socket,server=y,suspend=n,address=1044",
                                "value_from": []
                              }
                            ],
                            "env_from": [],
                            "image": "data-service-api:latest",
                            "image_pull_policy": "Never",
                            "lifecycle": [],
                            "liveness_probe": [
                              {
                                "exec": [],
                                "failure_threshold": 3,
                                "grpc": [],
                                "http_get": [
                                  {
                                    "host": "",
                                    "http_header": [],
                                    "path": "/api/check/liveness",
                                    "port": "8181",
                                    "scheme": "HTTP"
                                  }
                                ],
                                "initial_delay_seconds": 5,
                                "period_seconds": 10,
                                "success_threshold": 1,
                                "tcp_socket": [],
                                "timeout_seconds": 5
                              }
                            ],
                            "name": "data-service-api",
                            "port": [
                              {
                                "container_port": 8080,
                                "host_ip": "",
                                "host_port": 0,
                                "name": "api-port",
                                "protocol": "TCP"
                              }
                            ],
                            "readiness_probe": [
                              {
                                "exec": [],
                                "failure_threshold": 3,
                                "grpc": [],
                                "http_get": [
                                  {
                                    "host": "",
                                    "http_header": [],
                                    "path": "/api/check/readiness",
                                    "port": "8181",
                                    "scheme": "HTTP"
                                  }
                                ],
                                "initial_delay_seconds": 5,
                                "period_seconds": 10,
                                "success_threshold": 1,
                                "tcp_socket": [],
                                "timeout_seconds": 5
                              }
                            ],
                            "resources": [
                              {
                                "limits": {},
                                "requests": {}
                              }
                            ],
                            "security_context": [],
                            "startup_probe": [
                              {
                                "exec": [],
                                "failure_threshold": 3,
                                "grpc": [],
                                "http_get": [
                                  {
                                    "host": "",
                                    "http_header": [],
                                    "path": "/api/check/startup",
                                    "port": "8181",
                                    "scheme": "HTTP"
                                  }
                                ],
                                "initial_delay_seconds": 5,
                                "period_seconds": 10,
                                "success_threshold": 1,
                                "tcp_socket": [],
                                "timeout_seconds": 5
                              }
                            ],
                            "stdin": false,
                            "stdin_once": false,
                            "termination_message_path": "/dev/termination-log",
                            "termination_message_policy": "File",
                            "tty": false,
                            "volume_mount": [],
                            "working_dir": ""
                          }
                        ],
                        "dns_config": [],
                        "dns_policy": "ClusterFirst",
                        "enable_service_links": true,
                        "host_aliases": [],
                        "host_ipc": false,
                        "host_network": false,
                        "host_pid": false,
                        "hostname": "",
                        "image_pull_secrets": [],
                        "init_container": [],
                        "node_name": "",
                        "node_selector": {},
                        "priority_class_name": "",
                        "readiness_gate": [],
                        "restart_policy": "Always",
                        "runtime_class_name": "",
                        "scheduler_name": "default-scheduler",
                        "security_context": [],
                        "service_account_name": "",
                        "share_process_namespace": false,
                        "subdomain": "",
                        "termination_grace_period_seconds": 30,
                        "toleration": [],
                        "topology_spread_constraint": [],
                        "volume": []
                      }
                    ]
                  }
                ]
              }
            ],
            "timeouts": null,
            "wait_for_rollout": true
          },
          "sensitive_attributes": [],
          "identity_schema_version": 0,
          "private": "eyJlMmJmYjczMC1lY2FhLTExZTYtOGY4OC0zNDM2M2JjN2M0YzAiOnsiY3JlYXRlIjo2MDAwMDAwMDAwMDAsImRlbGV0ZSI6NjAwMDAwMDAwMDAwLCJ1cGRhdGUiOjYwMDAwMDAwMDAwMH0sInNjaGVtYV92ZXJzaW9uIjoiMSJ9",
          "dependencies": [
            "kubernetes_namespace.mxd-ns"
          ]
        }
      ]
    },
    {
      "mode": "managed",
      "type": "kubernetes_deployment",
      "name": "dataspace-issuer-did-server",
      "provider": "provider[\"registry.terraform.io/hashicorp/kubernetes\"]",
      "instances": [
        {
          "schema_version": 1,
          "attributes": {
            "id": "mxd/dataspace-issuer-server",
            "metadata": [
              {
                "annotations": {},
                "generate_name": "",
                "generation": 1,
                "labels": {
                  "App": "dataspace-issuer-server"
                },
                "name": "dataspace-issuer-server",
                "namespace": "mxd",
                "resource_version": "10313",
                "uid": "8ad4a784-1477-4b78-a60f-d0fd9b501158"
              }
            ],
            "spec": [
              {
                "min_ready_seconds": 0,
                "paused": false,
                "progress_deadline_seconds": 600,
                "replicas": "1",
                "revision_history_limit": 10,
                "selector": [
                  {
                    "match_expressions": [],
                    "match_labels": {
                      "App": "dataspace-issuer-server"
                    }
                  }
                ],
                "strategy": [
                  {
                    "rolling_update": [
                      {
                        "max_surge": "25%",
                        "max_unavailable": "25%"
                      }
                    ],
                    "type": "RollingUpdate"
                  }
                ],
                "template": [
                  {
                    "metadata": [
                      {
                        "annotations": {},
                        "generate_name": "",
                        "generation": 0,
                        "labels": {
                          "App": "dataspace-issuer-server"
                        },
                        "name": "",
                        "namespace": "",
                        "resource_version": "",
                        "uid": ""
                      }
                    ],
                    "spec": [
                      {
                        "active_deadline_seconds": 0,
                        "affinity": [],
                        "automount_service_account_token": true,
                        "container": [
                          {
                            "args": [],
                            "command": [],
                            "env": [],
                            "env_from": [],
                            "image": "nginx:latest",
                            "image_pull_policy": "IfNotPresent",
                            "lifecycle": [],
                            "liveness_probe": [],
                            "name": "nginx",
                            "port": [
                              {
                                "container_port": 80,
                                "host_ip": "",
                                "host_port": 0,
                                "name": "web",
                                "protocol": "TCP"
                              }
                            ],
                            "readiness_probe": [],
                            "resources": [
                              {
                                "limits": {},
                                "requests": {}
                              }
                            ],
                            "security_context": [],
                            "startup_probe": [],
                            "stdin": false,
                            "stdin_once": false,
                            "termination_message_path": "/dev/termination-log",
                            "termination_message_policy": "File",
                            "tty": false,
                            "volume_mount": [
                              {
                                "mount_path": "/etc/nginx/nginx.conf",
                                "mount_propagation": "None",
                                "name": "nginx-config",
                                "read_only": false,
                                "sub_path": "nginx.conf"
                              },
                              {
                                "mount_path": "/var/www/.well-known/did.json",
                                "mount_propagation": "None",
                                "name": "nginx-config",
                                "read_only": false,
                                "sub_path": "did.json"
                              }
                            ],
                            "working_dir": ""
                          }
                        ],
                        "dns_config": [],
                        "dns_policy": "ClusterFirst",
                        "enable_service_links": true,
                        "host_aliases": [],
                        "host_ipc": false,
                        "host_network": false,
                        "host_pid": false,
                        "hostname": "",
                        "image_pull_secrets": [],
                        "init_container": [],
                        "node_name": "",
                        "node_selector": {},
                        "priority_class_name": "",
                        "readiness_gate": [],
                        "restart_policy": "Always",
                        "runtime_class_name": "",
                        "scheduler_name": "default-scheduler",
                        "security_context": [],
                        "service_account_name": "",
                        "share_process_namespace": false,
                        "subdomain": "",
                        "termination_grace_period_seconds": 30,
                        "toleration": [],
                        "topology_spread_constraint": [],
                        "volume": [
                          {
                            "aws_elastic_block_store": [],
                            "azure_disk": [],
                            "azure_file": [],
                            "ceph_fs": [],
                            "cinder": [],
                            "config_map": [
                              {
                                "default_mode": "0644",
                                "items": [],
                                "name": "nginx-conf",
                                "optional": false
                              }
                            ],
                            "csi": [],
                            "downward_api": [],
                            "empty_dir": [],
                            "ephemeral": [],
                            "fc": [],
                            "flex_volume": [],
                            "flocker": [],
                            "gce_persistent_disk": [],
                            "git_repo": [],
                            "glusterfs": [],
                            "host_path": [],
                            "iscsi": [],
                            "local": [],
                            "name": "nginx-config",
                            "nfs": [],
                            "persistent_volume_claim": [],
                            "photon_persistent_disk": [],
                            "projected": [],
                            "quobyte": [],
                            "rbd": [],
                            "secret": [],
                            "vsphere_volume": []
                          }
                        ]
                      }
                    ]
                  }
                ]
              }
            ],
            "timeouts": null,
            "wait_for_rollout": true
          },
          "sensitive_attributes": [],
          "identity_schema_version": 0,
          "private": "eyJlMmJmYjczMC1lY2FhLTExZTYtOGY4OC0zNDM2M2JjN2M0YzAiOnsiY3JlYXRlIjo2MDAwMDAwMDAwMDAsImRlbGV0ZSI6NjAwMDAwMDAwMDAwLCJ1cGRhdGUiOjYwMDAwMDAwMDAwMH0sInNjaGVtYV92ZXJzaW9uIjoiMSJ9",
          "dependencies": [
            "kubernetes_namespace.mxd-ns"
          ]
        }
      ]
    },
    {
      "mode": "managed",
      "type": "kubernetes_ingress_v1",
      "name": "api-ingress",
      "provider": "provider[\"registry.terraform.io/hashicorp/kubernetes\"]",
      "instances": [
        {
          "schema_version": 0,
          "attributes": {
            "id": "mxd/data-service-ingress",
            "metadata": [
              {
                "annotations": {
                  "nginx.ingress.kubernetes.io/rewrite-target": "/$2",
                  "nginx.ingress.kubernetes.io/use-regex": "true"
                },
                "generate_name": "",
                "generation": 1,
                "labels": {},
                "name": "data-service-ingress",
                "namespace": "mxd",
                "resource_version": "10362",
                "uid": "ef981e71-44de-45cd-94ae-94939fdc3acd"
              }
            ],
            "spec": [
              {
                "default_backend": [],
                "ingress_class_name": "nginx",
                "rule": [
                  {
                    "host": "localhost",
                    "http": [
                      {
                        "path": [
                          {
                            "backend": [
                              {
                                "resource": [],
                                "service": [
                                  {
                                    "name": "data-service-api",
                                    "port": [
                                      {
                                        "name": "",
                                        "number": 8080
                                      }
                                    ]
                                  }
                                ]
                              }
                            ],
                            "path": "/data-service(/|$)(.*)",
                            "path_type": "ImplementationSpecific"
                          }
                        ]
                      }
                    ]
                  }
                ],
                "tls": []
              }
            ],
            "status": [
              {
                "load_balancer": [
                  {
                    "ingress": [
                      {
                        "hostname": "localhost",
                        "ip": ""
                      }
                    ]
                  }
                ]
              }
            ],
            "timeouts": null,
            "wait_for_load_balancer": null
          },
          "sensitive_attributes": [],
          "identity_schema_version": 0,
          "private": "eyJlMmJmYjczMC1lY2FhLTExZTYtOGY4OC0zNDM2M2JjN2M0YzAiOnsiY3JlYXRlIjoxMjAwMDAwMDAwMDAwLCJkZWxldGUiOjEyMDAwMDAwMDAwMDB9fQ=="
        }
      ]
    },
    {
      "mode": "managed",
      "type": "kubernetes_namespace",
      "name": "mxd-ns",
      "provider": "provider[\"registry.terraform.io/hashicorp/kubernetes\"]",
      "instances": [
        {
          "schema_version": 0,
          "attributes": {
            "id": "mxd",
            "metadata": [
              {
                "annotations": {},
                "generate_name": "",
                "generation": 0,
                "labels": {},
                "name": "mxd",
                "resource_version": "10102",
                "uid": "1e213cfd-b8d3-422b-8bd0-a25ea7bde03a"
              }
            ],
            "timeouts": null,
            "wait_for_default_service_account": false
          },
          "sensitive_attributes": [],
          "identity_schema_version": 0,
          "private": "eyJlMmJmYjczMC1lY2FhLTExZTYtOGY4OC0zNDM2M2JjN2M0YzAiOnsiZGVsZXRlIjozMDAwMDAwMDAwMDB9fQ=="
        }
      ]
    },
    {
      "mode": "managed",
      "type": "kubernetes_service",
      "name": "data-service-api",
      "provider": "provider[\"registry.terraform.io/hashicorp/kubernetes\"]",
      "instances": [
        {
          "schema_version": 1,
          "attributes": {
            "id": "mxd/data-service-api",
            "metadata": [
              {
                "annotations": {},
                "generate_name": "",
                "generation": 0,
                "labels": {},
                "name": "data-service-api",
                "namespace": "mxd",
                "resource_version": "10332",
                "uid": "55c2c64b-3dbe-4a08-bc62-c052d36b3683"
              }
            ],
            "spec": [
              {
                "allocate_load_balancer_node_ports": true,
                "cluster_ip": "10.96.3.35",
                "cluster_ips": [
                  "10.96.3.35"
                ],
                "external_ips": [],
                "external_name": "",
                "external_traffic_policy": "Cluster",
                "health_check_node_port": 0,
                "internal_traffic_policy": "Cluster",
                "ip_families": [
                  "IPv4"
                ],
                "ip_family_policy": "SingleStack",
                "load_balancer_class": "",
                "load_balancer_ip": "",
                "load_balancer_source_ranges": [],
                "port": [
                  {
                    "app_protocol": "",
                    "name": "api-port",
                    "node_port": 32631,
                    "port": 8080,
                    "protocol": "TCP",
                    "target_port": "8080"
                  }
                ],
                "publish_not_ready_addresses": false,
                "selector": {
                  "App": "data-service-api"
                },
                "session_affinity": "None",
                "session_affinity_config": [],
                "type": "NodePort"
              }
            ],
            "status": [
              {
                "load_balancer": [
                  {
                    "ingress": []
                  }
                ]
              }
            ],
            "timeouts": null,
            "wait_for_load_balancer": true
          },
          "sensitive_attributes": [],
          "identity_schema_version": 0,
          "private": "eyJlMmJmYjczMC1lY2FhLTExZTYtOGY4OC0zNDM2M2JjN2M0YzAiOnsiY3JlYXRlIjo2MDAwMDAwMDAwMDB9LCJzY2hlbWFfdmVyc2lvbiI6IjEifQ==",
          "dependencies": [
            "kubernetes_deployment.data-service-api",
            "kubernetes_namespace.mxd-ns"
          ]
        }
      ]
    },
    {
      "mode": "managed",
      "type": "kubernetes_service",
      "name": "dataspace-issuer-did-server-service",
      "provider": "provider[\"registry.terraform.io/hashicorp/kubernetes\"]",
      "instances": [
        {
          "schema_version": 1,
          "attributes": {
            "id": "mxd/dataspace-issuer",
            "metadata": [
              {
                "annotations": {},
                "generate_name": "",
                "generation": 0,
                "labels": {},
                "name": "dataspace-issuer",
                "namespace": "mxd",
                "resource_version": "10336",
                "uid": "04a5ee99-3f26-465f-937e-05bc8225e48a"
              }
            ],
            "spec": [
              {
                "allocate_load_balancer_node_ports": true,
                "cluster_ip": "10.96.172.243",
                "cluster_ips": [
                  "10.96.172.243"
                ],
                "external_ips": [],
                "external_name": "",
                "external_traffic_policy": "Cluster",
                "health_check_node_port": 0,
                "internal_traffic_policy": "Cluster",
                "ip_families": [
                  "IPv4"
                ],
                "ip_family_policy": "SingleStack",
                "load_balancer_class": "",
                "load_balancer_ip": "",
                "load_balancer_source_ranges": [],
                "port": [
                  {
                    "app_protocol": "",
                    "name": "web",
                    "node_port": 30637,
                    "port": 80,
                    "protocol": "TCP",
                    "target_port": "80"
                  }
                ],
                "publish_not_ready_addresses": false,
                "selector": {
                  "App": "dataspace-issuer-server"
                },
                "session_affinity": "None",
                "session_affinity_config": [],
                "type": "NodePort"
              }
            ],
            "status": [
              {
                "load_balancer": [
                  {
                    "ingress": []
                  }
                ]
              }
            ],
            "timeouts": null,
            "wait_for_load_balancer": true
          },
          "sensitive_attributes": [],
          "identity_schema_version": 0,
          "private": "eyJlMmJmYjczMC1lY2FhLTExZTYtOGY4OC0zNDM2M2JjN2M0YzAiOnsiY3JlYXRlIjo2MDAwMDAwMDAwMDB9LCJzY2hlbWFfdmVyc2lvbiI6IjEifQ==",
          "dependencies": [
            "kubernetes_deployment.dataspace-issuer-did-server",
            "kubernetes_namespace.mxd-ns"
          ]
        }
      ]
    },
    {
      "module": "module.alice-catalog-server",
      "mode": "managed",
      "type": "kubernetes_config_map",
      "name": "catalog-server-config",
      "provider": "provider[\"registry.terraform.io/hashicorp/kubernetes\"]",
      "instances": [
        {
          "schema_version": 0,
          "attributes": {
            "binary_data": {},
            "data": {
              "EDC_COMPONENT_ID": "alice-cs",
              "EDC_DATASOURCE_DEFAULT_PASSWORD": "catalogserver",
              "EDC_DATASOURCE_DEFAULT_URL": "jdbc:postgresql://10.96.76.249/catalogserver",
              "EDC_DATASOURCE_DEFAULT_USER": "catalogserver",
              "EDC_DSP_CALLBACK_ADDRESS": "http://alice-cs:8082/api/dsp",
              "EDC_IAM_DID_WEB_USE_HTTPS": "false",
              "EDC_IAM_ISSUER_ID": "did:web:alice-ih%3A7083:alice",
              "EDC_IAM_STS_OAUTH_CLIENT_ID": "did:web:alice-ih%3A7083:alice",
              "EDC_IAM_STS_OAUTH_CLIENT_SECRET_ALIAS": "did:web:alice-ih%3A7083:alice-sts-client-secret",
              "EDC_IAM_STS_OAUTH_TOKEN_URL": "http://alice-ih:7084/api/sts/token",
              "EDC_IAM_STS_PRIVATEKEY_ALIAS": "BPNL000000000001#key-1",
              "EDC_IAM_STS_PUBLICKEY_ID": "BPNL000000000001#key-1",
              "EDC_IAM_TRUSTED-ISSUER_DATASPACE-ISSUER_ID": "did:web:dataspace-issuer",
              "EDC_IAM_TRUSTED-ISSUER_DATASPACE-ISSUER_SUPPORTEDTYPES": "[\"*\"]",
              "EDC_IH_AUDIENCE_REGISTRY_PATH": "/etc/registry/registry.json",
              "EDC_MVD_PARTICIPANTS_LIST_FILE": "/etc/participants/participants.json",
              "EDC_PARTICIPANT_ID": "BPNL000000000001",
              "EDC_SQL_SCHEMA_AUTOCREATE": "true",
              "EDC_VAULT_HASHICORP_TOKEN": "root",
              "EDC_VAULT_HASHICORP_URL": "http://alice-vault:8200",
              "JAVA_TOOL_OPTIONS": "-agentlib:jdwp=transport=dt_socket,server=y,suspend=n,address=1044",
              "TX_IAM_IATP_BDRS_SERVER_URL": "http://bdrs-server:8082/api/directory",
              "WEB_HTTP_CATALOG_PATH": "/api/catalog",
              "WEB_HTTP_CATALOG_PORT": "8083",
              "WEB_HTTP_MANAGEMENT_PATH": "/api/management",
              "WEB_HTTP_MANAGEMENT_PORT": "8081",
              "WEB_HTTP_PATH": "/api",
              "WEB_HTTP_PORT": "8080",
              "WEB_HTTP_PROTOCOL_PATH": "/api/dsp",
              "WEB_HTTP_PROTOCOL_PORT": "8082"
            },
            "id": "mxd/alice-cs-config",
            "immutable": false,
            "metadata": [
              {
                "annotations": {},
                "generate_name": "",
                "generation": 0,
                "labels": {},
                "name": "alice-cs-config",
                "namespace": "mxd",
                "resource_version": "11190",
                "uid": "28a9445d-e1b4-4563-be5a-b65d92fb3bde"
              }
            ]
          },
          "sensitive_attributes": [],
          "identity_schema_version": 0,
          "private": "bnVsbA==",
          "dependencies": [
            "kubernetes_config_map.postgres-initdb-config",
            "kubernetes_namespace.mxd-ns",
            "module.alice-connector.helm_release.connector",
            "module.alice-connector.kubernetes_config_map.document",
            "module.alice-connector.kubernetes_config_map.participants-map",
            "module.alice-connector.kubernetes_ingress_v1.mxd-ingress",
            "module.alice-connector.kubernetes_job.azurite-init",
            "module.alice-connector.kubernetes_service.controlplane-service",
            "module.alice-identityhub.kubernetes_config_map.identityhub-config",
            "module.alice-identityhub.kubernetes_deployment.identityhub",
            "module.alice-identityhub.kubernetes_service.ih-service",
            "module.alice-minio.kubernetes_service.minio-service",
            "module.azurite.kubernetes_config_map.azurite-config",
            "module.azurite.kubernetes_deployment.azurite",
            "module.azurite.kubernetes_service.azurite",
            "module.postgres.kubernetes_config_map.postgres-env",
            "module.postgres.kubernetes_deployment.postgres",
            "module.postgres.kubernetes_service.pg-service"
          ]
        }
      ]
    },
    {
      "module": "module.alice-catalog-server",
      "mode": "managed",
      "type": "kubernetes_deployment",
      "name": "catalog-server",
      "provider": "provider[\"registry.terraform.io/hashicorp/kubernetes\"]",
      "instances": [
        {
          "schema_version": 1,
          "attributes": {
            "id": "mxd/alice-catalogserver",
            "metadata": [
              {
                "annotations": {},
                "generate_name": "",
                "generation": 1,
                "labels": {
                  "App": "alice-cs"
                },
                "name": "alice-catalogserver",
                "namespace": "mxd",
                "resource_version": "11237",
                "uid": "b72d7824-17b9-443a-aba0-37273b6cd3b0"
              }
            ],
            "spec": [
              {
                "min_ready_seconds": 0,
                "paused": false,
                "progress_deadline_seconds": 600,
                "replicas": "1",
                "revision_history_limit": 10,
                "selector": [
                  {
                    "match_expressions": [],
                    "match_labels": {
                      "App": "alice-cs"
                    }
                  }
                ],
                "strategy": [
                  {
                    "rolling_update": [
                      {
                        "max_surge": "25%",
                        "max_unavailable": "25%"
                      }
                    ],
                    "type": "RollingUpdate"
                  }
                ],
                "template": [
                  {
                    "metadata": [
                      {
                        "annotations": {},
                        "generate_name": "",
                        "generation": 0,
                        "labels": {
                          "App": "alice-cs"
                        },
                        "name": "",
                        "namespace": "",
                        "resource_version": "",
                        "uid": ""
                      }
                    ],
                    "spec": [
                      {
                        "active_deadline_seconds": 0,
                        "affinity": [],
                        "automount_service_account_token": true,
                        "container": [
                          {
                            "args": [],
                            "command": [],
                            "env": [],
                            "env_from": [
                              {
                                "config_map_ref": [
                                  {
                                    "name": "alice-cs-config",
                                    "optional": false
                                  }
                                ],
                                "prefix": "",
                                "secret_ref": []
                              }
                            ],
                            "image": "tx-catalog-server:latest",
                            "image_pull_policy": "Never",
                            "lifecycle": [],
                            "liveness_probe": [
                              {
                                "exec": [],
                                "failure_threshold": 5,
                                "grpc": [],
                                "http_get": [
                                  {
                                    "host": "",
                                    "http_header": [],
                                    "path": "/api/check/liveness",
                                    "port": "8080",
                                    "scheme": "HTTP"
                                  }
                                ],
                                "initial_delay_seconds": 0,
                                "period_seconds": 5,
                                "success_threshold": 1,
                                "tcp_socket": [],
                                "timeout_seconds": 10
                              }
                            ],
                            "name": "alice-catalogserver",
                            "port": [
                              {
                                "container_port": 8080,
                                "host_ip": "",
                                "host_port": 0,
                                "name": "default-port",
                                "protocol": "TCP"
                              },
                              {
                                "container_port": 1044,
                                "host_ip": "",
                                "host_port": 0,
                                "name": "debug-port",
                                "protocol": "TCP"
                              }
                            ],
                            "readiness_probe": [
                              {
                                "exec": [],
                                "failure_threshold": 5,
                                "grpc": [],
                                "http_get": [
                                  {
                                    "host": "",
                                    "http_header": [],
                                    "path": "/api/check/readiness",
                                    "port": "8080",
                                    "scheme": "HTTP"
                                  }
                                ],
                                "initial_delay_seconds": 0,
                                "period_seconds": 5,
                                "success_threshold": 1,
                                "tcp_socket": [],
                                "timeout_seconds": 10
                              }
                            ],
                            "resources": [
                              {
                                "limits": {},
                                "requests": {}
                              }
                            ],
                            "security_context": [],
                            "startup_probe": [
                              {
                                "exec": [],
                                "failure_threshold": 5,
                                "grpc": [],
                                "http_get": [
                                  {
                                    "host": "",
                                    "http_header": [],
                                    "path": "/api/check/startup",
                                    "port": "8080",
                                    "scheme": "HTTP"
                                  }
                                ],
                                "initial_delay_seconds": 0,
                                "period_seconds": 5,
                                "success_threshold": 1,
                                "tcp_socket": [],
                                "timeout_seconds": 10
                              }
                            ],
                            "stdin": false,
                            "stdin_once": false,
                            "termination_message_path": "/dev/termination-log",
                            "termination_message_policy": "File",
                            "tty": false,
                            "volume_mount": [
                              {
                                "mount_path": "/etc/registry",
                                "mount_propagation": "None",
                                "name": "registry-volume",
                                "read_only": false,
                                "sub_path": ""
                              }
                            ],
                            "working_dir": ""
                          }
                        ],
                        "dns_config": [],
                        "dns_policy": "ClusterFirst",
                        "enable_service_links": true,
                        "host_aliases": [],
                        "host_ipc": false,
                        "host_network": false,
                        "host_pid": false,
                        "hostname": "",
                        "image_pull_secrets": [],
                        "init_container": [],
                        "node_name": "",
                        "node_selector": {},
                        "priority_class_name": "",
                        "readiness_gate": [],
                        "restart_policy": "Always",
                        "runtime_class_name": "",
                        "scheduler_name": "default-scheduler",
                        "security_context": [],
                        "service_account_name": "",
                        "share_process_namespace": false,
                        "subdomain": "",
                        "termination_grace_period_seconds": 30,
                        "toleration": [],
                        "topology_spread_constraint": [],
                        "volume": [
                          {
                            "aws_elastic_block_store": [],
                            "azure_disk": [],
                            "azure_file": [],
                            "ceph_fs": [],
                            "cinder": [],
                            "config_map": [
                              {
                                "default_mode": "0644",
                                "items": [],
                                "name": "alice-cs-config",
                                "optional": false
                              }
                            ],
                            "csi": [],
                            "downward_api": [],
                            "empty_dir": [],
                            "ephemeral": [],
                            "fc": [],
                            "flex_volume": [],
                            "flocker": [],
                            "gce_persistent_disk": [],
                            "git_repo": [],
                            "glusterfs": [],
                            "host_path": [],
                            "iscsi": [],
                            "local": [],
                            "name": "registry-volume",
                            "nfs": [],
                            "persistent_volume_claim": [],
                            "photon_persistent_disk": [],
                            "projected": [],
                            "quobyte": [],
                            "rbd": [],
                            "secret": [],
                            "vsphere_volume": []
                          }
                        ]
                      }
                    ]
                  }
                ]
              }
            ],
            "timeouts": null,
            "wait_for_rollout": true
          },
          "sensitive_attributes": [],
          "identity_schema_version": 0,
          "private": "eyJlMmJmYjczMC1lY2FhLTExZTYtOGY4OC0zNDM2M2JjN2M0YzAiOnsiY3JlYXRlIjo2MDAwMDAwMDAwMDAsImRlbGV0ZSI6NjAwMDAwMDAwMDAwLCJ1cGRhdGUiOjYwMDAwMDAwMDAwMH0sInNjaGVtYV92ZXJzaW9uIjoiMSJ9",
          "dependencies": [
            "kubernetes_config_map.postgres-initdb-config",
            "kubernetes_namespace.mxd-ns",
            "module.alice-catalog-server.kubernetes_config_map.catalog-server-config",
            "module.alice-connector.helm_release.connector",
            "module.alice-connector.kubernetes_config_map.document",
            "module.alice-connector.kubernetes_config_map.participants-map",
            "module.alice-connector.kubernetes_ingress_v1.mxd-ingress",
            "module.alice-connector.kubernetes_job.azurite-init",
            "module.alice-connector.kubernetes_service.controlplane-service",
            "module.alice-identityhub.kubernetes_config_map.identityhub-config",
            "module.alice-identityhub.kubernetes_deployment.identityhub",
            "module.alice-identityhub.kubernetes_service.ih-service",
            "module.alice-minio.kubernetes_service.minio-service",
            "module.azurite.kubernetes_config_map.azurite-config",
            "module.azurite.kubernetes_deployment.azurite",
            "module.azurite.kubernetes_service.azurite",
            "module.postgres.kubernetes_config_map.postgres-env",
            "module.postgres.kubernetes_deployment.postgres",
            "module.postgres.kubernetes_service.pg-service"
          ]
        }
      ]
    },
    {
      "module": "module.alice-catalog-server",
      "mode": "managed",
      "type": "kubernetes_ingress_v1",
      "name": "api-ingress",
      "provider": "provider[\"registry.terraform.io/hashicorp/kubernetes\"]",
      "instances": [
        {
          "schema_version": 0,
          "attributes": {
            "id": "mxd/alice-cs-ingress",
            "metadata": [
              {
                "annotations": {
                  "nginx.ingress.kubernetes.io/rewrite-target": "/$2",
                  "nginx.ingress.kubernetes.io/use-regex": "true"
                },
                "generate_name": "",
                "generation": 1,
                "labels": {},
                "name": "alice-cs-ingress",
                "namespace": "mxd",
                "resource_version": "11312",
                "uid": "262f60f7-3981-43e0-9731-0654e6cd73a9"
              }
            ],
            "spec": [
              {
                "default_backend": [],
                "ingress_class_name": "nginx",
                "rule": [
                  {
                    "host": "localhost",
                    "http": [
                      {
                        "path": [
                          {
                            "backend": [
                              {
                                "resource": [],
                                "service": [
                                  {
                                    "name": "alice-cs",
                                    "port": [
                                      {
                                        "name": "",
                                        "number": 8081
                                      }
                                    ]
                                  }
                                ]
                              }
                            ],
                            "path": "/alice-cs(/|$)(.*)",
                            "path_type": "ImplementationSpecific"
                          }
                        ]
                      }
                    ]
                  }
                ],
                "tls": []
              }
            ],
            "status": [
              {
                "load_balancer": [
                  {
                    "ingress": [
                      {
                        "hostname": "localhost",
                        "ip": ""
                      }
                    ]
                  }
                ]
              }
            ],
            "timeouts": null,
            "wait_for_load_balancer": null
          },
          "sensitive_attributes": [],
          "identity_schema_version": 0,
          "private": "eyJlMmJmYjczMC1lY2FhLTExZTYtOGY4OC0zNDM2M2JjN2M0YzAiOnsiY3JlYXRlIjoxMjAwMDAwMDAwMDAwLCJkZWxldGUiOjEyMDAwMDAwMDAwMDB9fQ==",
          "dependencies": [
            "kubernetes_config_map.postgres-initdb-config",
            "kubernetes_namespace.mxd-ns",
            "module.alice-catalog-server.kubernetes_config_map.catalog-server-config",
            "module.alice-catalog-server.kubernetes_deployment.catalog-server",
            "module.alice-catalog-server.kubernetes_service.catalog-server-service",
            "module.alice-connector.helm_release.connector",
            "module.alice-connector.kubernetes_config_map.document",
            "module.alice-connector.kubernetes_config_map.participants-map",
            "module.alice-connector.kubernetes_ingress_v1.mxd-ingress",
            "module.alice-connector.kubernetes_job.azurite-init",
            "module.alice-connector.kubernetes_service.controlplane-service",
            "module.alice-identityhub.kubernetes_config_map.identityhub-config",
            "module.alice-identityhub.kubernetes_deployment.identityhub",
            "module.alice-identityhub.kubernetes_service.ih-service",
            "module.alice-minio.kubernetes_service.minio-service",
            "module.azurite.kubernetes_config_map.azurite-config",
            "module.azurite.kubernetes_deployment.azurite",
            "module.azurite.kubernetes_service.azurite",
            "module.postgres.kubernetes_config_map.postgres-env",
            "module.postgres.kubernetes_deployment.postgres",
            "module.postgres.kubernetes_service.pg-service"
          ]
        }
      ]
    },
    {
      "module": "module.alice-catalog-server",
      "mode": "managed",
      "type": "kubernetes_service",
      "name": "catalog-server-service",
      "provider": "provider[\"registry.terraform.io/hashicorp/kubernetes\"]",
      "instances": [
        {
          "schema_version": 1,
          "attributes": {
            "id": "mxd/alice-cs",
            "metadata": [
              {
                "annotations": {},
                "generate_name": "",
                "generation": 0,
                "labels": {},
                "name": "alice-cs",
                "namespace": "mxd",
                "resource_version": "11249",
                "uid": "dc35b9ba-bd1e-4766-8294-e4a716ecc7b6"
              }
            ],
            "spec": [
              {
                "allocate_load_balancer_node_ports": true,
                "cluster_ip": "10.96.152.244",
                "cluster_ips": [
                  "10.96.152.244"
                ],
                "external_ips": [],
                "external_name": "",
                "external_traffic_policy": "Cluster",
                "health_check_node_port": 0,
                "internal_traffic_policy": "Cluster",
                "ip_families": [
                  "IPv4"
                ],
                "ip_family_policy": "SingleStack",
                "load_balancer_class": "",
                "load_balancer_ip": "",
                "load_balancer_source_ranges": [],
                "port": [
                  {
                    "app_protocol": "",
                    "name": "health",
                    "node_port": 30169,
                    "port": 8080,
                    "protocol": "TCP",
                    "target_port": "8080"
                  },
                  {
                    "app_protocol": "",
                    "name": "management",
                    "node_port": 30593,
                    "port": 8081,
                    "protocol": "TCP",
                    "target_port": "8081"
                  },
                  {
                    "app_protocol": "",
                    "name": "protocol",
                    "node_port": 31602,
                    "port": 8082,
                    "protocol": "TCP",
                    "target_port": "8082"
                  },
                  {
                    "app_protocol": "",
                    "name": "debug",
                    "node_port": 32277,
                    "port": 1044,
                    "protocol": "TCP",
                    "target_port": "1044"
                  }
                ],
                "publish_not_ready_addresses": false,
                "selector": {
                  "App": "alice-cs"
                },
                "session_affinity": "None",
                "session_affinity_config": [],
                "type": "NodePort"
              }
            ],
            "status": [
              {
                "load_balancer": [
                  {
                    "ingress": []
                  }
                ]
              }
            ],
            "timeouts": null,
            "wait_for_load_balancer": true
          },
          "sensitive_attributes": [],
          "identity_schema_version": 0,
          "private": "eyJlMmJmYjczMC1lY2FhLTExZTYtOGY4OC0zNDM2M2JjN2M0YzAiOnsiY3JlYXRlIjo2MDAwMDAwMDAwMDB9LCJzY2hlbWFfdmVyc2lvbiI6IjEifQ==",
          "dependencies": [
            "kubernetes_config_map.postgres-initdb-config",
            "kubernetes_namespace.mxd-ns",
            "module.alice-catalog-server.kubernetes_config_map.catalog-server-config",
            "module.alice-catalog-server.kubernetes_deployment.catalog-server",
            "module.alice-connector.helm_release.connector",
            "module.alice-connector.kubernetes_config_map.document",
            "module.alice-connector.kubernetes_config_map.participants-map",
            "module.alice-connector.kubernetes_ingress_v1.mxd-ingress",
            "module.alice-connector.kubernetes_job.azurite-init",
            "module.alice-connector.kubernetes_service.controlplane-service",
            "module.alice-identityhub.kubernetes_config_map.identityhub-config",
            "module.alice-identityhub.kubernetes_deployment.identityhub",
            "module.alice-identityhub.kubernetes_service.ih-service",
            "module.alice-minio.kubernetes_service.minio-service",
            "module.azurite.kubernetes_config_map.azurite-config",
            "module.azurite.kubernetes_deployment.azurite",
            "module.azurite.kubernetes_service.azurite",
            "module.postgres.kubernetes_config_map.postgres-env",
            "module.postgres.kubernetes_deployment.postgres",
            "module.postgres.kubernetes_service.pg-service"
          ]
        }
      ]
    },
    {
      "module": "module.alice-connector",
      "mode": "managed",
      "type": "helm_release",
      "name": "connector",
      "provider": "provider[\"registry.terraform.io/hashicorp/helm\"]",
      "instances": [
        {
          "schema_version": 1,
          "attributes": {
            "atomic": false,
            "chart": "tractusx-connector",
            "cleanup_on_fail": true,
            "create_namespace": false,
            "dependency_update": true,
            "description": null,
            "devel": null,
            "disable_crd_hooks": false,
            "disable_openapi_validation": false,
            "disable_webhooks": false,
            "force_update": true,
            "id": "alice",
            "keyring": null,
            "lint": false,
            "manifest": null,
            "max_history": 0,
            "metadata": [
              {
                "app_version": "0.9.0",
                "chart": "tractusx-connector",
                "name": "alice",
                "namespace": "mxd",
                "revision": 1,
                "values": "{\"backendService\":{\"httpProxyTokenReceiverUrl\":\"http://backend:8080\"},\"controlplane\":{\"bdrs\":{\"server\":{\"url\":\"http://bdrs-server:8082/api/directory\"}},\"catalog\":{\"crawler\":{\"initialDelay\":10,\"period\":10,\"targetsFile\":\"/app/participants.json\"},\"enabled\":true},\"debug\":{\"enabled\":true,\"port\":1044},\"endpoints\":{\"management\":{\"authKey\":\"password\"}},\"env\":{\"EDC_BLOBSTORE_ENDPOINT_TEMPLATE\":\"http://azurite:10000/%s\",\"EDC_COMPONENT_ID\":\"alice\",\"EDC_DATAPLANE_SELECTOR_DEFAULTPLANE_DESTINATIONTYPES\":\"HttpProxy,AmazonS3,AzureStorage\",\"EDC_DATAPLANE_SELECTOR_DEFAULTPLANE_SOURCETYPES\":\"HttpData,AmazonS3,AzureStorage\",\"EDC_DSP_CALLBACK_ADDRESS\":\"http://alice-controlplane:8084/api/v1/dsp\",\"EDC_HOSTNAME\":\"alice-tractusx-connector-controlplane\",\"EDC_IAM_DID_WEB_USE_HTTPS\":\"false\",\"EDC_IAM_TRUSTED-ISSUER_DATASPACE-ISSUER_ID\":\"did:web:dataspace-issuer\",\"EDC_IAM_TRUSTED-ISSUER_DATASPACE-ISSUER_SUPPORTEDTYPES\":\"[\\\"*\\\"]\",\"TX_SSI_ENDPOINT_AUDIENCE\":\"http://alice-controlplane:8084/api/v1/dsp\"},\"image\":{\"pullPolicy\":\"Always\"},\"livenessProbe\":{\"enabled\":true,\"initialDelaySeconds\":5,\"periodSeconds\":5},\"readinessProbe\":{\"enabled\":true,\"initialDelaySeconds\":5,\"periodSeconds\":5},\"securityContext\":{\"readOnlyRootFilesystem\":false},\"service\":{\"type\":\"NodePort\"},\"volumeMounts\":[{\"mountPath\":\"/app/participants.json\",\"name\":\"participants\",\"subPath\":\"participants.json\"}],\"volumes\":[{\"configMap\":{\"items\":[{\"key\":\"participants.json\",\"path\":\"participants.json\"}],\"name\":\"alice-participants\"},\"name\":\"participants\"}]},\"dataplane\":{\"aws\":{\"accessKeyId\":\"qwerty123\",\"endpointOverride\":\"http://alice-minio:9000\",\"secretAccessKey\":\"qwerty123\"},\"debug\":{\"enabled\":true,\"port\":1044},\"env\":{\"EDC_API_AUTH_KEY\":\"password\",\"EDC_BLOBSTORE_ENDPOINT_TEMPLATE\":\"http://azurite:10000/%s\",\"EDC_IAM_DID_WEB_USE_HTTPS\":false},\"image\":{\"pullPolicy\":\"Always\"},\"livenessProbe\":{\"enabled\":true,\"initialDelaySeconds\":5,\"periodSeconds\":5},\"readinessProbe\":{\"enabled\":true,\"initialDelaySeconds\":5,\"periodSeconds\":5},\"securityContext\":{\"readOnlyRootFilesystem\":false},\"token\":{\"signer\":{\"privatekey_alias\":\"did:web:alice-ih%3A7083:alice#signing-key-1\"},\"verifier\":{\"publickey_alias\":\"did:web:alice-ih%3A7083:alice#signing-key-1\"}}},\"iatp\":{\"id\":\"did:web:alice-ih%3A7083:alice\",\"sts\":{\"oauth\":{\"client\":{\"id\":\"did:web:alice-ih%3A7083:alice\",\"secret_alias\":\"did:web:alice-ih%3A7083:alice-sts-client-secret\"},\"token_url\":\"http://alice-ih:7084/api/sts/token\"}}},\"install\":{\"postgresql\":false},\"participant\":{\"id\":\"BPNL000000000001\"},\"postgresql\":{\"auth\":{\"password\":\"alice\",\"username\":\"alice\"},\"jdbcUrl\":\"jdbc:postgresql://10.96.36.156:5432/alice\"},\"tests\":{\"hookDeletePolicy\":\"before-hook-creation\"},\"vault\":{\"hashicorp\":{\"secrets\":null,\"token\":\"root\",\"url\":\"http://{{ .Release.Name }}-vault:8200\"},\"server\":{\"postStart\":[\"sh\",\"-c\",\"sleep 5 \\u0026\\u0026 /bin/vault kv put secret/edc.aws.access.key content=aliceawsclient \\u0026\\u0026 /bin/vault kv put secret/edc.aws.secret.access.key content=aliceawssecret \\u0026\\u0026 /bin/vault kv put secret/aliceazureaccount-key content=YWxpY2VhenVyZWtleQ== \\u0026\\u0026 /bin/vault kv put secret/aliceazureaccount-sas content='{\\\"edctype\\\":\\\"dataspaceconnector:azuretoken\\\",\\\"sas\\\":\\\"sv=2023-01-03\\\\u0026ss=btqf\\\\u0026srt=sco\\\\u0026st=2023-11-23T13%3A17%3A09Z\\\\u0026se=2030-01-01T00%3A00%3A00Z\\\\u0026sp=rwdxftlacup\\\\u0026sig=uvPcqmLj7%2FMuadAKXMCA7SvWCnClQ9EA1b15OB0m1bc%3D\\\"}'\"]}}}",
                "version": "0.9.0"
              }
            ],
            "name": "alice",
            "namespace": "mxd",
            "pass_credentials": false,
            "postrender": [],
            "recreate_pods": false,
            "render_subchart_notes": true,
            "replace": true,
            "repository": "https://eclipse-tractusx.github.io/charts/dev",
            "repository_ca_file": null,
            "repository_cert_file": null,
            "repository_key_file": null,
            "repository_password": null,
            "repository_username": null,
            "reset_values": false,
            "reuse_values": true,
            "set": [
              {
                "name": "install.postgresql",
                "type": "",
                "value": "false"
              },
              {
                "name": "participant.id",
                "type": "",
                "value": "BPNL000000000001"
              },
              {
                "name": "postgresql.auth.password",
                "type": "",
                "value": "alice"
              },
              {
                "name": "postgresql.auth.username",
                "type": "",
                "value": "alice"
              },
              {
                "name": "postgresql.jdbcUrl",
                "type": "",
                "value": "jdbc:postgresql://10.96.36.156:5432/alice"
              }
            ],
            "set_list": [],
            "set_sensitive": [],
            "skip_crds": false,
            "status": "deployed",
            "timeout": 300,
            "values": [
              "#\n#  Copyright (c) 2023 Contributors to the Eclipse Foundation\n#\n#  See the NOTICE file(s) distributed with this work for additional\n#  information regarding copyright ownership.\n#\n#  This program and the accompanying materials are made available under the\n#  terms of the Apache License, Version 2.0 which is available at\n#  https://www.apache.org/licenses/LICENSE-2.0\n#\n#  Unless required by applicable law or agreed to in writing, software\n#  distributed under the License is distributed on an \"AS IS\" BASIS, WITHOUT\n#  WARRANTIES OR CONDITIONS OF ANY KIND, either express or implied. See the\n#  License for the specific language governing permissions and limitations\n#  under the License.\n#\n#  SPDX-License-Identifier: Apache-2.0\n#\n---\n\n################################\n# EDC ControlPlane + DataPlane #\n################################\nparticipant:\n  id: \"test-participant\"\ncontrolplane:\n  debug:\n    enabled: true\n    port: 1044\n  livenessProbe:\n    enabled: true\n    initialDelaySeconds: 5\n    periodSeconds: 5\n  readinessProbe:\n    enabled: true\n    initialDelaySeconds: 5\n    periodSeconds: 5\n  service:\n    type: NodePort\n  endpoints:\n    management:\n      authKey: password\n# uncomment the following lines if a custom tx-control-plane runtime images should be used.\n  image:\n    pullPolicy: Always\n\n  securityContext:\n    # avoids some errors in the log: cannot write temp files of large multipart requests when R/O\n    readOnlyRootFilesystem: false\ndataplane:\n  debug:\n    enabled: true\n    port: 1044\n  livenessProbe:\n    enabled: true\n    initialDelaySeconds: 5\n    periodSeconds: 5\n  readinessProbe:\n    enabled: true\n    initialDelaySeconds: 5\n    periodSeconds: 5\n  image:\n    pullPolicy: Always\n#    repository: \"edc-dataplane-hashicorp-vault\"\n  securityContext:\n    # avoids some errors in the log: cannot write temp files of large multipart requests when R/O\n    readOnlyRootFilesystem: false\n  aws:\n    endpointOverride: http://minio:9000\n    secretAccessKey: qwerty123\n    accessKeyId: qwerty123\n\n  env:\n    \"EDC_API_AUTH_KEY\" : \"password\"\n\npostgresql:\n   # JDBC URL should be set from `main.tf`\n   jdbcUrl:\n#  jdbcUrl: jdbc:postgresql://{{ .Release.Name }}-postgresql:5432/edc\n   auth:\n     username:\n     password:\nvault:\n  hashicorp:\n    url: http://{{ .Release.Name }}-vault:8200\n    token: root\n    secrets:\nbackendService:\n  httpProxyTokenReceiverUrl: \"http://backend:8080\"\ntests:\n  hookDeletePolicy: before-hook-creation",
              "\"vault\":\n  \"server\":\n    \"postStart\":\n    - \"sh\"\n    - \"-c\"\n    - \"sleep 5 \u0026\u0026 /bin/vault kv put secret/edc.aws.access.key content=aliceawsclient\n      \u0026\u0026 /bin/vault kv put secret/edc.aws.secret.access.key content=aliceawssecret\n      \u0026\u0026 /bin/vault kv put secret/aliceazureaccount-key content=YWxpY2VhenVyZWtleQ==\n      \u0026\u0026 /bin/vault kv put secret/aliceazureaccount-sas content='{\\\"edctype\\\":\\\"dataspaceconnector:azuretoken\\\",\\\"sas\\\":\\\"sv=2023-01-03\\\\u0026ss=btqf\\\\u0026srt=sco\\\\u0026st=2023-11-23T13%3A17%3A09Z\\\\u0026se=2030-01-01T00%3A00%3A00Z\\\\u0026sp=rwdxftlacup\\\\u0026sig=uvPcqmLj7%2FMuadAKXMCA7SvWCnClQ9EA1b15OB0m1bc%3D\\\"}'\"\n",
              "\"controlplane\":\n  \"volumeMounts\":\n  - \"mountPath\": \"/app/participants.json\"\n    \"name\": \"participants\"\n    \"subPath\": \"participants.json\"\n  \"volumes\":\n  - \"configMap\":\n      \"items\":\n      - \"key\": \"participants.json\"\n        \"path\": \"participants.json\"\n      \"name\": \"alice-participants\"\n    \"name\": \"participants\"\n",
              "\"controlplane\":\n  \"bdrs\":\n    \"server\":\n      \"url\": \"http://bdrs-server:8082/api/directory\"\n  \"catalog\":\n    \"crawler\":\n      \"initialDelay\": 10\n      \"period\": 10\n      \"targetsFile\": \"/app/participants.json\"\n    \"enabled\": true\n  \"env\":\n    \"EDC_BLOBSTORE_ENDPOINT_TEMPLATE\": \"http://azurite:10000/%s\"\n    \"EDC_COMPONENT_ID\": \"alice\"\n    \"EDC_DATAPLANE_SELECTOR_DEFAULTPLANE_DESTINATIONTYPES\": \"HttpProxy,AmazonS3,AzureStorage\"\n    \"EDC_DATAPLANE_SELECTOR_DEFAULTPLANE_SOURCETYPES\": \"HttpData,AmazonS3,AzureStorage\"\n    \"EDC_DSP_CALLBACK_ADDRESS\": \"http://alice-controlplane:8084/api/v1/dsp\"\n    \"EDC_HOSTNAME\": \"alice-tractusx-connector-controlplane\"\n    \"EDC_IAM_DID_WEB_USE_HTTPS\": \"false\"\n    \"EDC_IAM_TRUSTED-ISSUER_DATASPACE-ISSUER_ID\": \"did:web:dataspace-issuer\"\n    \"EDC_IAM_TRUSTED-ISSUER_DATASPACE-ISSUER_SUPPORTEDTYPES\": \"[\\\"*\\\"]\"\n    \"TX_SSI_ENDPOINT_AUDIENCE\": \"http://alice-controlplane:8084/api/v1/dsp\"\n\"dataplane\":\n  \"aws\":\n    \"endpointOverride\": \"http://alice-minio:9000\"\n  \"env\":\n    \"EDC_BLOBSTORE_ENDPOINT_TEMPLATE\": \"http://azurite:10000/%s\"\n    \"EDC_IAM_DID_WEB_USE_HTTPS\": false\n  \"token\":\n    \"signer\":\n      \"privatekey_alias\": \"did:web:alice-ih%3A7083:alice#signing-key-1\"\n    \"verifier\":\n      \"publickey_alias\": \"did:web:alice-ih%3A7083:alice#signing-key-1\"\n\"iatp\":\n  \"id\": \"did:web:alice-ih%3A7083:alice\"\n  \"sts\":\n    \"oauth\":\n      \"client\":\n        \"id\": \"did:web:alice-ih%3A7083:alice\"\n        \"secret_alias\": \"did:web:alice-ih%3A7083:alice-sts-client-secret\"\n      \"token_url\": \"http://alice-ih:7084/api/sts/token\"\n"
            ],
            "verify": false,
            "version": "0.9.0",
            "wait": true,
            "wait_for_jobs": false
          },
          "sensitive_attributes": [
            [
              {
                "type": "get_attr",
                "value": "repository_password"
              }
            ]
          ],
          "identity_schema_version": 0,
          "private": "eyJzY2hlbWFfdmVyc2lvbiI6IjEifQ==",
          "dependencies": [
            "kubernetes_config_map.postgres-initdb-config",
            "kubernetes_namespace.mxd-ns",
            "module.alice-connector.kubernetes_config_map.participants-map",
            "module.alice-connector.kubernetes_service.controlplane-service",
            "module.alice-minio.kubernetes_service.minio-service",
            "module.azurite.kubernetes_config_map.azurite-config",
            "module.azurite.kubernetes_deployment.azurite",
            "module.azurite.kubernetes_service.azurite",
            "module.postgres.kubernetes_config_map.postgres-env",
            "module.postgres.kubernetes_deployment.postgres",
            "module.postgres.kubernetes_service.pg-service"
          ]
        }
      ]
    },
    {
      "module": "module.alice-connector",
      "mode": "managed",
      "type": "kubernetes_config_map",
      "name": "document",
      "provider": "provider[\"registry.terraform.io/hashicorp/kubernetes\"]",
      "instances": [
        {
          "schema_version": 0,
          "attributes": {
            "binary_data": {},
            "data": {
              "test-document.txt": "This is a test document.\n"
            },
            "id": "mxd/alice-azurite-init-document",
            "immutable": false,
            "metadata": [
              {
                "annotations": {},
                "generate_name": "",
                "generation": 0,
                "labels": {},
                "name": "alice-azurite-init-document",
                "namespace": "mxd",
                "resource_version": "10427",
                "uid": "8a246242-9c34-4970-81d2-6526610e7305"
              }
            ]
          },
          "sensitive_attributes": [],
          "identity_schema_version": 0,
          "private": "bnVsbA==",
          "dependencies": [
            "kubernetes_namespace.mxd-ns",
            "module.azurite.kubernetes_config_map.azurite-config",
            "module.azurite.kubernetes_deployment.azurite",
            "module.azurite.kubernetes_service.azurite"
          ]
        }
      ]
    },
    {
      "module": "module.alice-connector",
      "mode": "managed",
      "type": "kubernetes_config_map",
      "name": "participants-map",
      "provider": "provider[\"registry.terraform.io/hashicorp/kubernetes\"]",
      "instances": [
        {
          "schema_version": 0,
          "attributes": {
            "binary_data": {},
            "data": {
              "participants.json": "[\n  {\n    \"name\": \"bob\",\n    \"id\": \"BPNL000000000002\",\n    \"url\": \"http://bob-controlplane:8084/api/v1/dsp\",\n    \"supportedProtocols\": \"dataspace-protocol-http\"\n  },\n  {\n    \"name\": \"alice\",\n    \"id\": \"BPNL000000000001\",\n    \"url\": \"http://alice-cs:8082/api/dsp\",\n    \"supportedProtocols\": \"dataspace-protocol-http\"\n  }\n]"
            },
            "id": "mxd/alice-participants",
            "immutable": false,
            "metadata": [
              {
                "annotations": {},
                "generate_name": "",
                "generation": 0,
                "labels": {},
                "name": "alice-participants",
                "namespace": "mxd",
                "resource_version": "10420",
                "uid": "6ad4e731-d7fb-4044-9fc0-39afba0c7f38"
              }
            ]
          },
          "sensitive_attributes": [],
          "identity_schema_version": 0,
          "private": "bnVsbA==",
          "dependencies": [
            "kubernetes_namespace.mxd-ns",
            "module.azurite.kubernetes_config_map.azurite-config",
            "module.azurite.kubernetes_deployment.azurite",
            "module.azurite.kubernetes_service.azurite"
          ]
        }
      ]
    },
    {
      "module": "module.alice-connector",
      "mode": "managed",
      "type": "kubernetes_ingress_v1",
      "name": "mxd-ingress",
      "provider": "provider[\"registry.terraform.io/hashicorp/kubernetes\"]",
      "instances": [
        {
          "schema_version": 0,
          "attributes": {
            "id": "mxd/alice-connector-ingress",
            "metadata": [
              {
                "annotations": {
                  "nginx.ingress.kubernetes.io/rewrite-target": "/$2",
                  "nginx.ingress.kubernetes.io/use-regex": "true"
                },
                "generate_name": "",
                "generation": 1,
                "labels": {},
                "name": "alice-connector-ingress",
                "namespace": "mxd",
                "resource_version": "10808",
                "uid": "894dd182-003d-4d36-a83b-480c67686221"
              }
            ],
            "spec": [
              {
                "default_backend": [],
                "ingress_class_name": "nginx",
                "rule": [
                  {
                    "host": "localhost",
                    "http": [
                      {
                        "path": [
                          {
                            "backend": [
                              {
                                "resource": [],
                                "service": [
                                  {
                                    "name": "alice-tractusx-connector-controlplane",
                                    "port": [
                                      {
                                        "name": "",
                                        "number": 8081
                                      }
                                    ]
                                  }
                                ]
                              }
                            ],
                            "path": "/alice(/|$)(.*)",
                            "path_type": "ImplementationSpecific"
                          },
                          {
                            "backend": [
                              {
                                "resource": [],
                                "service": [
                                  {
                                    "name": "alice-tractusx-connector-controlplane",
                                    "port": [
                                      {
                                        "name": "",
                                        "number": 8080
                                      }
                                    ]
                                  }
                                ]
                              }
                            ],
                            "path": "/alice/health(/|$)(.*)",
                            "path_type": "ImplementationSpecific"
                          },
                          {
                            "backend": [
                              {
                                "resource": [],
                                "service": [
                                  {
                                    "name": "alice-tractusx-connector-dataplane",
                                    "port": [
                                      {
                                        "name": "",
                                        "number": 8186
                                      }
                                    ]
                                  }
                                ]
                              }
                            ],
                            "path": "/alice(/|$)(proxy/.*)",
                            "path_type": "ImplementationSpecific"
                          },
                          {
                            "backend": [
                              {
                                "resource": [],
                                "service": [
                                  {
                                    "name": "alice-tractusx-connector-dataplane",
                                    "port": [
                                      {
                                        "name": "",
                                        "number": 8081
                                      }
                                    ]
                                  }
                                ]
                              }
                            ],
                            "path": "/alice(/|$)(api/public.*)",
                            "path_type": "ImplementationSpecific"
                          },
                          {
                            "backend": [
                              {
                                "resource": [],
                                "service": [
                                  {
                                    "name": "alice-controlplane",
                                    "port": [
                                      {
                                        "name": "",
                                        "number": 8085
                                      }
                                    ]
                                  }
                                ]
                              }
                            ],
                            "path": "/alice/fc(/|$)(.*)",
                            "path_type": "ImplementationSpecific"
                          }
                        ]
                      }
                    ]
                  }
                ],
                "tls": []
              }
            ],
            "status": [
              {
                "load_balancer": [
                  {
                    "ingress": [
                      {
                        "hostname": "localhost",
                        "ip": ""
                      }
                    ]
                  }
                ]
              }
            ],
            "timeouts": null,
            "wait_for_load_balancer": null
          },
          "sensitive_attributes": [],
          "identity_schema_version": 0,
          "private": "eyJlMmJmYjczMC1lY2FhLTExZTYtOGY4OC0zNDM2M2JjN2M0YzAiOnsiY3JlYXRlIjoxMjAwMDAwMDAwMDAwLCJkZWxldGUiOjEyMDAwMDAwMDAwMDB9fQ==",
          "dependencies": [
            "kubernetes_namespace.mxd-ns",
            "module.alice-connector.kubernetes_service.controlplane-service",
            "module.azurite.kubernetes_config_map.azurite-config",
            "module.azurite.kubernetes_deployment.azurite",
            "module.azurite.kubernetes_service.azurite"
          ]
        }
      ]
    },
    {
      "module": "module.alice-connector",
      "mode": "managed",
      "type": "kubernetes_job",
      "name": "azurite-init",
      "provider": "provider[\"registry.terraform.io/hashicorp/kubernetes\"]",
      "instances": [
        {
          "schema_version": 1,
          "attributes": {
            "id": "mxd/alice-azurite-init",
            "metadata": [
              {
                "annotations": null,
                "generate_name": "",
                "generation": 0,
                "labels": {},
                "name": "alice-azurite-init",
                "namespace": "mxd",
                "resource_version": "",
                "uid": ""
              }
            ],
            "spec": [
              {
                "active_deadline_seconds": 0,
                "backoff_limit": 6,
                "completion_mode": "NonIndexed",
                "completions": 1,
                "manual_selector": false,
                "parallelism": 1,
                "selector": [],
                "template": [
                  {
                    "metadata": [
                      {
                        "annotations": null,
                        "generate_name": "",
                        "generation": 0,
                        "labels": null,
                        "name": "alice-azurite-init",
                        "resource_version": "",
                        "uid": ""
                      }
                    ],
                    "spec": [
                      {
                        "active_deadline_seconds": 0,
                        "affinity": [],
                        "automount_service_account_token": true,
                        "container": [
                          {
                            "args": [
                              "az storage container create --verbose --debug --name alice-container --connection-string 'AccountName=aliceazureaccount;AccountKey=YWxpY2VhenVyZWtleQ==;DefaultEndpointsProtocol=http;BlobEndpoint=http://azurite:10000/aliceazureaccount' \u0026\u0026 az storage blob upload --verbose --debug --container-name alice-container --name alice-test-document.txt --file /opt/documents/test-document.txt --overwrite --connection-string 'AccountName=aliceazureaccount;AccountKey=YWxpY2VhenVyZWtleQ==;DefaultEndpointsProtocol=http;BlobEndpoint=http://azurite:10000/aliceazureaccount'"
                            ],
                            "command": [
                              "sh",
                              "-c"
                            ],
                            "env": [],
                            "env_from": [],
                            "image": "mcr.microsoft.com/azure-cli",
                            "image_pull_policy": "",
                            "lifecycle": [],
                            "liveness_probe": [],
                            "name": "alice-azurite-init",
                            "port": [],
                            "readiness_probe": [],
                            "resources": [],
                            "security_context": [],
                            "startup_probe": [],
                            "stdin": false,
                            "stdin_once": false,
                            "termination_message_path": "/dev/termination-log",
                            "termination_message_policy": "",
                            "tty": false,
                            "volume_mount": [
                              {
                                "mount_path": "/opt/documents",
                                "mount_propagation": "None",
                                "name": "alice-azurite-init-document",
                                "read_only": false,
                                "sub_path": ""
                              }
                            ],
                            "working_dir": ""
                          }
                        ],
                        "dns_config": [],
                        "dns_policy": "ClusterFirst",
                        "enable_service_links": true,
                        "host_aliases": [],
                        "host_ipc": false,
                        "host_network": false,
                        "host_pid": false,
                        "hostname": "",
                        "image_pull_secrets": [],
                        "init_container": [],
                        "node_name": "",
                        "node_selector": null,
                        "priority_class_name": "",
                        "readiness_gate": [],
                        "restart_policy": "OnFailure",
                        "runtime_class_name": "",
                        "scheduler_name": "",
                        "security_context": [],
                        "service_account_name": "",
                        "share_process_namespace": false,
                        "subdomain": "",
                        "termination_grace_period_seconds": 30,
                        "toleration": [],
                        "topology_spread_constraint": [],
                        "volume": [
                          {
                            "aws_elastic_block_store": [],
                            "azure_disk": [],
                            "azure_file": [],
                            "ceph_fs": [],
                            "cinder": [],
                            "config_map": [
                              {
                                "default_mode": "0644",
                                "items": [],
                                "name": "alice-azurite-init-document",
                                "optional": false
                              }
                            ],
                            "csi": [],
                            "downward_api": [],
                            "empty_dir": [],
                            "ephemeral": [],
                            "fc": [],
                            "flex_volume": [],
                            "flocker": [],
                            "gce_persistent_disk": [],
                            "git_repo": [],
                            "glusterfs": [],
                            "host_path": [],
                            "iscsi": [],
                            "local": [],
                            "name": "alice-azurite-init-document",
                            "nfs": [],
                            "persistent_volume_claim": [],
                            "photon_persistent_disk": [],
                            "projected": [],
                            "quobyte": [],
                            "rbd": [],
                            "secret": [],
                            "vsphere_volume": []
                          }
                        ]
                      }
                    ]
                  }
                ],
                "ttl_seconds_after_finished": "90"
              }
            ],
            "timeouts": null,
            "wait_for_completion": true
          },
          "sensitive_attributes": [],
          "identity_schema_version": 0,
          "private": "eyJlMmJmYjczMC1lY2FhLTExZTYtOGY4OC0zNDM2M2JjN2M0YzAiOnsiY3JlYXRlIjo2MDAwMDAwMDAwMCwiZGVsZXRlIjo2MDAwMDAwMDAwMCwidXBkYXRlIjo2MDAwMDAwMDAwMH0sInNjaGVtYV92ZXJzaW9uIjoiMSJ9",
          "dependencies": [
            "kubernetes_namespace.mxd-ns",
            "module.alice-connector.kubernetes_config_map.document",
            "module.azurite.kubernetes_config_map.azurite-config",
            "module.azurite.kubernetes_deployment.azurite",
            "module.azurite.kubernetes_service.azurite"
          ]
        }
      ]
    },
    {
      "module": "module.alice-connector",
      "mode": "managed",
      "type": "kubernetes_service",
      "name": "controlplane-service",
      "provider": "provider[\"registry.terraform.io/hashicorp/kubernetes\"]",
      "instances": [
        {
          "schema_version": 1,
          "attributes": {
            "id": "mxd/alice-controlplane",
            "metadata": [
              {
                "annotations": {},
                "generate_name": "",
                "generation": 0,
                "labels": {},
                "name": "alice-controlplane",
                "namespace": "mxd",
                "resource_version": "10430",
                "uid": "c1241d53-b679-40e8-8878-2915ff30891d"
              }
            ],
            "spec": [
              {
                "allocate_load_balancer_node_ports": true,
                "cluster_ip": "10.96.121.120",
                "cluster_ips": [
                  "10.96.121.120"
                ],
                "external_ips": [],
                "external_name": "",
                "external_traffic_policy": "Cluster",
                "health_check_node_port": 0,
                "internal_traffic_policy": "Cluster",
                "ip_families": [
                  "IPv4"
                ],
                "ip_family_policy": "SingleStack",
                "load_balancer_class": "",
                "load_balancer_ip": "",
                "load_balancer_source_ranges": [],
                "port": [
                  {
                    "app_protocol": "",
                    "name": "management",
                    "node_port": 30864,
                    "port": 8081,
                    "protocol": "TCP",
                    "target_port": "8081"
                  },
                  {
                    "app_protocol": "",
                    "name": "health",
                    "node_port": 30236,
                    "port": 8080,
                    "protocol": "TCP",
                    "target_port": "8080"
                  },
                  {
                    "app_protocol": "",
                    "name": "protocol",
                    "node_port": 31363,
                    "port": 8084,
                    "protocol": "TCP",
                    "target_port": "8084"
                  },
                  {
                    "app_protocol": "",
                    "name": "debug",
                    "node_port": 32519,
                    "port": 1044,
                    "protocol": "TCP",
                    "target_port": "1044"
                  },
                  {
                    "app_protocol": "",
                    "name": "catalog",
                    "node_port": 30231,
                    "port": 8085,
                    "protocol": "TCP",
                    "target_port": "8085"
                  }
                ],
                "publish_not_ready_addresses": false,
                "selector": {
                  "app.kubernetes.io/instance": "alice-controlplane",
                  "app.kubernetes.io/name": "tractusx-connector-controlplane"
                },
                "session_affinity": "None",
                "session_affinity_config": [],
                "type": "NodePort"
              }
            ],
            "status": [
              {
                "load_balancer": [
                  {
                    "ingress": []
                  }
                ]
              }
            ],
            "timeouts": null,
            "wait_for_load_balancer": true
          },
          "sensitive_attributes": [],
          "identity_schema_version": 0,
          "private": "eyJlMmJmYjczMC1lY2FhLTExZTYtOGY4OC0zNDM2M2JjN2M0YzAiOnsiY3JlYXRlIjo2MDAwMDAwMDAwMDB9LCJzY2hlbWFfdmVyc2lvbiI6IjEifQ==",
          "dependencies": [
            "kubernetes_namespace.mxd-ns",
            "module.azurite.kubernetes_config_map.azurite-config",
            "module.azurite.kubernetes_deployment.azurite",
            "module.azurite.kubernetes_service.azurite"
          ]
        }
      ]
    },
    {
      "module": "module.alice-identityhub",
      "mode": "managed",
      "type": "kubernetes_config_map",
      "name": "identityhub-config",
      "provider": "provider[\"registry.terraform.io/hashicorp/kubernetes\"]",
      "instances": [
        {
          "schema_version": 0,
          "attributes": {
            "binary_data": {},
            "data": {
              "EDC_DATASOURCE_DEFAULT_PASSWORD": "alice",
              "EDC_DATASOURCE_DEFAULT_URL": "jdbc:postgresql://10.96.36.156/alice",
              "EDC_DATASOURCE_DEFAULT_USER": "alice",
              "EDC_IAM_ACCESSTOKEN_JTI_VALIDATION": "true",
              "EDC_IAM_DID_WEB_USE_HTTPS": "false",
              "EDC_IAM_STS_PRIVATEKEY_ALIAS": "key-1",
              "EDC_IAM_STS_PUBLICKEY_ID": "key-1",
              "EDC_IH_API_SUPERUSER_KEY": "c3VwZXItdXNlcg==.c3VwZXItc2VjcmV0LWtleQo=",
              "EDC_IH_IAM_ID": "did:web:alice-ih%3A7083:alice",
              "EDC_IH_IAM_PUBLICKEY_ALIAS": "alice-ih-publickey",
              "EDC_MVD_CREDENTIALS_PATH": "/etc/credentials/",
              "EDC_SQL_SCHEMA_AUTOCREATE": "true",
              "EDC_VAULT_HASHICORP_TOKEN": "root",
              "EDC_VAULT_HASHICORP_URL": "http://alice-vault:8200",
              "JAVA_TOOL_OPTIONS": "-agentlib:jdwp=transport=dt_socket,server=y,suspend=n,address=1044",
              "WEB_HTTP_CREDENTIALS_PATH": "/api/credentials",
              "WEB_HTTP_CREDENTIALS_PORT": "7082",
              "WEB_HTTP_DID_PATH": "/",
              "WEB_HTTP_DID_PORT": "7083",
              "WEB_HTTP_IDENTITY_AUTH_KEY": "password",
              "WEB_HTTP_IDENTITY_PATH": "/api/identity",
              "WEB_HTTP_IDENTITY_PORT": "7081",
              "WEB_HTTP_PATH": "/api",
              "WEB_HTTP_PORT": "7080",
              "WEB_HTTP_STS_PATH": "/api/sts",
              "WEB_HTTP_STS_PORT": "7084"
            },
            "id": "mxd/alice-ih-config",
            "immutable": false,
            "metadata": [
              {
                "annotations": {},
                "generate_name": "",
                "generation": 0,
                "labels": {},
                "name": "alice-ih-config",
                "namespace": "mxd",
                "resource_version": "11121",
                "uid": "0ad3a46d-3121-4220-937e-e5821fc4b16e"
              }
            ]
          },
          "sensitive_attributes": [],
          "identity_schema_version": 0,
          "private": "bnVsbA==",
          "dependencies": [
            "kubernetes_config_map.postgres-initdb-config",
            "kubernetes_namespace.mxd-ns",
            "module.alice-connector.helm_release.connector",
            "module.alice-connector.kubernetes_config_map.document",
            "module.alice-connector.kubernetes_config_map.participants-map",
            "module.alice-connector.kubernetes_ingress_v1.mxd-ingress",
            "module.alice-connector.kubernetes_job.azurite-init",
            "module.alice-connector.kubernetes_service.controlplane-service",
            "module.alice-minio.kubernetes_service.minio-service",
            "module.azurite.kubernetes_config_map.azurite-config",
            "module.azurite.kubernetes_deployment.azurite",
            "module.azurite.kubernetes_service.azurite",
            "module.postgres.kubernetes_config_map.postgres-env",
            "module.postgres.kubernetes_deployment.postgres",
            "module.postgres.kubernetes_service.pg-service"
          ]
        }
      ]
    },
    {
      "module": "module.alice-identityhub",
      "mode": "managed",
      "type": "kubernetes_deployment",
      "name": "identityhub",
      "provider": "provider[\"registry.terraform.io/hashicorp/kubernetes\"]",
      "instances": [
        {
          "schema_version": 1,
          "attributes": {
            "id": "mxd/alice-ih",
            "metadata": [
              {
                "annotations": {},
                "generate_name": "",
                "generation": 1,
                "labels": {
                  "App": "alice-ih"
                },
                "name": "alice-ih",
                "namespace": "mxd",
                "resource_version": "11175",
                "uid": "f18f96e2-6099-4921-9c50-7489120ab0e0"
              }
            ],
            "spec": [
              {
                "min_ready_seconds": 0,
                "paused": false,
                "progress_deadline_seconds": 600,
                "replicas": "1",
                "revision_history_limit": 10,
                "selector": [
                  {
                    "match_expressions": [],
                    "match_labels": {
                      "App": "alice-ih"
                    }
                  }
                ],
                "strategy": [
                  {
                    "rolling_update": [
                      {
                        "max_surge": "25%",
                        "max_unavailable": "25%"
                      }
                    ],
                    "type": "RollingUpdate"
                  }
                ],
                "template": [
                  {
                    "metadata": [
                      {
                        "annotations": {},
                        "generate_name": "",
                        "generation": 0,
                        "labels": {
                          "App": "alice-ih"
                        },
                        "name": "",
                        "namespace": "",
                        "resource_version": "",
                        "uid": ""
                      }
                    ],
                    "spec": [
                      {
                        "active_deadline_seconds": 0,
                        "affinity": [],
                        "automount_service_account_token": true,
                        "container": [
                          {
                            "args": [],
                            "command": [],
                            "env": [],
                            "env_from": [
                              {
                                "config_map_ref": [
                                  {
                                    "name": "alice-ih-config",
                                    "optional": false
                                  }
                                ],
                                "prefix": "",
                                "secret_ref": []
                              }
                            ],
                            "image": "tx-identityhub:latest",
                            "image_pull_policy": "Never",
                            "lifecycle": [],
                            "liveness_probe": [
                              {
                                "exec": [],
                                "failure_threshold": 10,
                                "grpc": [],
                                "http_get": [
                                  {
                                    "host": "",
                                    "http_header": [],
                                    "path": "/api/check/liveness",
                                    "port": "7080",
                                    "scheme": "HTTP"
                                  }
                                ],
                                "initial_delay_seconds": 0,
                                "period_seconds": 5,
                                "success_threshold": 1,
                                "tcp_socket": [],
                                "timeout_seconds": 30
                              }
                            ],
                            "name": "tx-identityhub",
                            "port": [
                              {
                                "container_port": 7082,
                                "host_ip": "",
                                "host_port": 0,
                                "name": "pres-port",
                                "protocol": "TCP"
                              },
                              {
                                "container_port": 1044,
                                "host_ip": "",
                                "host_port": 0,
                                "name": "debug",
                                "protocol": "TCP"
                              },
                              {
                                "container_port": 7081,
                                "host_ip": "",
                                "host_port": 0,
                                "name": "identity",
                                "protocol": "TCP"
                              },
                              {
                                "container_port": 7083,
                                "host_ip": "",
                                "host_port": 0,
                                "name": "did",
                                "protocol": "TCP"
                              },
                              {
                                "container_port": 7080,
                                "host_ip": "",
                                "host_port": 0,
                                "name": "default-port",
                                "protocol": "TCP"
                              },
                              {
                                "container_port": 7084,
                                "host_ip": "",
                                "host_port": 0,
                                "name": "sts-port",
                                "protocol": "TCP"
                              }
                            ],
                            "readiness_probe": [
                              {
                                "exec": [],
                                "failure_threshold": 10,
                                "grpc": [],
                                "http_get": [
                                  {
                                    "host": "",
                                    "http_header": [],
                                    "path": "/api/check/readiness",
                                    "port": "7080",
                                    "scheme": "HTTP"
                                  }
                                ],
                                "initial_delay_seconds": 0,
                                "period_seconds": 5,
                                "success_threshold": 1,
                                "tcp_socket": [],
                                "timeout_seconds": 30
                              }
                            ],
                            "resources": [
                              {
                                "limits": {},
                                "requests": {}
                              }
                            ],
                            "security_context": [],
                            "startup_probe": [
                              {
                                "exec": [],
                                "failure_threshold": 10,
                                "grpc": [],
                                "http_get": [
                                  {
                                    "host": "",
                                    "http_header": [],
                                    "path": "/api/check/startup",
                                    "port": "7080",
                                    "scheme": "HTTP"
                                  }
                                ],
                                "initial_delay_seconds": 0,
                                "period_seconds": 5,
                                "success_threshold": 1,
                                "tcp_socket": [],
                                "timeout_seconds": 30
                              }
                            ],
                            "stdin": false,
                            "stdin_once": false,
                            "termination_message_path": "/dev/termination-log",
                            "termination_message_policy": "File",
                            "tty": false,
                            "volume_mount": [],
                            "working_dir": ""
                          }
                        ],
                        "dns_config": [],
                        "dns_policy": "ClusterFirst",
                        "enable_service_links": true,
                        "host_aliases": [],
                        "host_ipc": false,
                        "host_network": false,
                        "host_pid": false,
                        "hostname": "",
                        "image_pull_secrets": [],
                        "init_container": [],
                        "node_name": "",
                        "node_selector": {},
                        "priority_class_name": "",
                        "readiness_gate": [],
                        "restart_policy": "Always",
                        "runtime_class_name": "",
                        "scheduler_name": "default-scheduler",
                        "security_context": [],
                        "service_account_name": "",
                        "share_process_namespace": false,
                        "subdomain": "",
                        "termination_grace_period_seconds": 30,
                        "toleration": [],
                        "topology_spread_constraint": [],
                        "volume": []
                      }
                    ]
                  }
                ]
              }
            ],
            "timeouts": null,
            "wait_for_rollout": true
          },
          "sensitive_attributes": [],
          "identity_schema_version": 0,
          "private": "eyJlMmJmYjczMC1lY2FhLTExZTYtOGY4OC0zNDM2M2JjN2M0YzAiOnsiY3JlYXRlIjo2MDAwMDAwMDAwMDAsImRlbGV0ZSI6NjAwMDAwMDAwMDAwLCJ1cGRhdGUiOjYwMDAwMDAwMDAwMH0sInNjaGVtYV92ZXJzaW9uIjoiMSJ9",
          "dependencies": [
            "kubernetes_config_map.postgres-initdb-config",
            "kubernetes_namespace.mxd-ns",
            "module.alice-connector.helm_release.connector",
            "module.alice-connector.kubernetes_config_map.document",
            "module.alice-connector.kubernetes_config_map.participants-map",
            "module.alice-connector.kubernetes_ingress_v1.mxd-ingress",
            "module.alice-connector.kubernetes_job.azurite-init",
            "module.alice-connector.kubernetes_service.controlplane-service",
            "module.alice-identityhub.kubernetes_config_map.identityhub-config",
            "module.alice-minio.kubernetes_service.minio-service",
            "module.azurite.kubernetes_config_map.azurite-config",
            "module.azurite.kubernetes_deployment.azurite",
            "module.azurite.kubernetes_service.azurite",
            "module.postgres.kubernetes_config_map.postgres-env",
            "module.postgres.kubernetes_deployment.postgres",
            "module.postgres.kubernetes_service.pg-service"
          ]
        }
      ]
    },
    {
      "module": "module.alice-identityhub",
      "mode": "managed",
      "type": "kubernetes_ingress_v1",
      "name": "api-ingress",
      "provider": "provider[\"registry.terraform.io/hashicorp/kubernetes\"]",
      "instances": [
        {
          "schema_version": 0,
          "attributes": {
            "id": "mxd/alice-ih-ingress",
            "metadata": [
              {
                "annotations": {
                  "nginx.ingress.kubernetes.io/rewrite-target": "/$2",
                  "nginx.ingress.kubernetes.io/use-regex": "true"
                },
                "generate_name": "",
                "generation": 1,
                "labels": {},
                "name": "alice-ih-ingress",
                "namespace": "mxd",
                "resource_version": "11310",
                "uid": "6616171f-7357-49f4-9b83-b29d9f59768f"
              }
            ],
            "spec": [
              {
                "default_backend": [],
                "ingress_class_name": "nginx",
                "rule": [
                  {
                    "host": "",
                    "http": [
                      {
                        "path": [
                          {
                            "backend": [
                              {
                                "resource": [],
                                "service": [
                                  {
                                    "name": "alice-ih",
                                    "port": [
                                      {
                                        "name": "",
                                        "number": 7081
                                      }
                                    ]
                                  }
                                ]
                              }
                            ],
                            "path": "/alice-ih/cs(/|$)(.*)",
                            "path_type": "ImplementationSpecific"
                          },
                          {
                            "backend": [
                              {
                                "resource": [],
                                "service": [
                                  {
                                    "name": "alice-ih",
                                    "port": [
                                      {
                                        "name": "",
                                        "number": 7084
                                      }
                                    ]
                                  }
                                ]
                              }
                            ],
                            "path": "/alice-ih/sts(/|$)(.*)",
                            "path_type": "ImplementationSpecific"
                          }
                        ]
                      }
                    ]
                  }
                ],
                "tls": []
              }
            ],
            "status": [
              {
                "load_balancer": [
                  {
                    "ingress": [
                      {
                        "hostname": "localhost",
                        "ip": ""
                      }
                    ]
                  }
                ]
              }
            ],
            "timeouts": null,
            "wait_for_load_balancer": null
          },
          "sensitive_attributes": [],
          "identity_schema_version": 0,
          "private": "eyJlMmJmYjczMC1lY2FhLTExZTYtOGY4OC0zNDM2M2JjN2M0YzAiOnsiY3JlYXRlIjoxMjAwMDAwMDAwMDAwLCJkZWxldGUiOjEyMDAwMDAwMDAwMDB9fQ==",
          "dependencies": [
            "kubernetes_config_map.postgres-initdb-config",
            "kubernetes_namespace.mxd-ns",
            "module.alice-connector.helm_release.connector",
            "module.alice-connector.kubernetes_config_map.document",
            "module.alice-connector.kubernetes_config_map.participants-map",
            "module.alice-connector.kubernetes_ingress_v1.mxd-ingress",
            "module.alice-connector.kubernetes_job.azurite-init",
            "module.alice-connector.kubernetes_service.controlplane-service",
            "module.alice-identityhub.kubernetes_config_map.identityhub-config",
            "module.alice-identityhub.kubernetes_deployment.identityhub",
            "module.alice-identityhub.kubernetes_service.ih-service",
            "module.alice-minio.kubernetes_service.minio-service",
            "module.azurite.kubernetes_config_map.azurite-config",
            "module.azurite.kubernetes_deployment.azurite",
            "module.azurite.kubernetes_service.azurite",
            "module.postgres.kubernetes_config_map.postgres-env",
            "module.postgres.kubernetes_deployment.postgres",
            "module.postgres.kubernetes_service.pg-service"
          ]
        }
      ]
    },
    {
      "module": "module.alice-identityhub",
      "mode": "managed",
      "type": "kubernetes_ingress_v1",
      "name": "did-ingress",
      "provider": "provider[\"registry.terraform.io/hashicorp/kubernetes\"]",
      "instances": [
        {
          "schema_version": 0,
          "attributes": {
            "id": "mxd/alice-ih-did-server-ingress",
            "metadata": [
              {
                "annotations": {
                  "nginx.ingress.kubernetes.io/rewrite-target": "/alice-ih/$2"
                },
                "generate_name": "",
                "generation": 1,
                "labels": {},
                "name": "alice-ih-did-server-ingress",
                "namespace": "mxd",
                "resource_version": "11311",
                "uid": "66efa8f6-9d42-4059-989d-b06749aa528d"
              }
            ],
            "spec": [
              {
                "default_backend": [],
                "ingress_class_name": "nginx",
                "rule": [
                  {
                    "host": "",
                    "http": [
                      {
                        "path": [
                          {
                            "backend": [
                              {
                                "resource": [],
                                "service": [
                                  {
                                    "name": "alice-ih",
                                    "port": [
                                      {
                                        "name": "",
                                        "number": 7083
                                      }
                                    ]
                                  }
                                ]
                              }
                            ],
                            "path": "/alice-ih(/|\u0026)(.*)",
                            "path_type": "ImplementationSpecific"
                          }
                        ]
                      }
                    ]
                  }
                ],
                "tls": []
              }
            ],
            "status": [
              {
                "load_balancer": [
                  {
                    "ingress": [
                      {
                        "hostname": "localhost",
                        "ip": ""
                      }
                    ]
                  }
                ]
              }
            ],
            "timeouts": null,
            "wait_for_load_balancer": null
          },
          "sensitive_attributes": [],
          "identity_schema_version": 0,
          "private": "eyJlMmJmYjczMC1lY2FhLTExZTYtOGY4OC0zNDM2M2JjN2M0YzAiOnsiY3JlYXRlIjoxMjAwMDAwMDAwMDAwLCJkZWxldGUiOjEyMDAwMDAwMDAwMDB9fQ==",
          "dependencies": [
            "kubernetes_config_map.postgres-initdb-config",
            "kubernetes_namespace.mxd-ns",
            "module.alice-connector.helm_release.connector",
            "module.alice-connector.kubernetes_config_map.document",
            "module.alice-connector.kubernetes_config_map.participants-map",
            "module.alice-connector.kubernetes_ingress_v1.mxd-ingress",
            "module.alice-connector.kubernetes_job.azurite-init",
            "module.alice-connector.kubernetes_service.controlplane-service",
            "module.alice-identityhub.kubernetes_config_map.identityhub-config",
            "module.alice-identityhub.kubernetes_deployment.identityhub",
            "module.alice-identityhub.kubernetes_service.ih-service",
            "module.alice-minio.kubernetes_service.minio-service",
            "module.azurite.kubernetes_config_map.azurite-config",
            "module.azurite.kubernetes_deployment.azurite",
            "module.azurite.kubernetes_service.azurite",
            "module.postgres.kubernetes_config_map.postgres-env",
            "module.postgres.kubernetes_deployment.postgres",
            "module.postgres.kubernetes_service.pg-service"
          ]
        }
      ]
    },
    {
      "module": "module.alice-identityhub",
      "mode": "managed",
      "type": "kubernetes_service",
      "name": "ih-service",
      "provider": "provider[\"registry.terraform.io/hashicorp/kubernetes\"]",
      "instances": [
        {
          "schema_version": 1,
          "attributes": {
            "id": "mxd/alice-ih",
            "metadata": [
              {
                "annotations": {},
                "generate_name": "",
                "generation": 0,
                "labels": {},
                "name": "alice-ih",
                "namespace": "mxd",
                "resource_version": "11187",
                "uid": "ec66eb10-38bd-4d9d-9780-3fb254cab195"
              }
            ],
            "spec": [
              {
                "allocate_load_balancer_node_ports": true,
                "cluster_ip": "10.96.25.186",
                "cluster_ips": [
                  "10.96.25.186"
                ],
                "external_ips": [],
                "external_name": "",
                "external_traffic_policy": "Cluster",
                "health_check_node_port": 0,
                "internal_traffic_policy": "Cluster",
                "ip_families": [
                  "IPv4"
                ],
                "ip_family_policy": "SingleStack",
                "load_balancer_class": "",
                "load_balancer_ip": "",
                "load_balancer_source_ranges": [],
                "port": [
                  {
                    "app_protocol": "",
                    "name": "credentials",
                    "node_port": 30935,
                    "port": 7082,
                    "protocol": "TCP",
                    "target_port": "7082"
                  },
                  {
                    "app_protocol": "",
                    "name": "debug",
                    "node_port": 32561,
                    "port": 1044,
                    "protocol": "TCP",
                    "target_port": "1044"
                  },
                  {
                    "app_protocol": "",
                    "name": "identity",
                    "node_port": 31358,
                    "port": 7081,
                    "protocol": "TCP",
                    "target_port": "7081"
                  },
                  {
                    "app_protocol": "",
                    "name": "did",
                    "node_port": 31465,
                    "port": 7083,
                    "protocol": "TCP",
                    "target_port": "7083"
                  },
                  {
                    "app_protocol": "",
                    "name": "sts",
                    "node_port": 31236,
                    "port": 7084,
                    "protocol": "TCP",
                    "target_port": "7084"
                  }
                ],
                "publish_not_ready_addresses": false,
                "selector": {
                  "App": "alice-ih"
                },
                "session_affinity": "None",
                "session_affinity_config": [],
                "type": "NodePort"
              }
            ],
            "status": [
              {
                "load_balancer": [
                  {
                    "ingress": []
                  }
                ]
              }
            ],
            "timeouts": null,
            "wait_for_load_balancer": true
          },
          "sensitive_attributes": [],
          "identity_schema_version": 0,
          "private": "eyJlMmJmYjczMC1lY2FhLTExZTYtOGY4OC0zNDM2M2JjN2M0YzAiOnsiY3JlYXRlIjo2MDAwMDAwMDAwMDB9LCJzY2hlbWFfdmVyc2lvbiI6IjEifQ==",
          "dependencies": [
            "kubernetes_config_map.postgres-initdb-config",
            "kubernetes_namespace.mxd-ns",
            "module.alice-connector.helm_release.connector",
            "module.alice-connector.kubernetes_config_map.document",
            "module.alice-connector.kubernetes_config_map.participants-map",
            "module.alice-connector.kubernetes_ingress_v1.mxd-ingress",
            "module.alice-connector.kubernetes_job.azurite-init",
            "module.alice-connector.kubernetes_service.controlplane-service",
            "module.alice-identityhub.kubernetes_config_map.identityhub-config",
            "module.alice-identityhub.kubernetes_deployment.identityhub",
            "module.alice-minio.kubernetes_service.minio-service",
            "module.azurite.kubernetes_config_map.azurite-config",
            "module.azurite.kubernetes_deployment.azurite",
            "module.azurite.kubernetes_service.azurite",
            "module.postgres.kubernetes_config_map.postgres-env",
            "module.postgres.kubernetes_deployment.postgres",
            "module.postgres.kubernetes_service.pg-service"
          ]
        }
      ]
    },
    {
      "module": "module.alice-minio",
      "mode": "managed",
      "type": "kubernetes_config_map",
      "name": "document",
      "provider": "provider[\"registry.terraform.io/hashicorp/kubernetes\"]",
      "instances": [
        {
          "schema_version": 0,
          "attributes": {
            "binary_data": {},
            "data": {
              "test-document.txt": "This is a test document.\n"
            },
            "id": "mxd/alice-minio-document",
            "immutable": false,
            "metadata": [
              {
                "annotations": {},
                "generate_name": "",
                "generation": 0,
                "labels": {},
                "name": "alice-minio-document",
                "namespace": "mxd",
                "resource_version": "10115",
                "uid": "af2b1f1e-415d-4998-8acc-f1a81c0db7fd"
              }
            ]
          },
          "sensitive_attributes": [],
          "identity_schema_version": 0,
          "private": "bnVsbA=="
        }
      ]
    },
    {
      "module": "module.alice-minio",
      "mode": "managed",
      "type": "kubernetes_deployment",
      "name": "minio",
      "provider": "provider[\"registry.terraform.io/hashicorp/kubernetes\"]",
      "instances": [
        {
          "schema_version": 1,
          "attributes": {
            "id": "mxd/alice-minio",
            "metadata": [
              {
                "annotations": {},
                "generate_name": "",
                "generation": 1,
                "labels": {
                  "app": "alice-minio"
                },
                "name": "alice-minio",
                "namespace": "mxd",
                "resource_version": "10348",
                "uid": "964439c6-e7ea-4799-839e-a553b3636323"
              }
            ],
            "spec": [
              {
                "min_ready_seconds": 0,
                "paused": false,
                "progress_deadline_seconds": 600,
                "replicas": "1",
                "revision_history_limit": 10,
                "selector": [
                  {
                    "match_expressions": [],
                    "match_labels": {
                      "app": "alice-minio"
                    }
                  }
                ],
                "strategy": [
                  {
                    "rolling_update": [],
                    "type": "Recreate"
                  }
                ],
                "template": [
                  {
                    "metadata": [
                      {
                        "annotations": {},
                        "generate_name": "",
                        "generation": 0,
                        "labels": {
                          "app": "alice-minio"
                        },
                        "name": "",
                        "namespace": "",
                        "resource_version": "",
                        "uid": ""
                      }
                    ],
                    "spec": [
                      {
                        "active_deadline_seconds": 0,
                        "affinity": [],
                        "automount_service_account_token": true,
                        "container": [
                          {
                            "args": [
                              "server",
                              "/storage",
                              "--console-address=:9001"
                            ],
                            "command": [],
                            "env": [
                              {
                                "name": "MINIO_ROOT_USER",
                                "value": "aliceawsclient",
                                "value_from": []
                              },
                              {
                                "name": "MINIO_ROOT_PASSWORD",
                                "value": "aliceawssecret",
                                "value_from": []
                              }
                            ],
                            "env_from": [],
                            "image": "minio/minio:RELEASE.2022-03-17T06-34-49Z",
                            "image_pull_policy": "IfNotPresent",
                            "lifecycle": [],
                            "liveness_probe": [],
                            "name": "minio",
                            "port": [
                              {
                                "container_port": 9000,
                                "host_ip": "",
                                "host_port": 0,
                                "name": "api-port",
                                "protocol": "TCP"
                              },
                              {
                                "container_port": 9001,
                                "host_ip": "",
                                "host_port": 0,
                                "name": "console-port",
                                "protocol": "TCP"
                              }
                            ],
                            "readiness_probe": [],
                            "resources": [
                              {
                                "limits": {},
                                "requests": {}
                              }
                            ],
                            "security_context": [],
                            "startup_probe": [],
                            "stdin": false,
                            "stdin_once": false,
                            "termination_message_path": "/dev/termination-log",
                            "termination_message_policy": "File",
                            "tty": false,
                            "volume_mount": [],
                            "working_dir": ""
                          }
                        ],
                        "dns_config": [],
                        "dns_policy": "ClusterFirst",
                        "enable_service_links": true,
                        "host_aliases": [],
                        "host_ipc": false,
                        "host_network": false,
                        "host_pid": false,
                        "hostname": "",
                        "image_pull_secrets": [],
                        "init_container": [],
                        "node_name": "",
                        "node_selector": {},
                        "priority_class_name": "",
                        "readiness_gate": [],
                        "restart_policy": "Always",
                        "runtime_class_name": "",
                        "scheduler_name": "default-scheduler",
                        "security_context": [],
                        "service_account_name": "",
                        "share_process_namespace": false,
                        "subdomain": "",
                        "termination_grace_period_seconds": 30,
                        "toleration": [],
                        "topology_spread_constraint": [],
                        "volume": []
                      }
                    ]
                  }
                ]
              }
            ],
            "timeouts": null,
            "wait_for_rollout": true
          },
          "sensitive_attributes": [],
          "identity_schema_version": 0,
          "private": "eyJlMmJmYjczMC1lY2FhLTExZTYtOGY4OC0zNDM2M2JjN2M0YzAiOnsiY3JlYXRlIjo2MDAwMDAwMDAwMDAsImRlbGV0ZSI6NjAwMDAwMDAwMDAwLCJ1cGRhdGUiOjYwMDAwMDAwMDAwMH0sInNjaGVtYV92ZXJzaW9uIjoiMSJ9"
        }
      ]
    },
    {
      "module": "module.alice-minio",
      "mode": "managed",
      "type": "kubernetes_service",
      "name": "minio-service",
      "provider": "provider[\"registry.terraform.io/hashicorp/kubernetes\"]",
      "instances": [
        {
          "schema_version": 1,
          "attributes": {
            "id": "mxd/alice-minio",
            "metadata": [
              {
                "annotations": {},
                "generate_name": "",
                "generation": 0,
                "labels": {},
                "name": "alice-minio",
                "namespace": "mxd",
                "resource_version": "10175",
                "uid": "86cf510e-2b8c-411e-a59c-fcbb08a06090"
              }
            ],
            "spec": [
              {
                "allocate_load_balancer_node_ports": true,
                "cluster_ip": "10.96.138.55",
                "cluster_ips": [
                  "10.96.138.55"
                ],
                "external_ips": [],
                "external_name": "",
                "external_traffic_policy": "Cluster",
                "health_check_node_port": 0,
                "internal_traffic_policy": "Cluster",
                "ip_families": [
                  "IPv4"
                ],
                "ip_family_policy": "SingleStack",
                "load_balancer_class": "",
                "load_balancer_ip": "",
                "load_balancer_source_ranges": [],
                "port": [
                  {
                    "app_protocol": "",
                    "name": "api-port",
                    "node_port": 30745,
                    "port": 9000,
                    "protocol": "TCP",
                    "target_port": "9000"
                  },
                  {
                    "app_protocol": "",
                    "name": "console-port",
                    "node_port": 30849,
                    "port": 9001,
                    "protocol": "TCP",
                    "target_port": "9001"
                  }
                ],
                "publish_not_ready_addresses": false,
                "selector": {
                  "app": "alice-minio"
                },
                "session_affinity": "None",
                "session_affinity_config": [],
                "type": "NodePort"
              }
            ],
            "status": [
              {
                "load_balancer": [
                  {
                    "ingress": []
                  }
                ]
              }
            ],
            "timeouts": null,
            "wait_for_load_balancer": true
          },
          "sensitive_attributes": [],
          "identity_schema_version": 0,
          "private": "eyJlMmJmYjczMC1lY2FhLTExZTYtOGY4OC0zNDM2M2JjN2M0YzAiOnsiY3JlYXRlIjo2MDAwMDAwMDAwMDB9LCJzY2hlbWFfdmVyc2lvbiI6IjEifQ=="
        }
      ]
    },
    {
      "module": "module.azurite",
      "mode": "managed",
      "type": "kubernetes_config_map",
      "name": "azurite-config",
      "provider": "provider[\"registry.terraform.io/hashicorp/kubernetes\"]",
      "instances": [
        {
          "schema_version": 0,
          "attributes": {
            "binary_data": {},
            "data": {
              "AZURITE_ACCOUNTS": "aliceazureaccount:YWxpY2VhenVyZWtleQ==;bobazureaccount:Ym9iYXp1cmVrZXk=;trudyazureaccount:dHJ1ZHlhenVyZWtleQ==;"
            },
            "id": "mxd/azurite-config",
            "immutable": false,
            "metadata": [
              {
                "annotations": {},
                "generate_name": "",
                "generation": 0,
                "labels": {},
                "name": "azurite-config",
                "namespace": "mxd",
                "resource_version": "10179",
                "uid": "bd2a70e7-5ee0-4dac-873b-5fd4ca2a9225"
              }
            ]
          },
          "sensitive_attributes": [],
          "identity_schema_version": 0,
          "private": "bnVsbA==",
          "dependencies": [
            "kubernetes_namespace.mxd-ns"
          ]
        }
      ]
    },
    {
      "module": "module.azurite",
      "mode": "managed",
      "type": "kubernetes_deployment",
      "name": "azurite",
      "provider": "provider[\"registry.terraform.io/hashicorp/kubernetes\"]",
      "instances": [
        {
          "schema_version": 1,
          "attributes": {
            "id": "mxd/azurite",
            "metadata": [
              {
                "annotations": {},
                "generate_name": "",
                "generation": 1,
                "labels": {
                  "App": "azurite"
                },
                "name": "azurite",
                "namespace": "mxd",
                "resource_version": "10394",
                "uid": "05d138ba-49cc-4222-acbc-2dff02b74c50"
              }
            ],
            "spec": [
              {
                "min_ready_seconds": 0,
                "paused": false,
                "progress_deadline_seconds": 600,
                "replicas": "1",
                "revision_history_limit": 10,
                "selector": [
                  {
                    "match_expressions": [],
                    "match_labels": {
                      "App": "azurite"
                    }
                  }
                ],
                "strategy": [
                  {
                    "rolling_update": [
                      {
                        "max_surge": "25%",
                        "max_unavailable": "25%"
                      }
                    ],
                    "type": "RollingUpdate"
                  }
                ],
                "template": [
                  {
                    "metadata": [
                      {
                        "annotations": {},
                        "generate_name": "",
                        "generation": 0,
                        "labels": {
                          "App": "azurite"
                        },
                        "name": "",
                        "namespace": "",
                        "resource_version": "",
                        "uid": ""
                      }
                    ],
                    "spec": [
                      {
                        "active_deadline_seconds": 0,
                        "affinity": [],
                        "automount_service_account_token": true,
                        "container": [
                          {
                            "args": [],
                            "command": [],
                            "env": [],
                            "env_from": [
                              {
                                "config_map_ref": [
                                  {
                                    "name": "azurite-config",
                                    "optional": false
                                  }
                                ],
                                "prefix": "",
                                "secret_ref": []
                              }
                            ],
                            "image": "mcr.microsoft.com/azure-storage/azurite",
                            "image_pull_policy": "Always",
                            "lifecycle": [],
                            "liveness_probe": [],
                            "name": "azurite",
                            "port": [
                              {
                                "container_port": 10000,
                                "host_ip": "",
                                "host_port": 0,
                                "name": "blob-port",
                                "protocol": "TCP"
                              }
                            ],
                            "readiness_probe": [],
                            "resources": [
                              {
                                "limits": {},
                                "requests": {}
                              }
                            ],
                            "security_context": [],
                            "startup_probe": [],
                            "stdin": false,
                            "stdin_once": false,
                            "termination_message_path": "/dev/termination-log",
                            "termination_message_policy": "File",
                            "tty": false,
                            "volume_mount": [],
                            "working_dir": ""
                          }
                        ],
                        "dns_config": [],
                        "dns_policy": "ClusterFirst",
                        "enable_service_links": true,
                        "host_aliases": [],
                        "host_ipc": false,
                        "host_network": false,
                        "host_pid": false,
                        "hostname": "",
                        "image_pull_secrets": [],
                        "init_container": [],
                        "node_name": "",
                        "node_selector": {},
                        "priority_class_name": "",
                        "readiness_gate": [],
                        "restart_policy": "Always",
                        "runtime_class_name": "",
                        "scheduler_name": "default-scheduler",
                        "security_context": [],
                        "service_account_name": "",
                        "share_process_namespace": false,
                        "subdomain": "",
                        "termination_grace_period_seconds": 30,
                        "toleration": [],
                        "topology_spread_constraint": [],
                        "volume": []
                      }
                    ]
                  }
                ]
              }
            ],
            "timeouts": null,
            "wait_for_rollout": true
          },
          "sensitive_attributes": [],
          "identity_schema_version": 0,
          "private": "eyJlMmJmYjczMC1lY2FhLTExZTYtOGY4OC0zNDM2M2JjN2M0YzAiOnsiY3JlYXRlIjo2MDAwMDAwMDAwMDAsImRlbGV0ZSI6NjAwMDAwMDAwMDAwLCJ1cGRhdGUiOjYwMDAwMDAwMDAwMH0sInNjaGVtYV92ZXJzaW9uIjoiMSJ9",
          "dependencies": [
            "kubernetes_namespace.mxd-ns",
            "module.azurite.kubernetes_config_map.azurite-config"
          ]
        }
      ]
    },
    {
      "module": "module.azurite",
      "mode": "managed",
      "type": "kubernetes_service",
      "name": "azurite",
      "provider": "provider[\"registry.terraform.io/hashicorp/kubernetes\"]",
      "instances": [
        {
          "schema_version": 1,
          "attributes": {
            "id": "mxd/azurite",
            "metadata": [
              {
                "annotations": {},
                "generate_name": "",
                "generation": 0,
                "labels": {},
                "name": "azurite",
                "namespace": "mxd",
                "resource_version": "10409",
                "uid": "dfae401e-ef62-49ed-a781-cdc47d9c7ae6"
              }
            ],
            "spec": [
              {
                "allocate_load_balancer_node_ports": true,
                "cluster_ip": "10.96.44.180",
                "cluster_ips": [
                  "10.96.44.180"
                ],
                "external_ips": [],
                "external_name": "",
                "external_traffic_policy": "",
                "health_check_node_port": 0,
                "internal_traffic_policy": "Cluster",
                "ip_families": [
                  "IPv4"
                ],
                "ip_family_policy": "SingleStack",
                "load_balancer_class": "",
                "load_balancer_ip": "",
                "load_balancer_source_ranges": [],
                "port": [
                  {
                    "app_protocol": "",
                    "name": "blob-port",
                    "node_port": 0,
                    "port": 10000,
                    "protocol": "TCP",
                    "target_port": "10000"
                  }
                ],
                "publish_not_ready_addresses": false,
                "selector": {
                  "App": "azurite"
                },
                "session_affinity": "None",
                "session_affinity_config": [],
                "type": "ClusterIP"
              }
            ],
            "status": [
              {
                "load_balancer": [
                  {
                    "ingress": []
                  }
                ]
              }
            ],
            "timeouts": null,
            "wait_for_load_balancer": true
          },
          "sensitive_attributes": [],
          "identity_schema_version": 0,
          "private": "eyJlMmJmYjczMC1lY2FhLTExZTYtOGY4OC0zNDM2M2JjN2M0YzAiOnsiY3JlYXRlIjo2MDAwMDAwMDAwMDB9LCJzY2hlbWFfdmVyc2lvbiI6IjEifQ==",
          "dependencies": [
            "kubernetes_namespace.mxd-ns",
            "module.azurite.kubernetes_config_map.azurite-config",
            "module.azurite.kubernetes_deployment.azurite"
          ]
        }
      ]
    },
    {
      "module": "module.bob-connector",
      "mode": "managed",
      "type": "helm_release",
      "name": "connector",
      "provider": "provider[\"registry.terraform.io/hashicorp/helm\"]",
      "instances": [
        {
          "schema_version": 1,
          "attributes": {
            "atomic": false,
            "chart": "tractusx-connector",
            "cleanup_on_fail": true,
            "create_namespace": false,
            "dependency_update": true,
            "description": null,
            "devel": null,
            "disable_crd_hooks": false,
            "disable_openapi_validation": false,
            "disable_webhooks": false,
            "force_update": true,
            "id": "bob",
            "keyring": null,
            "lint": false,
            "manifest": null,
            "max_history": 0,
            "metadata": [
              {
                "app_version": "0.9.0",
                "chart": "tractusx-connector",
                "name": "bob",
                "namespace": "mxd",
                "revision": 1,
                "values": "{\"backendService\":{\"httpProxyTokenReceiverUrl\":\"http://backend:8080\"},\"controlplane\":{\"bdrs\":{\"server\":{\"url\":\"http://bdrs-server:8082/api/directory\"}},\"catalog\":{\"crawler\":{\"initialDelay\":10,\"period\":10,\"targetsFile\":\"/app/participants.json\"},\"enabled\":true},\"debug\":{\"enabled\":true,\"port\":1044},\"endpoints\":{\"management\":{\"authKey\":\"password\"}},\"env\":{\"EDC_BLOBSTORE_ENDPOINT_TEMPLATE\":\"http://azurite:10000/%s\",\"EDC_COMPONENT_ID\":\"bob\",\"EDC_DATAPLANE_SELECTOR_DEFAULTPLANE_DESTINATIONTYPES\":\"HttpProxy,AmazonS3,AzureStorage\",\"EDC_DATAPLANE_SELECTOR_DEFAULTPLANE_SOURCETYPES\":\"HttpData,AmazonS3,AzureStorage\",\"EDC_DSP_CALLBACK_ADDRESS\":\"http://bob-controlplane:8084/api/v1/dsp\",\"EDC_HOSTNAME\":\"bob-tractusx-connector-controlplane\",\"EDC_IAM_DID_WEB_USE_HTTPS\":\"false\",\"EDC_IAM_TRUSTED-ISSUER_DATASPACE-ISSUER_ID\":\"did:web:dataspace-issuer\",\"EDC_IAM_TRUSTED-ISSUER_DATASPACE-ISSUER_SUPPORTEDTYPES\":\"[\\\"*\\\"]\",\"TX_SSI_ENDPOINT_AUDIENCE\":\"http://bob-controlplane:8084/api/v1/dsp\"},\"image\":{\"pullPolicy\":\"Always\"},\"livenessProbe\":{\"enabled\":true,\"initialDelaySeconds\":5,\"periodSeconds\":5},\"readinessProbe\":{\"enabled\":true,\"initialDelaySeconds\":5,\"periodSeconds\":5},\"securityContext\":{\"readOnlyRootFilesystem\":false},\"service\":{\"type\":\"NodePort\"},\"volumeMounts\":[{\"mountPath\":\"/app/participants.json\",\"name\":\"participants\",\"subPath\":\"participants.json\"}],\"volumes\":[{\"configMap\":{\"items\":[{\"key\":\"participants.json\",\"path\":\"participants.json\"}],\"name\":\"bob-participants\"},\"name\":\"participants\"}]},\"dataplane\":{\"aws\":{\"accessKeyId\":\"qwerty123\",\"endpointOverride\":\"http://bob-minio:9000\",\"secretAccessKey\":\"qwerty123\"},\"debug\":{\"enabled\":true,\"port\":1044},\"env\":{\"EDC_API_AUTH_KEY\":\"password\",\"EDC_BLOBSTORE_ENDPOINT_TEMPLATE\":\"http://azurite:10000/%s\",\"EDC_IAM_DID_WEB_USE_HTTPS\":false},\"image\":{\"pullPolicy\":\"Always\"},\"livenessProbe\":{\"enabled\":true,\"initialDelaySeconds\":5,\"periodSeconds\":5},\"readinessProbe\":{\"enabled\":true,\"initialDelaySeconds\":5,\"periodSeconds\":5},\"securityContext\":{\"readOnlyRootFilesystem\":false},\"token\":{\"signer\":{\"privatekey_alias\":\"did:web:bob-ih%3A7083:bob#signing-key-1\"},\"verifier\":{\"publickey_alias\":\"did:web:bob-ih%3A7083:bob#signing-key-1\"}}},\"iatp\":{\"id\":\"did:web:bob-ih%3A7083:bob\",\"sts\":{\"oauth\":{\"client\":{\"id\":\"did:web:bob-ih%3A7083:bob\",\"secret_alias\":\"did:web:bob-ih%3A7083:bob-sts-client-secret\"},\"token_url\":\"http://bob-ih:7084/api/sts/token\"}}},\"install\":{\"postgresql\":false},\"participant\":{\"id\":\"BPNL000000000002\"},\"postgresql\":{\"auth\":{\"password\":\"bob\",\"username\":\"bob\"},\"jdbcUrl\":\"jdbc:postgresql://10.96.2.201:5432/bob\"},\"tests\":{\"hookDeletePolicy\":\"before-hook-creation\"},\"vault\":{\"hashicorp\":{\"secrets\":null,\"token\":\"root\",\"url\":\"http://{{ .Release.Name }}-vault:8200\"},\"server\":{\"postStart\":[\"sh\",\"-c\",\"sleep 5 \\u0026\\u0026 /bin/vault kv put secret/edc.aws.access.key content=bobawsclient \\u0026\\u0026 /bin/vault kv put secret/edc.aws.secret.access.key content=bobawssecret \\u0026\\u0026 /bin/vault kv put secret/bobazureaccount-key content=Ym9iYXp1cmVrZXk= \\u0026\\u0026 /bin/vault kv put secret/bobazureaccount-sas content='{\\\"edctype\\\":\\\"dataspaceconnector:azuretoken\\\",\\\"sas\\\":\\\"sv=2023-01-03\\\\u0026ss=btqf\\\\u0026srt=sco\\\\u0026st=2023-11-23T13%3A18%3A49Z\\\\u0026se=2030-01-01T00%3A00%3A00Z\\\\u0026sp=rwdftlacup\\\\u0026sig=Xki%2B2nHBT2V8oe%2BMmS%2BI%2FHzcAsTFCYWDv6t6zT%2FWXFM%3D\\\"}'\"]}}}",
                "version": "0.9.0"
              }
            ],
            "name": "bob",
            "namespace": "mxd",
            "pass_credentials": false,
            "postrender": [],
            "recreate_pods": false,
            "render_subchart_notes": true,
            "replace": true,
            "repository": "https://eclipse-tractusx.github.io/charts/dev",
            "repository_ca_file": null,
            "repository_cert_file": null,
            "repository_key_file": null,
            "repository_password": null,
            "repository_username": null,
            "reset_values": false,
            "reuse_values": true,
            "set": [
              {
                "name": "install.postgresql",
                "type": "",
                "value": "false"
              },
              {
                "name": "participant.id",
                "type": "",
                "value": "BPNL000000000002"
              },
              {
                "name": "postgresql.auth.password",
                "type": "",
                "value": "bob"
              },
              {
                "name": "postgresql.auth.username",
                "type": "",
                "value": "bob"
              },
              {
                "name": "postgresql.jdbcUrl",
                "type": "",
                "value": "jdbc:postgresql://10.96.2.201:5432/bob"
              }
            ],
            "set_list": [],
            "set_sensitive": [],
            "skip_crds": false,
            "status": "deployed",
            "timeout": 300,
            "values": [
              "#\n#  Copyright (c) 2023 Contributors to the Eclipse Foundation\n#\n#  See the NOTICE file(s) distributed with this work for additional\n#  information regarding copyright ownership.\n#\n#  This program and the accompanying materials are made available under the\n#  terms of the Apache License, Version 2.0 which is available at\n#  https://www.apache.org/licenses/LICENSE-2.0\n#\n#  Unless required by applicable law or agreed to in writing, software\n#  distributed under the License is distributed on an \"AS IS\" BASIS, WITHOUT\n#  WARRANTIES OR CONDITIONS OF ANY KIND, either express or implied. See the\n#  License for the specific language governing permissions and limitations\n#  under the License.\n#\n#  SPDX-License-Identifier: Apache-2.0\n#\n---\n\n################################\n# EDC ControlPlane + DataPlane #\n################################\nparticipant:\n  id: \"test-participant\"\ncontrolplane:\n  debug:\n    enabled: true\n    port: 1044\n  livenessProbe:\n    enabled: true\n    initialDelaySeconds: 5\n    periodSeconds: 5\n  readinessProbe:\n    enabled: true\n    initialDelaySeconds: 5\n    periodSeconds: 5\n  service:\n    type: NodePort\n  endpoints:\n    management:\n      authKey: password\n# uncomment the following lines if a custom tx-control-plane runtime images should be used.\n  image:\n    pullPolicy: Always\n\n  securityContext:\n    # avoids some errors in the log: cannot write temp files of large multipart requests when R/O\n    readOnlyRootFilesystem: false\ndataplane:\n  debug:\n    enabled: true\n    port: 1044\n  livenessProbe:\n    enabled: true\n    initialDelaySeconds: 5\n    periodSeconds: 5\n  readinessProbe:\n    enabled: true\n    initialDelaySeconds: 5\n    periodSeconds: 5\n  image:\n    pullPolicy: Always\n#    repository: \"edc-dataplane-hashicorp-vault\"\n  securityContext:\n    # avoids some errors in the log: cannot write temp files of large multipart requests when R/O\n    readOnlyRootFilesystem: false\n  aws:\n    endpointOverride: http://minio:9000\n    secretAccessKey: qwerty123\n    accessKeyId: qwerty123\n\n  env:\n    \"EDC_API_AUTH_KEY\" : \"password\"\n\npostgresql:\n   # JDBC URL should be set from `main.tf`\n   jdbcUrl:\n#  jdbcUrl: jdbc:postgresql://{{ .Release.Name }}-postgresql:5432/edc\n   auth:\n     username:\n     password:\nvault:\n  hashicorp:\n    url: http://{{ .Release.Name }}-vault:8200\n    token: root\n    secrets:\nbackendService:\n  httpProxyTokenReceiverUrl: \"http://backend:8080\"\ntests:\n  hookDeletePolicy: before-hook-creation",
              "\"vault\":\n  \"server\":\n    \"postStart\":\n    - \"sh\"\n    - \"-c\"\n    - \"sleep 5 \u0026\u0026 /bin/vault kv put secret/edc.aws.access.key content=bobawsclient\n      \u0026\u0026 /bin/vault kv put secret/edc.aws.secret.access.key content=bobawssecret \u0026\u0026\n      /bin/vault kv put secret/bobazureaccount-key content=Ym9iYXp1cmVrZXk= \u0026\u0026 /bin/vault\n      kv put secret/bobazureaccount-sas content='{\\\"edctype\\\":\\\"dataspaceconnector:azuretoken\\\",\\\"sas\\\":\\\"sv=2023-01-03\\\\u0026ss=btqf\\\\u0026srt=sco\\\\u0026st=2023-11-23T13%3A18%3A49Z\\\\u0026se=2030-01-01T00%3A00%3A00Z\\\\u0026sp=rwdftlacup\\\\u0026sig=Xki%2B2nHBT2V8oe%2BMmS%2BI%2FHzcAsTFCYWDv6t6zT%2FWXFM%3D\\\"}'\"\n",
              "\"controlplane\":\n  \"volumeMounts\":\n  - \"mountPath\": \"/app/participants.json\"\n    \"name\": \"participants\"\n    \"subPath\": \"participants.json\"\n  \"volumes\":\n  - \"configMap\":\n      \"items\":\n      - \"key\": \"participants.json\"\n        \"path\": \"participants.json\"\n      \"name\": \"bob-participants\"\n    \"name\": \"participants\"\n",
              "\"controlplane\":\n  \"bdrs\":\n    \"server\":\n      \"url\": \"http://bdrs-server:8082/api/directory\"\n  \"catalog\":\n    \"crawler\":\n      \"initialDelay\": 10\n      \"period\": 10\n      \"targetsFile\": \"/app/participants.json\"\n    \"enabled\": true\n  \"env\":\n    \"EDC_BLOBSTORE_ENDPOINT_TEMPLATE\": \"http://azurite:10000/%s\"\n    \"EDC_COMPONENT_ID\": \"bob\"\n    \"EDC_DATAPLANE_SELECTOR_DEFAULTPLANE_DESTINATIONTYPES\": \"HttpProxy,AmazonS3,AzureStorage\"\n    \"EDC_DATAPLANE_SELECTOR_DEFAULTPLANE_SOURCETYPES\": \"HttpData,AmazonS3,AzureStorage\"\n    \"EDC_DSP_CALLBACK_ADDRESS\": \"http://bob-controlplane:8084/api/v1/dsp\"\n    \"EDC_HOSTNAME\": \"bob-tractusx-connector-controlplane\"\n    \"EDC_IAM_DID_WEB_USE_HTTPS\": \"false\"\n    \"EDC_IAM_TRUSTED-ISSUER_DATASPACE-ISSUER_ID\": \"did:web:dataspace-issuer\"\n    \"EDC_IAM_TRUSTED-ISSUER_DATASPACE-ISSUER_SUPPORTEDTYPES\": \"[\\\"*\\\"]\"\n    \"TX_SSI_ENDPOINT_AUDIENCE\": \"http://bob-controlplane:8084/api/v1/dsp\"\n\"dataplane\":\n  \"aws\":\n    \"endpointOverride\": \"http://bob-minio:9000\"\n  \"env\":\n    \"EDC_BLOBSTORE_ENDPOINT_TEMPLATE\": \"http://azurite:10000/%s\"\n    \"EDC_IAM_DID_WEB_USE_HTTPS\": false\n  \"token\":\n    \"signer\":\n      \"privatekey_alias\": \"did:web:bob-ih%3A7083:bob#signing-key-1\"\n    \"verifier\":\n      \"publickey_alias\": \"did:web:bob-ih%3A7083:bob#signing-key-1\"\n\"iatp\":\n  \"id\": \"did:web:bob-ih%3A7083:bob\"\n  \"sts\":\n    \"oauth\":\n      \"client\":\n        \"id\": \"did:web:bob-ih%3A7083:bob\"\n        \"secret_alias\": \"did:web:bob-ih%3A7083:bob-sts-client-secret\"\n      \"token_url\": \"http://bob-ih:7084/api/sts/token\"\n"
            ],
            "verify": false,
            "version": "0.9.0",
            "wait": true,
            "wait_for_jobs": false
          },
          "sensitive_attributes": [
            [
              {
                "type": "get_attr",
                "value": "repository_password"
              }
            ]
          ],
          "identity_schema_version": 0,
          "private": "eyJzY2hlbWFfdmVyc2lvbiI6IjEifQ==",
          "dependencies": [
            "kubernetes_config_map.postgres-initdb-config",
            "kubernetes_namespace.mxd-ns",
            "module.azurite.kubernetes_config_map.azurite-config",
            "module.azurite.kubernetes_deployment.azurite",
            "module.azurite.kubernetes_service.azurite",
            "module.bob-connector.kubernetes_config_map.participants-map",
            "module.bob-connector.kubernetes_service.controlplane-service",
            "module.bob-minio.kubernetes_service.minio-service",
            "module.postgres.kubernetes_config_map.postgres-env",
            "module.postgres.kubernetes_deployment.postgres",
            "module.postgres.kubernetes_service.pg-service"
          ]
        }
      ]
    },
    {
      "module": "module.bob-connector",
      "mode": "managed",
      "type": "kubernetes_config_map",
      "name": "document",
      "provider": "provider[\"registry.terraform.io/hashicorp/kubernetes\"]",
      "instances": [
        {
          "schema_version": 0,
          "attributes": {
            "binary_data": {},
            "data": {
              "test-document.txt": "This is a test document.\n"
            },
            "id": "mxd/bob-azurite-init-document",
            "immutable": false,
            "metadata": [
              {
                "annotations": {},
                "generate_name": "",
                "generation": 0,
                "labels": {},
                "name": "bob-azurite-init-document",
                "namespace": "mxd",
                "resource_version": "10433",
                "uid": "d48d4689-cb0f-4329-94a0-f0c295c71800"
              }
            ]
          },
          "sensitive_attributes": [],
          "identity_schema_version": 0,
          "private": "bnVsbA==",
          "dependencies": [
            "kubernetes_namespace.mxd-ns",
            "module.azurite.kubernetes_config_map.azurite-config",
            "module.azurite.kubernetes_deployment.azurite",
            "module.azurite.kubernetes_service.azurite"
          ]
        }
      ]
    },
    {
      "module": "module.bob-connector",
      "mode": "managed",
      "type": "kubernetes_config_map",
      "name": "participants-map",
      "provider": "provider[\"registry.terraform.io/hashicorp/kubernetes\"]",
      "instances": [
        {
          "schema_version": 0,
          "attributes": {
            "binary_data": {},
            "data": {
              "participants.json": "[\n  {\n    \"name\": \"bob\",\n    \"id\": \"BPNL000000000002\",\n    \"url\": \"http://bob-controlplane:8084/api/v1/dsp\",\n    \"supportedProtocols\": \"dataspace-protocol-http\"\n  },\n  {\n    \"name\": \"alice\",\n    \"id\": \"BPNL000000000001\",\n    \"url\": \"http://alice-cs:8082/api/dsp\",\n    \"supportedProtocols\": \"dataspace-protocol-http\"\n  }\n]"
            },
            "id": "mxd/bob-participants",
            "immutable": false,
            "metadata": [
              {
                "annotations": {},
                "generate_name": "",
                "generation": 0,
                "labels": {},
                "name": "bob-participants",
                "namespace": "mxd",
                "resource_version": "10412",
                "uid": "9a0b9c6c-7090-4fbd-9206-f307abb2b07f"
              }
            ]
          },
          "sensitive_attributes": [],
          "identity_schema_version": 0,
          "private": "bnVsbA==",
          "dependencies": [
            "kubernetes_namespace.mxd-ns",
            "module.azurite.kubernetes_config_map.azurite-config",
            "module.azurite.kubernetes_deployment.azurite",
            "module.azurite.kubernetes_service.azurite"
          ]
        }
      ]
    },
    {
      "module": "module.bob-connector",
      "mode": "managed",
      "type": "kubernetes_ingress_v1",
      "name": "mxd-ingress",
      "provider": "provider[\"registry.terraform.io/hashicorp/kubernetes\"]",
      "instances": [
        {
          "schema_version": 0,
          "attributes": {
            "id": "mxd/bob-connector-ingress",
            "metadata": [
              {
                "annotations": {
                  "nginx.ingress.kubernetes.io/rewrite-target": "/$2",
                  "nginx.ingress.kubernetes.io/use-regex": "true"
                },
                "generate_name": "",
                "generation": 1,
                "labels": {},
                "name": "bob-connector-ingress",
                "namespace": "mxd",
                "resource_version": "10807",
                "uid": "125d9f1e-da39-4ee5-99d9-20e8e8c7b42a"
              }
            ],
            "spec": [
              {
                "default_backend": [],
                "ingress_class_name": "nginx",
                "rule": [
                  {
                    "host": "localhost",
                    "http": [
                      {
                        "path": [
                          {
                            "backend": [
                              {
                                "resource": [],
                                "service": [
                                  {
                                    "name": "bob-tractusx-connector-controlplane",
                                    "port": [
                                      {
                                        "name": "",
                                        "number": 8081
                                      }
                                    ]
                                  }
                                ]
                              }
                            ],
                            "path": "/bob(/|$)(.*)",
                            "path_type": "ImplementationSpecific"
                          },
                          {
                            "backend": [
                              {
                                "resource": [],
                                "service": [
                                  {
                                    "name": "bob-tractusx-connector-controlplane",
                                    "port": [
                                      {
                                        "name": "",
                                        "number": 8080
                                      }
                                    ]
                                  }
                                ]
                              }
                            ],
                            "path": "/bob/health(/|$)(.*)",
                            "path_type": "ImplementationSpecific"
                          },
                          {
                            "backend": [
                              {
                                "resource": [],
                                "service": [
                                  {
                                    "name": "bob-tractusx-connector-dataplane",
                                    "port": [
                                      {
                                        "name": "",
                                        "number": 8186
                                      }
                                    ]
                                  }
                                ]
                              }
                            ],
                            "path": "/bob(/|$)(proxy/.*)",
                            "path_type": "ImplementationSpecific"
                          },
                          {
                            "backend": [
                              {
                                "resource": [],
                                "service": [
                                  {
                                    "name": "bob-tractusx-connector-dataplane",
                                    "port": [
                                      {
                                        "name": "",
                                        "number": 8081
                                      }
                                    ]
                                  }
                                ]
                              }
                            ],
                            "path": "/bob(/|$)(api/public.*)",
                            "path_type": "ImplementationSpecific"
                          },
                          {
                            "backend": [
                              {
                                "resource": [],
                                "service": [
                                  {
                                    "name": "bob-controlplane",
                                    "port": [
                                      {
                                        "name": "",
                                        "number": 8085
                                      }
                                    ]
                                  }
                                ]
                              }
                            ],
                            "path": "/bob/fc(/|$)(.*)",
                            "path_type": "ImplementationSpecific"
                          }
                        ]
                      }
                    ]
                  }
                ],
                "tls": []
              }
            ],
            "status": [
              {
                "load_balancer": [
                  {
                    "ingress": [
                      {
                        "hostname": "localhost",
                        "ip": ""
                      }
                    ]
                  }
                ]
              }
            ],
            "timeouts": null,
            "wait_for_load_balancer": null
          },
          "sensitive_attributes": [],
          "identity_schema_version": 0,
          "private": "eyJlMmJmYjczMC1lY2FhLTExZTYtOGY4OC0zNDM2M2JjN2M0YzAiOnsiY3JlYXRlIjoxMjAwMDAwMDAwMDAwLCJkZWxldGUiOjEyMDAwMDAwMDAwMDB9fQ==",
          "dependencies": [
            "kubernetes_namespace.mxd-ns",
            "module.azurite.kubernetes_config_map.azurite-config",
            "module.azurite.kubernetes_deployment.azurite",
            "module.azurite.kubernetes_service.azurite",
            "module.bob-connector.kubernetes_service.controlplane-service"
          ]
        }
      ]
    },
    {
      "module": "module.bob-connector",
      "mode": "managed",
      "type": "kubernetes_job",
      "name": "azurite-init",
      "provider": "provider[\"registry.terraform.io/hashicorp/kubernetes\"]",
      "instances": [
        {
          "schema_version": 1,
          "attributes": {
            "id": "mxd/bob-azurite-init",
            "metadata": [
              {
                "annotations": null,
                "generate_name": "",
                "generation": 0,
                "labels": {},
                "name": "bob-azurite-init",
                "namespace": "mxd",
                "resource_version": "",
                "uid": ""
              }
            ],
            "spec": [
              {
                "active_deadline_seconds": 0,
                "backoff_limit": 6,
                "completion_mode": "NonIndexed",
                "completions": 1,
                "manual_selector": false,
                "parallelism": 1,
                "selector": [],
                "template": [
                  {
                    "metadata": [
                      {
                        "annotations": null,
                        "generate_name": "",
                        "generation": 0,
                        "labels": null,
                        "name": "bob-azurite-init",
                        "resource_version": "",
                        "uid": ""
                      }
                    ],
                    "spec": [
                      {
                        "active_deadline_seconds": 0,
                        "affinity": [],
                        "automount_service_account_token": true,
                        "container": [
                          {
                            "args": [
                              "az storage container create --verbose --debug --name bob-container --connection-string 'AccountName=bobazureaccount;AccountKey=Ym9iYXp1cmVrZXk=;DefaultEndpointsProtocol=http;BlobEndpoint=http://azurite:10000/bobazureaccount' \u0026\u0026 az storage blob upload --verbose --debug --container-name bob-container --name bob-test-document.txt --file /opt/documents/test-document.txt --overwrite --connection-string 'AccountName=bobazureaccount;AccountKey=Ym9iYXp1cmVrZXk=;DefaultEndpointsProtocol=http;BlobEndpoint=http://azurite:10000/bobazureaccount'"
                            ],
                            "command": [
                              "sh",
                              "-c"
                            ],
                            "env": [],
                            "env_from": [],
                            "image": "mcr.microsoft.com/azure-cli",
                            "image_pull_policy": "",
                            "lifecycle": [],
                            "liveness_probe": [],
                            "name": "bob-azurite-init",
                            "port": [],
                            "readiness_probe": [],
                            "resources": [],
                            "security_context": [],
                            "startup_probe": [],
                            "stdin": false,
                            "stdin_once": false,
                            "termination_message_path": "/dev/termination-log",
                            "termination_message_policy": "",
                            "tty": false,
                            "volume_mount": [
                              {
                                "mount_path": "/opt/documents",
                                "mount_propagation": "None",
                                "name": "bob-azurite-init-document",
                                "read_only": false,
                                "sub_path": ""
                              }
                            ],
                            "working_dir": ""
                          }
                        ],
                        "dns_config": [],
                        "dns_policy": "ClusterFirst",
                        "enable_service_links": true,
                        "host_aliases": [],
                        "host_ipc": false,
                        "host_network": false,
                        "host_pid": false,
                        "hostname": "",
                        "image_pull_secrets": [],
                        "init_container": [],
                        "node_name": "",
                        "node_selector": null,
                        "priority_class_name": "",
                        "readiness_gate": [],
                        "restart_policy": "OnFailure",
                        "runtime_class_name": "",
                        "scheduler_name": "",
                        "security_context": [],
                        "service_account_name": "",
                        "share_process_namespace": false,
                        "subdomain": "",
                        "termination_grace_period_seconds": 30,
                        "toleration": [],
                        "topology_spread_constraint": [],
                        "volume": [
                          {
                            "aws_elastic_block_store": [],
                            "azure_disk": [],
                            "azure_file": [],
                            "ceph_fs": [],
                            "cinder": [],
                            "config_map": [
                              {
                                "default_mode": "0644",
                                "items": [],
                                "name": "bob-azurite-init-document",
                                "optional": false
                              }
                            ],
                            "csi": [],
                            "downward_api": [],
                            "empty_dir": [],
                            "ephemeral": [],
                            "fc": [],
                            "flex_volume": [],
                            "flocker": [],
                            "gce_persistent_disk": [],
                            "git_repo": [],
                            "glusterfs": [],
                            "host_path": [],
                            "iscsi": [],
                            "local": [],
                            "name": "bob-azurite-init-document",
                            "nfs": [],
                            "persistent_volume_claim": [],
                            "photon_persistent_disk": [],
                            "projected": [],
                            "quobyte": [],
                            "rbd": [],
                            "secret": [],
                            "vsphere_volume": []
                          }
                        ]
                      }
                    ]
                  }
                ],
                "ttl_seconds_after_finished": "90"
              }
            ],
            "timeouts": null,
            "wait_for_completion": true
          },
          "sensitive_attributes": [],
          "identity_schema_version": 0,
          "private": "eyJlMmJmYjczMC1lY2FhLTExZTYtOGY4OC0zNDM2M2JjN2M0YzAiOnsiY3JlYXRlIjo2MDAwMDAwMDAwMCwiZGVsZXRlIjo2MDAwMDAwMDAwMCwidXBkYXRlIjo2MDAwMDAwMDAwMH0sInNjaGVtYV92ZXJzaW9uIjoiMSJ9",
          "dependencies": [
            "kubernetes_namespace.mxd-ns",
            "module.azurite.kubernetes_config_map.azurite-config",
            "module.azurite.kubernetes_deployment.azurite",
            "module.azurite.kubernetes_service.azurite",
            "module.bob-connector.kubernetes_config_map.document"
          ]
        }
      ]
    },
    {
      "module": "module.bob-connector",
      "mode": "managed",
      "type": "kubernetes_service",
      "name": "controlplane-service",
      "provider": "provider[\"registry.terraform.io/hashicorp/kubernetes\"]",
      "instances": [
        {
          "schema_version": 1,
          "attributes": {
            "id": "mxd/bob-controlplane",
            "metadata": [
              {
                "annotations": {},
                "generate_name": "",
                "generation": 0,
                "labels": {},
                "name": "bob-controlplane",
                "namespace": "mxd",
                "resource_version": "10425",
                "uid": "7f3b40cb-4709-4315-a459-9bf71c16d5e4"
              }
            ],
            "spec": [
              {
                "allocate_load_balancer_node_ports": true,
                "cluster_ip": "10.96.21.99",
                "cluster_ips": [
                  "10.96.21.99"
                ],
                "external_ips": [],
                "external_name": "",
                "external_traffic_policy": "Cluster",
                "health_check_node_port": 0,
                "internal_traffic_policy": "Cluster",
                "ip_families": [
                  "IPv4"
                ],
                "ip_family_policy": "SingleStack",
                "load_balancer_class": "",
                "load_balancer_ip": "",
                "load_balancer_source_ranges": [],
                "port": [
                  {
                    "app_protocol": "",
                    "name": "management",
                    "node_port": 31077,
                    "port": 8081,
                    "protocol": "TCP",
                    "target_port": "8081"
                  },
                  {
                    "app_protocol": "",
                    "name": "health",
                    "node_port": 30944,
                    "port": 8080,
                    "protocol": "TCP",
                    "target_port": "8080"
                  },
                  {
                    "app_protocol": "",
                    "name": "protocol",
                    "node_port": 31141,
                    "port": 8084,
                    "protocol": "TCP",
                    "target_port": "8084"
                  },
                  {
                    "app_protocol": "",
                    "name": "debug",
                    "node_port": 31948,
                    "port": 1044,
                    "protocol": "TCP",
                    "target_port": "1044"
                  },
                  {
                    "app_protocol": "",
                    "name": "catalog",
                    "node_port": 32689,
                    "port": 8085,
                    "protocol": "TCP",
                    "target_port": "8085"
                  }
                ],
                "publish_not_ready_addresses": false,
                "selector": {
                  "app.kubernetes.io/instance": "bob-controlplane",
                  "app.kubernetes.io/name": "tractusx-connector-controlplane"
                },
                "session_affinity": "None",
                "session_affinity_config": [],
                "type": "NodePort"
              }
            ],
            "status": [
              {
                "load_balancer": [
                  {
                    "ingress": []
                  }
                ]
              }
            ],
            "timeouts": null,
            "wait_for_load_balancer": true
          },
          "sensitive_attributes": [],
          "identity_schema_version": 0,
          "private": "eyJlMmJmYjczMC1lY2FhLTExZTYtOGY4OC0zNDM2M2JjN2M0YzAiOnsiY3JlYXRlIjo2MDAwMDAwMDAwMDB9LCJzY2hlbWFfdmVyc2lvbiI6IjEifQ==",
          "dependencies": [
            "kubernetes_namespace.mxd-ns",
            "module.azurite.kubernetes_config_map.azurite-config",
            "module.azurite.kubernetes_deployment.azurite",
            "module.azurite.kubernetes_service.azurite"
          ]
        }
      ]
    },
    {
      "module": "module.bob-identityhub",
      "mode": "managed",
      "type": "kubernetes_config_map",
      "name": "identityhub-config",
      "provider": "provider[\"registry.terraform.io/hashicorp/kubernetes\"]",
      "instances": [
        {
          "schema_version": 0,
          "attributes": {
            "binary_data": {},
            "data": {
              "EDC_DATASOURCE_DEFAULT_PASSWORD": "bob",
              "EDC_DATASOURCE_DEFAULT_URL": "jdbc:postgresql://10.96.2.201/bob",
              "EDC_DATASOURCE_DEFAULT_USER": "bob",
              "EDC_IAM_ACCESSTOKEN_JTI_VALIDATION": "true",
              "EDC_IAM_DID_WEB_USE_HTTPS": "false",
              "EDC_IAM_STS_PRIVATEKEY_ALIAS": "key-1",
              "EDC_IAM_STS_PUBLICKEY_ID": "key-1",
              "EDC_IH_API_SUPERUSER_KEY": "c3VwZXItdXNlcg==.c3VwZXItc2VjcmV0LWtleQo=",
              "EDC_IH_IAM_ID": "did:web:bob-ih%3A7083:bob",
              "EDC_IH_IAM_PUBLICKEY_ALIAS": "bob-ih-publickey",
              "EDC_MVD_CREDENTIALS_PATH": "/etc/credentials/",
              "EDC_SQL_SCHEMA_AUTOCREATE": "true",
              "EDC_VAULT_HASHICORP_TOKEN": "root",
              "EDC_VAULT_HASHICORP_URL": "http://bob-vault:8200",
              "JAVA_TOOL_OPTIONS": "-agentlib:jdwp=transport=dt_socket,server=y,suspend=n,address=1044",
              "WEB_HTTP_CREDENTIALS_PATH": "/api/credentials",
              "WEB_HTTP_CREDENTIALS_PORT": "7082",
              "WEB_HTTP_DID_PATH": "/",
              "WEB_HTTP_DID_PORT": "7083",
              "WEB_HTTP_IDENTITY_AUTH_KEY": "password",
              "WEB_HTTP_IDENTITY_PATH": "/api/identity",
              "WEB_HTTP_IDENTITY_PORT": "7081",
              "WEB_HTTP_PATH": "/api",
              "WEB_HTTP_PORT": "7080",
              "WEB_HTTP_STS_PATH": "/api/sts",
              "WEB_HTTP_STS_PORT": "7084"
            },
            "id": "mxd/bob-ih-config",
            "immutable": false,
            "metadata": [
              {
                "annotations": {},
                "generate_name": "",
                "generation": 0,
                "labels": {},
                "name": "bob-ih-config",
                "namespace": "mxd",
                "resource_version": "11136",
                "uid": "5bec71d2-214b-4e96-803a-102793c9bbf7"
              }
            ]
          },
          "sensitive_attributes": [],
          "identity_schema_version": 0,
          "private": "bnVsbA==",
          "dependencies": [
            "kubernetes_config_map.postgres-initdb-config",
            "kubernetes_namespace.mxd-ns",
            "module.azurite.kubernetes_config_map.azurite-config",
            "module.azurite.kubernetes_deployment.azurite",
            "module.azurite.kubernetes_service.azurite",
            "module.bob-connector.helm_release.connector",
            "module.bob-connector.kubernetes_config_map.document",
            "module.bob-connector.kubernetes_config_map.participants-map",
            "module.bob-connector.kubernetes_ingress_v1.mxd-ingress",
            "module.bob-connector.kubernetes_job.azurite-init",
            "module.bob-connector.kubernetes_service.controlplane-service",
            "module.bob-minio.kubernetes_service.minio-service",
            "module.postgres.kubernetes_config_map.postgres-env",
            "module.postgres.kubernetes_deployment.postgres",
            "module.postgres.kubernetes_service.pg-service"
          ]
        }
      ]
    },
    {
      "module": "module.bob-identityhub",
      "mode": "managed",
      "type": "kubernetes_deployment",
      "name": "identityhub",
      "provider": "provider[\"registry.terraform.io/hashicorp/kubernetes\"]",
      "instances": [
        {
          "schema_version": 1,
          "attributes": {
            "id": "mxd/bob-ih",
            "metadata": [
              {
                "annotations": {},
                "generate_name": "",
                "generation": 1,
                "labels": {
                  "App": "bob-ih"
                },
                "name": "bob-ih",
                "namespace": "mxd",
                "resource_version": "11177",
                "uid": "0b3baf49-f0d6-4d95-a4b6-c553e92d3524"
              }
            ],
            "spec": [
              {
                "min_ready_seconds": 0,
                "paused": false,
                "progress_deadline_seconds": 600,
                "replicas": "1",
                "revision_history_limit": 10,
                "selector": [
                  {
                    "match_expressions": [],
                    "match_labels": {
                      "App": "bob-ih"
                    }
                  }
                ],
                "strategy": [
                  {
                    "rolling_update": [
                      {
                        "max_surge": "25%",
                        "max_unavailable": "25%"
                      }
                    ],
                    "type": "RollingUpdate"
                  }
                ],
                "template": [
                  {
                    "metadata": [
                      {
                        "annotations": {},
                        "generate_name": "",
                        "generation": 0,
                        "labels": {
                          "App": "bob-ih"
                        },
                        "name": "",
                        "namespace": "",
                        "resource_version": "",
                        "uid": ""
                      }
                    ],
                    "spec": [
                      {
                        "active_deadline_seconds": 0,
                        "affinity": [],
                        "automount_service_account_token": true,
                        "container": [
                          {
                            "args": [],
                            "command": [],
                            "env": [],
                            "env_from": [
                              {
                                "config_map_ref": [
                                  {
                                    "name": "bob-ih-config",
                                    "optional": false
                                  }
                                ],
                                "prefix": "",
                                "secret_ref": []
                              }
                            ],
                            "image": "tx-identityhub:latest",
                            "image_pull_policy": "Never",
                            "lifecycle": [],
                            "liveness_probe": [
                              {
                                "exec": [],
                                "failure_threshold": 10,
                                "grpc": [],
                                "http_get": [
                                  {
                                    "host": "",
                                    "http_header": [],
                                    "path": "/api/check/liveness",
                                    "port": "7080",
                                    "scheme": "HTTP"
                                  }
                                ],
                                "initial_delay_seconds": 0,
                                "period_seconds": 5,
                                "success_threshold": 1,
                                "tcp_socket": [],
                                "timeout_seconds": 30
                              }
                            ],
                            "name": "tx-identityhub",
                            "port": [
                              {
                                "container_port": 7082,
                                "host_ip": "",
                                "host_port": 0,
                                "name": "pres-port",
                                "protocol": "TCP"
                              },
                              {
                                "container_port": 1044,
                                "host_ip": "",
                                "host_port": 0,
                                "name": "debug",
                                "protocol": "TCP"
                              },
                              {
                                "container_port": 7081,
                                "host_ip": "",
                                "host_port": 0,
                                "name": "identity",
                                "protocol": "TCP"
                              },
                              {
                                "container_port": 7083,
                                "host_ip": "",
                                "host_port": 0,
                                "name": "did",
                                "protocol": "TCP"
                              },
                              {
                                "container_port": 7080,
                                "host_ip": "",
                                "host_port": 0,
                                "name": "default-port",
                                "protocol": "TCP"
                              },
                              {
                                "container_port": 7084,
                                "host_ip": "",
                                "host_port": 0,
                                "name": "sts-port",
                                "protocol": "TCP"
                              }
                            ],
                            "readiness_probe": [
                              {
                                "exec": [],
                                "failure_threshold": 10,
                                "grpc": [],
                                "http_get": [
                                  {
                                    "host": "",
                                    "http_header": [],
                                    "path": "/api/check/readiness",
                                    "port": "7080",
                                    "scheme": "HTTP"
                                  }
                                ],
                                "initial_delay_seconds": 0,
                                "period_seconds": 5,
                                "success_threshold": 1,
                                "tcp_socket": [],
                                "timeout_seconds": 30
                              }
                            ],
                            "resources": [
                              {
                                "limits": {},
                                "requests": {}
                              }
                            ],
                            "security_context": [],
                            "startup_probe": [
                              {
                                "exec": [],
                                "failure_threshold": 10,
                                "grpc": [],
                                "http_get": [
                                  {
                                    "host": "",
                                    "http_header": [],
                                    "path": "/api/check/startup",
                                    "port": "7080",
                                    "scheme": "HTTP"
                                  }
                                ],
                                "initial_delay_seconds": 0,
                                "period_seconds": 5,
                                "success_threshold": 1,
                                "tcp_socket": [],
                                "timeout_seconds": 30
                              }
                            ],
                            "stdin": false,
                            "stdin_once": false,
                            "termination_message_path": "/dev/termination-log",
                            "termination_message_policy": "File",
                            "tty": false,
                            "volume_mount": [],
                            "working_dir": ""
                          }
                        ],
                        "dns_config": [],
                        "dns_policy": "ClusterFirst",
                        "enable_service_links": true,
                        "host_aliases": [],
                        "host_ipc": false,
                        "host_network": false,
                        "host_pid": false,
                        "hostname": "",
                        "image_pull_secrets": [],
                        "init_container": [],
                        "node_name": "",
                        "node_selector": {},
                        "priority_class_name": "",
                        "readiness_gate": [],
                        "restart_policy": "Always",
                        "runtime_class_name": "",
                        "scheduler_name": "default-scheduler",
                        "security_context": [],
                        "service_account_name": "",
                        "share_process_namespace": false,
                        "subdomain": "",
                        "termination_grace_period_seconds": 30,
                        "toleration": [],
                        "topology_spread_constraint": [],
                        "volume": []
                      }
                    ]
                  }
                ]
              }
            ],
            "timeouts": null,
            "wait_for_rollout": true
          },
          "sensitive_attributes": [],
          "identity_schema_version": 0,
          "private": "eyJlMmJmYjczMC1lY2FhLTExZTYtOGY4OC0zNDM2M2JjN2M0YzAiOnsiY3JlYXRlIjo2MDAwMDAwMDAwMDAsImRlbGV0ZSI6NjAwMDAwMDAwMDAwLCJ1cGRhdGUiOjYwMDAwMDAwMDAwMH0sInNjaGVtYV92ZXJzaW9uIjoiMSJ9",
          "dependencies": [
            "kubernetes_config_map.postgres-initdb-config",
            "kubernetes_namespace.mxd-ns",
            "module.azurite.kubernetes_config_map.azurite-config",
            "module.azurite.kubernetes_deployment.azurite",
            "module.azurite.kubernetes_service.azurite",
            "module.bob-connector.helm_release.connector",
            "module.bob-connector.kubernetes_config_map.document",
            "module.bob-connector.kubernetes_config_map.participants-map",
            "module.bob-connector.kubernetes_ingress_v1.mxd-ingress",
            "module.bob-connector.kubernetes_job.azurite-init",
            "module.bob-connector.kubernetes_service.controlplane-service",
            "module.bob-identityhub.kubernetes_config_map.identityhub-config",
            "module.bob-minio.kubernetes_service.minio-service",
            "module.postgres.kubernetes_config_map.postgres-env",
            "module.postgres.kubernetes_deployment.postgres",
            "module.postgres.kubernetes_service.pg-service"
          ]
        }
      ]
    },
    {
      "module": "module.bob-identityhub",
      "mode": "managed",
      "type": "kubernetes_ingress_v1",
      "name": "api-ingress",
      "provider": "provider[\"registry.terraform.io/hashicorp/kubernetes\"]",
      "instances": [
        {
          "schema_version": 0,
          "attributes": {
            "id": "mxd/bob-ih-ingress",
            "metadata": [
              {
                "annotations": {
                  "nginx.ingress.kubernetes.io/rewrite-target": "/$2",
                  "nginx.ingress.kubernetes.io/use-regex": "true"
                },
                "generate_name": "",
                "generation": 1,
                "labels": {},
                "name": "bob-ih-ingress",
                "namespace": "mxd",
                "resource_version": "11314",
                "uid": "a60aa9d8-f7e4-43b9-bc9f-4ed3d5e496eb"
              }
            ],
            "spec": [
              {
                "default_backend": [],
                "ingress_class_name": "nginx",
                "rule": [
                  {
                    "host": "",
                    "http": [
                      {
                        "path": [
                          {
                            "backend": [
                              {
                                "resource": [],
                                "service": [
                                  {
                                    "name": "bob-ih",
                                    "port": [
                                      {
                                        "name": "",
                                        "number": 7081
                                      }
                                    ]
                                  }
                                ]
                              }
                            ],
                            "path": "/bob-ih/cs(/|$)(.*)",
                            "path_type": "ImplementationSpecific"
                          },
                          {
                            "backend": [
                              {
                                "resource": [],
                                "service": [
                                  {
                                    "name": "bob-ih",
                                    "port": [
                                      {
                                        "name": "",
                                        "number": 7084
                                      }
                                    ]
                                  }
                                ]
                              }
                            ],
                            "path": "/bob-ih/sts(/|$)(.*)",
                            "path_type": "ImplementationSpecific"
                          }
                        ]
                      }
                    ]
                  }
                ],
                "tls": []
              }
            ],
            "status": [
              {
                "load_balancer": [
                  {
                    "ingress": [
                      {
                        "hostname": "localhost",
                        "ip": ""
                      }
                    ]
                  }
                ]
              }
            ],
            "timeouts": null,
            "wait_for_load_balancer": null
          },
          "sensitive_attributes": [],
          "identity_schema_version": 0,
          "private": "eyJlMmJmYjczMC1lY2FhLTExZTYtOGY4OC0zNDM2M2JjN2M0YzAiOnsiY3JlYXRlIjoxMjAwMDAwMDAwMDAwLCJkZWxldGUiOjEyMDAwMDAwMDAwMDB9fQ==",
          "dependencies": [
            "kubernetes_config_map.postgres-initdb-config",
            "kubernetes_namespace.mxd-ns",
            "module.azurite.kubernetes_config_map.azurite-config",
            "module.azurite.kubernetes_deployment.azurite",
            "module.azurite.kubernetes_service.azurite",
            "module.bob-connector.helm_release.connector",
            "module.bob-connector.kubernetes_config_map.document",
            "module.bob-connector.kubernetes_config_map.participants-map",
            "module.bob-connector.kubernetes_ingress_v1.mxd-ingress",
            "module.bob-connector.kubernetes_job.azurite-init",
            "module.bob-connector.kubernetes_service.controlplane-service",
            "module.bob-identityhub.kubernetes_config_map.identityhub-config",
            "module.bob-identityhub.kubernetes_deployment.identityhub",
            "module.bob-identityhub.kubernetes_service.ih-service",
            "module.bob-minio.kubernetes_service.minio-service",
            "module.postgres.kubernetes_config_map.postgres-env",
            "module.postgres.kubernetes_deployment.postgres",
            "module.postgres.kubernetes_service.pg-service"
          ]
        }
      ]
    },
    {
      "module": "module.bob-identityhub",
      "mode": "managed",
      "type": "kubernetes_ingress_v1",
      "name": "did-ingress",
      "provider": "provider[\"registry.terraform.io/hashicorp/kubernetes\"]",
      "instances": [
        {
          "schema_version": 0,
          "attributes": {
            "id": "mxd/bob-ih-did-server-ingress",
            "metadata": [
              {
                "annotations": {
                  "nginx.ingress.kubernetes.io/rewrite-target": "/bob-ih/$2"
                },
                "generate_name": "",
                "generation": 1,
                "labels": {},
                "name": "bob-ih-did-server-ingress",
                "namespace": "mxd",
                "resource_version": "11313",
                "uid": "e882fef8-a439-43aa-8c1e-4a1d20cf4f41"
              }
            ],
            "spec": [
              {
                "default_backend": [],
                "ingress_class_name": "nginx",
                "rule": [
                  {
                    "host": "",
                    "http": [
                      {
                        "path": [
                          {
                            "backend": [
                              {
                                "resource": [],
                                "service": [
                                  {
                                    "name": "bob-ih",
                                    "port": [
                                      {
                                        "name": "",
                                        "number": 7083
                                      }
                                    ]
                                  }
                                ]
                              }
                            ],
                            "path": "/bob-ih(/|\u0026)(.*)",
                            "path_type": "ImplementationSpecific"
                          }
                        ]
                      }
                    ]
                  }
                ],
                "tls": []
              }
            ],
            "status": [
              {
                "load_balancer": [
                  {
                    "ingress": [
                      {
                        "hostname": "localhost",
                        "ip": ""
                      }
                    ]
                  }
                ]
              }
            ],
            "timeouts": null,
            "wait_for_load_balancer": null
          },
          "sensitive_attributes": [],
          "identity_schema_version": 0,
          "private": "eyJlMmJmYjczMC1lY2FhLTExZTYtOGY4OC0zNDM2M2JjN2M0YzAiOnsiY3JlYXRlIjoxMjAwMDAwMDAwMDAwLCJkZWxldGUiOjEyMDAwMDAwMDAwMDB9fQ==",
          "dependencies": [
            "kubernetes_config_map.postgres-initdb-config",
            "kubernetes_namespace.mxd-ns",
            "module.azurite.kubernetes_config_map.azurite-config",
            "module.azurite.kubernetes_deployment.azurite",
            "module.azurite.kubernetes_service.azurite",
            "module.bob-connector.helm_release.connector",
            "module.bob-connector.kubernetes_config_map.document",
            "module.bob-connector.kubernetes_config_map.participants-map",
            "module.bob-connector.kubernetes_ingress_v1.mxd-ingress",
            "module.bob-connector.kubernetes_job.azurite-init",
            "module.bob-connector.kubernetes_service.controlplane-service",
            "module.bob-identityhub.kubernetes_config_map.identityhub-config",
            "module.bob-identityhub.kubernetes_deployment.identityhub",
            "module.bob-identityhub.kubernetes_service.ih-service",
            "module.bob-minio.kubernetes_service.minio-service",
            "module.postgres.kubernetes_config_map.postgres-env",
            "module.postgres.kubernetes_deployment.postgres",
            "module.postgres.kubernetes_service.pg-service"
          ]
        }
      ]
    },
    {
      "module": "module.bob-identityhub",
      "mode": "managed",
      "type": "kubernetes_service",
      "name": "ih-service",
      "provider": "provider[\"registry.terraform.io/hashicorp/kubernetes\"]",
      "instances": [
        {
          "schema_version": 1,
          "attributes": {
            "id": "mxd/bob-ih",
            "metadata": [
              {
                "annotations": {},
                "generate_name": "",
                "generation": 0,
                "labels": {},
                "name": "bob-ih",
                "namespace": "mxd",
                "resource_version": "11214",
                "uid": "62a9521e-e2f5-405c-a693-f9a5bec340b8"
              }
            ],
            "spec": [
              {
                "allocate_load_balancer_node_ports": true,
                "cluster_ip": "10.96.192.107",
                "cluster_ips": [
                  "10.96.192.107"
                ],
                "external_ips": [],
                "external_name": "",
                "external_traffic_policy": "Cluster",
                "health_check_node_port": 0,
                "internal_traffic_policy": "Cluster",
                "ip_families": [
                  "IPv4"
                ],
                "ip_family_policy": "SingleStack",
                "load_balancer_class": "",
                "load_balancer_ip": "",
                "load_balancer_source_ranges": [],
                "port": [
                  {
                    "app_protocol": "",
                    "name": "credentials",
                    "node_port": 31416,
                    "port": 7082,
                    "protocol": "TCP",
                    "target_port": "7082"
                  },
                  {
                    "app_protocol": "",
                    "name": "debug",
                    "node_port": 30682,
                    "port": 1044,
                    "protocol": "TCP",
                    "target_port": "1044"
                  },
                  {
                    "app_protocol": "",
                    "name": "identity",
                    "node_port": 30467,
                    "port": 7081,
                    "protocol": "TCP",
                    "target_port": "7081"
                  },
                  {
                    "app_protocol": "",
                    "name": "did",
                    "node_port": 32440,
                    "port": 7083,
                    "protocol": "TCP",
                    "target_port": "7083"
                  },
                  {
                    "app_protocol": "",
                    "name": "sts",
                    "node_port": 31498,
                    "port": 7084,
                    "protocol": "TCP",
                    "target_port": "7084"
                  }
                ],
                "publish_not_ready_addresses": false,
                "selector": {
                  "App": "bob-ih"
                },
                "session_affinity": "None",
                "session_affinity_config": [],
                "type": "NodePort"
              }
            ],
            "status": [
              {
                "load_balancer": [
                  {
                    "ingress": []
                  }
                ]
              }
            ],
            "timeouts": null,
            "wait_for_load_balancer": true
          },
          "sensitive_attributes": [],
          "identity_schema_version": 0,
          "private": "eyJlMmJmYjczMC1lY2FhLTExZTYtOGY4OC0zNDM2M2JjN2M0YzAiOnsiY3JlYXRlIjo2MDAwMDAwMDAwMDB9LCJzY2hlbWFfdmVyc2lvbiI6IjEifQ==",
          "dependencies": [
            "kubernetes_config_map.postgres-initdb-config",
            "kubernetes_namespace.mxd-ns",
            "module.azurite.kubernetes_config_map.azurite-config",
            "module.azurite.kubernetes_deployment.azurite",
            "module.azurite.kubernetes_service.azurite",
            "module.bob-connector.helm_release.connector",
            "module.bob-connector.kubernetes_config_map.document",
            "module.bob-connector.kubernetes_config_map.participants-map",
            "module.bob-connector.kubernetes_ingress_v1.mxd-ingress",
            "module.bob-connector.kubernetes_job.azurite-init",
            "module.bob-connector.kubernetes_service.controlplane-service",
            "module.bob-identityhub.kubernetes_config_map.identityhub-config",
            "module.bob-identityhub.kubernetes_deployment.identityhub",
            "module.bob-minio.kubernetes_service.minio-service",
            "module.postgres.kubernetes_config_map.postgres-env",
            "module.postgres.kubernetes_deployment.postgres",
            "module.postgres.kubernetes_service.pg-service"
          ]
        }
      ]
    },
    {
      "module": "module.bob-minio",
      "mode": "managed",
      "type": "kubernetes_config_map",
      "name": "document",
      "provider": "provider[\"registry.terraform.io/hashicorp/kubernetes\"]",
      "instances": [
        {
          "schema_version": 0,
          "attributes": {
            "binary_data": {},
            "data": {
              "test-document.txt": "This is a test document.\n"
            },
            "id": "mxd/bob-minio-document",
            "immutable": false,
            "metadata": [
              {
                "annotations": {},
                "generate_name": "",
                "generation": 0,
                "labels": {},
                "name": "bob-minio-document",
                "namespace": "mxd",
                "resource_version": "10116",
                "uid": "4fd2b564-17c2-4acc-a328-fb24d260396a"
              }
            ]
          },
          "sensitive_attributes": [],
          "identity_schema_version": 0,
          "private": "bnVsbA=="
        }
      ]
    },
    {
      "module": "module.bob-minio",
      "mode": "managed",
      "type": "kubernetes_deployment",
      "name": "minio",
      "provider": "provider[\"registry.terraform.io/hashicorp/kubernetes\"]",
      "instances": [
        {
          "schema_version": 1,
          "attributes": {
            "id": "mxd/bob-minio",
            "metadata": [
              {
                "annotations": {},
                "generate_name": "",
                "generation": 1,
                "labels": {
                  "app": "bob-minio"
                },
                "name": "bob-minio",
                "namespace": "mxd",
                "resource_version": "10358",
                "uid": "b054e9be-df4d-48d4-80be-99dff1ea1dd7"
              }
            ],
            "spec": [
              {
                "min_ready_seconds": 0,
                "paused": false,
                "progress_deadline_seconds": 600,
                "replicas": "1",
                "revision_history_limit": 10,
                "selector": [
                  {
                    "match_expressions": [],
                    "match_labels": {
                      "app": "bob-minio"
                    }
                  }
                ],
                "strategy": [
                  {
                    "rolling_update": [],
                    "type": "Recreate"
                  }
                ],
                "template": [
                  {
                    "metadata": [
                      {
                        "annotations": {},
                        "generate_name": "",
                        "generation": 0,
                        "labels": {
                          "app": "bob-minio"
                        },
                        "name": "",
                        "namespace": "",
                        "resource_version": "",
                        "uid": ""
                      }
                    ],
                    "spec": [
                      {
                        "active_deadline_seconds": 0,
                        "affinity": [],
                        "automount_service_account_token": true,
                        "container": [
                          {
                            "args": [
                              "server",
                              "/storage",
                              "--console-address=:9001"
                            ],
                            "command": [],
                            "env": [
                              {
                                "name": "MINIO_ROOT_USER",
                                "value": "bobawsclient",
                                "value_from": []
                              },
                              {
                                "name": "MINIO_ROOT_PASSWORD",
                                "value": "bobawssecret",
                                "value_from": []
                              }
                            ],
                            "env_from": [],
                            "image": "minio/minio:RELEASE.2022-03-17T06-34-49Z",
                            "image_pull_policy": "IfNotPresent",
                            "lifecycle": [],
                            "liveness_probe": [],
                            "name": "minio",
                            "port": [
                              {
                                "container_port": 9000,
                                "host_ip": "",
                                "host_port": 0,
                                "name": "api-port",
                                "protocol": "TCP"
                              },
                              {
                                "container_port": 9001,
                                "host_ip": "",
                                "host_port": 0,
                                "name": "console-port",
                                "protocol": "TCP"
                              }
                            ],
                            "readiness_probe": [],
                            "resources": [
                              {
                                "limits": {},
                                "requests": {}
                              }
                            ],
                            "security_context": [],
                            "startup_probe": [],
                            "stdin": false,
                            "stdin_once": false,
                            "termination_message_path": "/dev/termination-log",
                            "termination_message_policy": "File",
                            "tty": false,
                            "volume_mount": [],
                            "working_dir": ""
                          }
                        ],
                        "dns_config": [],
                        "dns_policy": "ClusterFirst",
                        "enable_service_links": true,
                        "host_aliases": [],
                        "host_ipc": false,
                        "host_network": false,
                        "host_pid": false,
                        "hostname": "",
                        "image_pull_secrets": [],
                        "init_container": [],
                        "node_name": "",
                        "node_selector": {},
                        "priority_class_name": "",
                        "readiness_gate": [],
                        "restart_policy": "Always",
                        "runtime_class_name": "",
                        "scheduler_name": "default-scheduler",
                        "security_context": [],
                        "service_account_name": "",
                        "share_process_namespace": false,
                        "subdomain": "",
                        "termination_grace_period_seconds": 30,
                        "toleration": [],
                        "topology_spread_constraint": [],
                        "volume": []
                      }
                    ]
                  }
                ]
              }
            ],
            "timeouts": null,
            "wait_for_rollout": true
          },
          "sensitive_attributes": [],
          "identity_schema_version": 0,
          "private": "eyJlMmJmYjczMC1lY2FhLTExZTYtOGY4OC0zNDM2M2JjN2M0YzAiOnsiY3JlYXRlIjo2MDAwMDAwMDAwMDAsImRlbGV0ZSI6NjAwMDAwMDAwMDAwLCJ1cGRhdGUiOjYwMDAwMDAwMDAwMH0sInNjaGVtYV92ZXJzaW9uIjoiMSJ9"
        }
      ]
    },
    {
      "module": "module.bob-minio",
      "mode": "managed",
      "type": "kubernetes_job",
      "name": "create_minio_bucket",
      "provider": "provider[\"registry.terraform.io/hashicorp/kubernetes\"]",
      "instances": [
        {
          "status": "tainted",
          "schema_version": 1,
          "attributes": {
            "id": "mxd/bob-create-minio-bucket",
            "metadata": [
              {
                "annotations": null,
                "generate_name": "",
                "generation": 0,
                "labels": {},
                "name": "bob-create-minio-bucket",
                "namespace": "mxd",
                "resource_version": "",
                "uid": ""
              }
            ],
            "spec": [
              {
                "active_deadline_seconds": 0,
                "backoff_limit": 6,
                "completion_mode": "NonIndexed",
                "completions": 1,
                "manual_selector": false,
                "parallelism": 1,
                "selector": [],
                "template": [
                  {
                    "metadata": [
                      {
                        "annotations": null,
                        "generate_name": "",
                        "generation": 0,
                        "labels": null,
                        "name": "bob-create-minio-bucket",
                        "resource_version": "",
                        "uid": ""
                      }
                    ],
                    "spec": [
                      {
                        "active_deadline_seconds": 0,
                        "affinity": [],
                        "automount_service_account_token": true,
                        "container": [
                          {
                            "args": [
                              "mc config host add minio http://bob-minio:9000 bobawsclient bobawssecret \u0026\u0026 mc mb --ignore-existing minio/bob-bucket"
                            ],
                            "command": [
                              "/bin/sh",
                              "-c"
                            ],
                            "env": [],
                            "env_from": [],
                            "image": "minio/mc",
                            "image_pull_policy": "",
                            "lifecycle": [],
                            "liveness_probe": [],
                            "name": "minio-client",
                            "port": [],
                            "readiness_probe": [],
                            "resources": [],
                            "security_context": [],
                            "startup_probe": [],
                            "stdin": false,
                            "stdin_once": false,
                            "termination_message_path": "/dev/termination-log",
                            "termination_message_policy": "",
                            "tty": false,
                            "volume_mount": [],
                            "working_dir": ""
                          }
                        ],
                        "dns_config": [],
                        "dns_policy": "ClusterFirst",
                        "enable_service_links": true,
                        "host_aliases": [],
                        "host_ipc": false,
                        "host_network": false,
                        "host_pid": false,
                        "hostname": "",
                        "image_pull_secrets": [],
                        "init_container": [],
                        "node_name": "",
                        "node_selector": null,
                        "priority_class_name": "",
                        "readiness_gate": [],
                        "restart_policy": "OnFailure",
                        "runtime_class_name": "",
                        "scheduler_name": "",
                        "security_context": [],
                        "service_account_name": "",
                        "share_process_namespace": false,
                        "subdomain": "",
                        "termination_grace_period_seconds": 30,
                        "toleration": [],
                        "topology_spread_constraint": [],
                        "volume": []
                      }
                    ]
                  }
                ],
                "ttl_seconds_after_finished": "90"
              }
            ],
            "timeouts": null,
            "wait_for_completion": true
          },
          "sensitive_attributes": [],
          "identity_schema_version": 0,
          "private": "eyJlMmJmYjczMC1lY2FhLTExZTYtOGY4OC0zNDM2M2JjN2M0YzAiOnsiY3JlYXRlIjo2MDAwMDAwMDAwMCwiZGVsZXRlIjo2MDAwMDAwMDAwMCwidXBkYXRlIjo2MDAwMDAwMDAwMH0sInNjaGVtYV92ZXJzaW9uIjoiMSJ9",
          "dependencies": [
            "module.bob-minio.kubernetes_deployment.minio",
            "module.bob-minio.kubernetes_service.minio-service"
          ]
        }
      ]
    },
    {
      "module": "module.bob-minio",
      "mode": "managed",
      "type": "kubernetes_service",
      "name": "minio-service",
      "provider": "provider[\"registry.terraform.io/hashicorp/kubernetes\"]",
      "instances": [
        {
          "schema_version": 1,
          "attributes": {
            "id": "mxd/bob-minio",
            "metadata": [
              {
                "annotations": {},
                "generate_name": "",
                "generation": 0,
                "labels": {},
                "name": "bob-minio",
                "namespace": "mxd",
                "resource_version": "10156",
                "uid": "896cbbae-7f85-4b91-a47a-1c8f61fd9fe8"
              }
            ],
            "spec": [
              {
                "allocate_load_balancer_node_ports": true,
                "cluster_ip": "10.96.227.41",
                "cluster_ips": [
                  "10.96.227.41"
                ],
                "external_ips": [],
                "external_name": "",
                "external_traffic_policy": "Cluster",
                "health_check_node_port": 0,
                "internal_traffic_policy": "Cluster",
                "ip_families": [
                  "IPv4"
                ],
                "ip_family_policy": "SingleStack",
                "load_balancer_class": "",
                "load_balancer_ip": "",
                "load_balancer_source_ranges": [],
                "port": [
                  {
                    "app_protocol": "",
                    "name": "api-port",
                    "node_port": 32024,
                    "port": 9000,
                    "protocol": "TCP",
                    "target_port": "9000"
                  },
                  {
                    "app_protocol": "",
                    "name": "console-port",
                    "node_port": 30913,
                    "port": 9001,
                    "protocol": "TCP",
                    "target_port": "9001"
                  }
                ],
                "publish_not_ready_addresses": false,
                "selector": {
                  "app": "bob-minio"
                },
                "session_affinity": "None",
                "session_affinity_config": [],
                "type": "NodePort"
              }
            ],
            "status": [
              {
                "load_balancer": [
                  {
                    "ingress": []
                  }
                ]
              }
            ],
            "timeouts": null,
            "wait_for_load_balancer": true
          },
          "sensitive_attributes": [],
          "identity_schema_version": 0,
          "private": "eyJlMmJmYjczMC1lY2FhLTExZTYtOGY4OC0zNDM2M2JjN2M0YzAiOnsiY3JlYXRlIjo2MDAwMDAwMDAwMDB9LCJzY2hlbWFfdmVyc2lvbiI6IjEifQ=="
        }
      ]
    },
    {
      "module": "module.consumer-vault",
      "mode": "managed",
      "type": "helm_release",
      "name": "vault",
      "provider": "provider[\"registry.terraform.io/hashicorp/helm\"]",
      "instances": [
        {
          "schema_version": 1,
          "attributes": {
            "atomic": false,
            "chart": "vault",
            "cleanup_on_fail": true,
            "create_namespace": false,
            "dependency_update": true,
            "description": null,
            "devel": null,
            "disable_crd_hooks": false,
            "disable_openapi_validation": false,
            "disable_webhooks": false,
            "force_update": true,
            "id": "dataspace-issuer-vault",
            "keyring": null,
            "lint": false,
            "manifest": null,
            "max_history": 0,
            "metadata": [
              {
                "app_version": "1.20.4",
                "chart": "vault",
                "name": "dataspace-issuer-vault",
                "namespace": "mxd",
                "revision": 1,
                "values": "{\"hashicorp\":{\"healthCheck\":{\"enabled\":true,\"standbyOk\":true},\"paths\":{\"secret\":\"/v1/secret\"},\"timeout\":30,\"token\":\"root\"},\"injector\":{\"enabled\":false},\"server\":{\"dev\":{\"devRootToken\":\"root\",\"enabled\":true},\"postStart\":null}}",
                "version": "0.31.0"
              }
            ],
            "name": "dataspace-issuer-vault",
            "namespace": "mxd",
            "pass_credentials": false,
            "postrender": [],
            "recreate_pods": false,
            "render_subchart_notes": true,
            "replace": true,
            "repository": "https://helm.releases.hashicorp.com",
            "repository_ca_file": null,
            "repository_cert_file": null,
            "repository_key_file": null,
            "repository_password": null,
            "repository_username": null,
            "reset_values": false,
            "reuse_values": true,
            "set": [
              {
                "name": "hashicorp.token",
                "type": "",
                "value": "root"
              },
              {
                "name": "injector.enabled",
                "type": "",
                "value": "false"
              },
              {
                "name": "server.dev.devRootToken",
                "type": "",
                "value": "root"
              },
              {
                "name": "server.dev.enabled",
                "type": "",
                "value": "true"
              }
            ],
            "set_list": [],
            "set_sensitive": [],
            "skip_crds": false,
            "status": "deployed",
            "timeout": 300,
            "values": [
              "#\n#  Copyright (c) 2024 Metaform Systems, Inc.\n#\n#  This program and the accompanying materials are made available under the\n#  terms of the Apache License, Version 2.0 which is available at\n#  https://www.apache.org/licenses/LICENSE-2.0\n#\n#  SPDX-License-Identifier: Apache-2.0\n#\n#  Contributors:\n#       Metaform Systems, Inc. - initial API and implementation\n#\n\nserver:\n  postStart:\nhashicorp:\n  timeout: 30\n  healthCheck:\n    enabled: true\n    standbyOk: true\n  paths:\n    secret: /v1/secret\n"
            ],
            "verify": false,
            "version": "0.31.0",
            "wait": true,
            "wait_for_jobs": false
          },
          "sensitive_attributes": [
            [
              {
                "type": "get_attr",
                "value": "repository_password"
              }
            ]
          ],
          "identity_schema_version": 0,
          "private": "eyJzY2hlbWFfdmVyc2lvbiI6IjEifQ==",
          "dependencies": [
            "kubernetes_namespace.mxd-ns"
          ]
        }
      ]
    },
    {
      "module": "module.dataspace-issuer",
      "mode": "managed",
      "type": "kubernetes_config_map",
      "name": "issuerservice-config",
      "provider": "provider[\"registry.terraform.io/hashicorp/kubernetes\"]",
      "instances": [
        {
          "schema_version": 0,
          "attributes": {
            "binary_data": {},
            "data": {
              "EDC_DATASOURCE_DEFAULT_PASSWORD": "issuer",
              "EDC_DATASOURCE_DEFAULT_URL": "jdbc:postgresql://10.96.173.123:5432/issuer",
              "EDC_DATASOURCE_DEFAULT_USER": "issuer",
              "EDC_IAM_ACCESSTOKEN_JTI_VALIDATION": "true",
              "EDC_IAM_DID_WEB_USE_HTTPS": "false",
              "EDC_IH_API_SUPERUSER_KEY": "c3VwZXItdXNlcg==.c3VwZXItc2VjcmV0LWtleQo=",
              "EDC_ISSUER_STATUSLIST_SIGNING_KEY_ALIAS": "statuslist-signing-key",
              "EDC_SQL_SCHEMA_AUTOCREATE": "true",
              "EDC_VAULT_HASHICORP_TOKEN": "root",
              "EDC_VAULT_HASHICORP_URL": "http://dataspace-issuer-vault:8200",
              "EDC_WEB_HTTP_IDENTITY_PATH": "/api/identity",
              "EDC_WEB_HTTP_IDENTITY_PORT": "10011",
              "JAVA_TOOL_OPTIONS": "-agentlib:jdwp=transport=dt_socket,server=y,suspend=n,address=1044",
              "WEB_HTTP_DID_PATH": "/",
              "WEB_HTTP_DID_PORT": "10016",
              "WEB_HTTP_IDENTITY_AUTH_KEY": "password",
              "WEB_HTTP_ISSUANCE_PATH": "/api/issuance",
              "WEB_HTTP_ISSUANCE_PORT": "10012",
              "WEB_HTTP_ISSUERADMIN_PATH": "/api/admin",
              "WEB_HTTP_ISSUERADMIN_PORT": "10013",
              "WEB_HTTP_PATH": "/api",
              "WEB_HTTP_PORT": "10010",
              "WEB_HTTP_STS_PATH": "/api/sts",
              "WEB_HTTP_STS_PORT": "10011",
              "WEB_HTTP_VERSION_PATH": "/.well-known/api",
              "WEB_HTTP_VERSION_PORT": "10014"
            },
            "id": "mxd/dataspace-issuer-service-config",
            "immutable": false,
            "metadata": [
              {
                "annotations": {},
                "generate_name": "",
                "generation": 0,
                "labels": {},
                "name": "dataspace-issuer-service-config",
                "namespace": "mxd",
                "resource_version": "52620",
                "uid": "71c87f63-ef8c-4e3a-beb0-31189547210c"
              }
            ]
          },
          "sensitive_attributes": [],
          "identity_schema_version": 0,
          "private": "bnVsbA==",
          "dependencies": [
            "kubernetes_config_map.issuer-initdb-config",
            "kubernetes_namespace.mxd-ns",
            "module.dataspace-issuer-postgres.kubernetes_config_map.postgres-env",
            "module.dataspace-issuer-postgres.kubernetes_deployment.postgres",
            "module.dataspace-issuer-postgres.kubernetes_service.pg-service"
          ]
        }
      ]
    },
    {
      "module": "module.dataspace-issuer",
      "mode": "managed",
      "type": "kubernetes_deployment",
      "name": "issuerservice",
      "provider": "provider[\"registry.terraform.io/hashicorp/kubernetes\"]",
      "instances": []
    },
    {
      "module": "module.dataspace-issuer-postgres",
      "mode": "managed",
      "type": "kubernetes_config_map",
      "name": "postgres-env",
      "provider": "provider[\"registry.terraform.io/hashicorp/kubernetes\"]",
      "instances": [
        {
          "schema_version": 0,
          "attributes": {
            "binary_data": {},
            "data": {
              "POSTGRES_PASSWORD": "postgres",
              "POSTGRES_USER": "postgres"
            },
            "id": "mxd/issuer-postgres-env",
            "immutable": false,
            "metadata": [
              {
                "annotations": {},
                "generate_name": "",
                "generation": 0,
                "labels": {},
                "name": "issuer-postgres-env",
                "namespace": "mxd",
                "resource_version": "10184",
                "uid": "a422c91b-16b1-4d49-b86d-905f12357a85"
              }
            ]
          },
          "sensitive_attributes": [],
          "identity_schema_version": 0,
          "private": "bnVsbA==",
          "dependencies": [
            "kubernetes_config_map.issuer-initdb-config",
            "kubernetes_namespace.mxd-ns"
          ]
        }
      ]
    },
    {
      "module": "module.dataspace-issuer-postgres",
      "mode": "managed",
      "type": "kubernetes_deployment",
      "name": "postgres",
      "provider": "provider[\"registry.terraform.io/hashicorp/kubernetes\"]",
      "instances": [
        {
          "schema_version": 1,
          "attributes": {
            "id": "mxd/issuer-postgres",
            "metadata": [
              {
                "annotations": {},
                "generate_name": "",
                "generation": 1,
                "labels": {
                  "App": "issuer-postgres"
                },
                "name": "issuer-postgres",
                "namespace": "mxd",
                "resource_version": "10468",
                "uid": "bd64c35b-e1c4-4ea0-890c-7284c872fe34"
              }
            ],
            "spec": [
              {
                "min_ready_seconds": 0,
                "paused": false,
                "progress_deadline_seconds": 600,
                "replicas": "1",
                "revision_history_limit": 10,
                "selector": [
                  {
                    "match_expressions": [],
                    "match_labels": {
                      "App": "issuer-postgres"
                    }
                  }
                ],
                "strategy": [
                  {
                    "rolling_update": [
                      {
                        "max_surge": "25%",
                        "max_unavailable": "25%"
                      }
                    ],
                    "type": "RollingUpdate"
                  }
                ],
                "template": [
                  {
                    "metadata": [
                      {
                        "annotations": {},
                        "generate_name": "",
                        "generation": 0,
                        "labels": {
                          "App": "issuer-postgres"
                        },
                        "name": "",
                        "namespace": "",
                        "resource_version": "",
                        "uid": ""
                      }
                    ],
                    "spec": [
                      {
                        "active_deadline_seconds": 0,
                        "affinity": [],
                        "automount_service_account_token": true,
                        "container": [
                          {
                            "args": [],
                            "command": [],
                            "env": [],
                            "env_from": [
                              {
                                "config_map_ref": [
                                  {
                                    "name": "issuer-postgres-env",
                                    "optional": false
                                  }
                                ],
                                "prefix": "",
                                "secret_ref": []
                              }
                            ],
                            "image": "postgres:15.3-alpine3.18",
                            "image_pull_policy": "IfNotPresent",
                            "lifecycle": [],
                            "liveness_probe": [
                              {
                                "exec": [
                                  {
                                    "command": [
                                      "pg_isready",
                                      "-U",
                                      "postgres"
                                    ]
                                  }
                                ],
                                "failure_threshold": 10,
                                "grpc": [],
                                "http_get": [],
                                "initial_delay_seconds": 0,
                                "period_seconds": 5,
                                "success_threshold": 1,
                                "tcp_socket": [],
                                "timeout_seconds": 30
                              }
                            ],
                            "name": "issuer-postgres",
                            "port": [
                              {
                                "container_port": 5432,
                                "host_ip": "",
                                "host_port": 0,
                                "name": "postgres-port",
                                "protocol": "TCP"
                              }
                            ],
                            "readiness_probe": [],
                            "resources": [
                              {
                                "limits": {},
                                "requests": {}
                              }
                            ],
                            "security_context": [],
                            "startup_probe": [],
                            "stdin": false,
                            "stdin_once": false,
                            "termination_message_path": "/dev/termination-log",
                            "termination_message_policy": "File",
                            "tty": false,
                            "volume_mount": [
                              {
                                "mount_path": "/docker-entrypoint-initdb.d/issuer-initdb-config.sql",
                                "mount_propagation": "None",
                                "name": "issuer-initdb-config",
                                "read_only": true,
                                "sub_path": "issuer-initdb-config.sql"
                              }
                            ],
                            "working_dir": ""
                          }
                        ],
                        "dns_config": [],
                        "dns_policy": "ClusterFirst",
                        "enable_service_links": true,
                        "host_aliases": [],
                        "host_ipc": false,
                        "host_network": false,
                        "host_pid": false,
                        "hostname": "",
                        "image_pull_secrets": [],
                        "init_container": [],
                        "node_name": "",
                        "node_selector": {},
                        "priority_class_name": "",
                        "readiness_gate": [],
                        "restart_policy": "Always",
                        "runtime_class_name": "",
                        "scheduler_name": "default-scheduler",
                        "security_context": [],
                        "service_account_name": "",
                        "share_process_namespace": false,
                        "subdomain": "",
                        "termination_grace_period_seconds": 30,
                        "toleration": [],
                        "topology_spread_constraint": [],
                        "volume": [
                          {
                            "aws_elastic_block_store": [],
                            "azure_disk": [],
                            "azure_file": [],
                            "ceph_fs": [],
                            "cinder": [],
                            "config_map": [
                              {
                                "default_mode": "0644",
                                "items": [],
                                "name": "issuer-initdb-config",
                                "optional": false
                              }
                            ],
                            "csi": [],
                            "downward_api": [],
                            "empty_dir": [],
                            "ephemeral": [],
                            "fc": [],
                            "flex_volume": [],
                            "flocker": [],
                            "gce_persistent_disk": [],
                            "git_repo": [],
                            "glusterfs": [],
                            "host_path": [],
                            "iscsi": [],
                            "local": [],
                            "name": "issuer-initdb-config",
                            "nfs": [],
                            "persistent_volume_claim": [],
                            "photon_persistent_disk": [],
                            "projected": [],
                            "quobyte": [],
                            "rbd": [],
                            "secret": [],
                            "vsphere_volume": []
                          }
                        ]
                      }
                    ]
                  }
                ]
              }
            ],
            "timeouts": null,
            "wait_for_rollout": true
          },
          "sensitive_attributes": [],
          "identity_schema_version": 0,
          "private": "eyJlMmJmYjczMC1lY2FhLTExZTYtOGY4OC0zNDM2M2JjN2M0YzAiOnsiY3JlYXRlIjo2MDAwMDAwMDAwMDAsImRlbGV0ZSI6NjAwMDAwMDAwMDAwLCJ1cGRhdGUiOjYwMDAwMDAwMDAwMH0sInNjaGVtYV92ZXJzaW9uIjoiMSJ9",
          "dependencies": [
            "kubernetes_config_map.issuer-initdb-config",
            "kubernetes_namespace.mxd-ns",
            "module.dataspace-issuer-postgres.kubernetes_config_map.postgres-env"
          ]
        }
      ]
    },
    {
      "module": "module.dataspace-issuer-postgres",
      "mode": "managed",
      "type": "kubernetes_service",
      "name": "pg-service",
      "provider": "provider[\"registry.terraform.io/hashicorp/kubernetes\"]",
      "instances": [
        {
          "schema_version": 1,
          "attributes": {
            "id": "mxd/issuer-postgres-service",
            "metadata": [
              {
                "annotations": {},
                "generate_name": "",
                "generation": 0,
                "labels": {},
                "name": "issuer-postgres-service",
                "namespace": "mxd",
                "resource_version": "10498",
                "uid": "f30c1a4a-dd0a-43b1-b7ba-080fb68e8cd3"
              }
            ],
            "spec": [
              {
                "allocate_load_balancer_node_ports": true,
                "cluster_ip": "10.96.173.123",
                "cluster_ips": [
                  "10.96.173.123"
                ],
                "external_ips": [],
                "external_name": "",
                "external_traffic_policy": "",
                "health_check_node_port": 0,
                "internal_traffic_policy": "Cluster",
                "ip_families": [
                  "IPv4"
                ],
                "ip_family_policy": "SingleStack",
                "load_balancer_class": "",
                "load_balancer_ip": "",
                "load_balancer_source_ranges": [],
                "port": [
                  {
                    "app_protocol": "",
                    "name": "pg-port",
                    "node_port": 0,
                    "port": 5432,
                    "protocol": "TCP",
                    "target_port": "5432"
                  }
                ],
                "publish_not_ready_addresses": false,
                "selector": {
                  "App": "issuer-postgres"
                },
                "session_affinity": "None",
                "session_affinity_config": [],
                "type": "ClusterIP"
              }
            ],
            "status": [
              {
                "load_balancer": [
                  {
                    "ingress": []
                  }
                ]
              }
            ],
            "timeouts": null,
            "wait_for_load_balancer": true
          },
          "sensitive_attributes": [],
          "identity_schema_version": 0,
          "private": "eyJlMmJmYjczMC1lY2FhLTExZTYtOGY4OC0zNDM2M2JjN2M0YzAiOnsiY3JlYXRlIjo2MDAwMDAwMDAwMDB9LCJzY2hlbWFfdmVyc2lvbiI6IjEifQ==",
          "dependencies": [
            "kubernetes_config_map.issuer-initdb-config",
            "kubernetes_namespace.mxd-ns",
            "module.dataspace-issuer-postgres.kubernetes_config_map.postgres-env",
            "module.dataspace-issuer-postgres.kubernetes_deployment.postgres"
          ]
        }
      ]
    },
    {
      "module": "module.postgres[\"alice\"]",
      "mode": "managed",
      "type": "kubernetes_config_map",
      "name": "postgres-env",
      "provider": "provider[\"registry.terraform.io/hashicorp/kubernetes\"]",
      "instances": [
        {
          "schema_version": 0,
          "attributes": {
            "binary_data": {},
            "data": {
              "POSTGRES_PASSWORD": "postgres",
              "POSTGRES_USER": "postgres"
            },
            "id": "mxd/alice-postgres-env",
            "immutable": false,
            "metadata": [
              {
                "annotations": {},
                "generate_name": "",
                "generation": 0,
                "labels": {},
                "name": "alice-postgres-env",
                "namespace": "mxd",
                "resource_version": "10188",
                "uid": "564c8594-a6f3-47c9-b6f4-66aa1c8c88be"
              }
            ]
          },
          "sensitive_attributes": [],
          "identity_schema_version": 0,
          "private": "bnVsbA==",
          "dependencies": [
            "kubernetes_config_map.postgres-initdb-config",
            "kubernetes_namespace.mxd-ns"
          ]
        }
      ]
    },
    {
      "module": "module.postgres[\"alice\"]",
      "mode": "managed",
      "type": "kubernetes_deployment",
      "name": "postgres",
      "provider": "provider[\"registry.terraform.io/hashicorp/kubernetes\"]",
      "instances": [
        {
          "schema_version": 1,
          "attributes": {
            "id": "mxd/alice-postgres",
            "metadata": [
              {
                "annotations": {},
                "generate_name": "",
                "generation": 1,
                "labels": {
                  "App": "alice-postgres"
                },
                "name": "alice-postgres",
                "namespace": "mxd",
                "resource_version": "10486",
                "uid": "f722398c-e5e1-4d93-9b4b-332ed4f41a9c"
              }
            ],
            "spec": [
              {
                "min_ready_seconds": 0,
                "paused": false,
                "progress_deadline_seconds": 600,
                "replicas": "1",
                "revision_history_limit": 10,
                "selector": [
                  {
                    "match_expressions": [],
                    "match_labels": {
                      "App": "alice-postgres"
                    }
                  }
                ],
                "strategy": [
                  {
                    "rolling_update": [
                      {
                        "max_surge": "25%",
                        "max_unavailable": "25%"
                      }
                    ],
                    "type": "RollingUpdate"
                  }
                ],
                "template": [
                  {
                    "metadata": [
                      {
                        "annotations": {},
                        "generate_name": "",
                        "generation": 0,
                        "labels": {
                          "App": "alice-postgres"
                        },
                        "name": "",
                        "namespace": "",
                        "resource_version": "",
                        "uid": ""
                      }
                    ],
                    "spec": [
                      {
                        "active_deadline_seconds": 0,
                        "affinity": [],
                        "automount_service_account_token": true,
                        "container": [
                          {
                            "args": [],
                            "command": [],
                            "env": [],
                            "env_from": [
                              {
                                "config_map_ref": [
                                  {
                                    "name": "alice-postgres-env",
                                    "optional": false
                                  }
                                ],
                                "prefix": "",
                                "secret_ref": []
                              }
                            ],
                            "image": "postgres:15.3-alpine3.18",
                            "image_pull_policy": "IfNotPresent",
                            "lifecycle": [],
                            "liveness_probe": [
                              {
                                "exec": [
                                  {
                                    "command": [
                                      "pg_isready",
                                      "-U",
                                      "postgres"
                                    ]
                                  }
                                ],
                                "failure_threshold": 10,
                                "grpc": [],
                                "http_get": [],
                                "initial_delay_seconds": 0,
                                "period_seconds": 5,
                                "success_threshold": 1,
                                "tcp_socket": [],
                                "timeout_seconds": 30
                              }
                            ],
                            "name": "alice-postgres",
                            "port": [
                              {
                                "container_port": 5432,
                                "host_ip": "",
                                "host_port": 0,
                                "name": "postgres-port",
                                "protocol": "TCP"
                              }
                            ],
                            "readiness_probe": [],
                            "resources": [
                              {
                                "limits": {},
                                "requests": {}
                              }
                            ],
                            "security_context": [],
                            "startup_probe": [],
                            "stdin": false,
                            "stdin_once": false,
                            "termination_message_path": "/dev/termination-log",
                            "termination_message_policy": "File",
                            "tty": false,
                            "volume_mount": [
                              {
                                "mount_path": "/docker-entrypoint-initdb.d/alice-initdb-config.sql",
                                "mount_propagation": "None",
                                "name": "alice-initdb-config",
                                "read_only": true,
                                "sub_path": "alice-initdb-config.sql"
                              }
                            ],
                            "working_dir": ""
                          }
                        ],
                        "dns_config": [],
                        "dns_policy": "ClusterFirst",
                        "enable_service_links": true,
                        "host_aliases": [],
                        "host_ipc": false,
                        "host_network": false,
                        "host_pid": false,
                        "hostname": "",
                        "image_pull_secrets": [],
                        "init_container": [],
                        "node_name": "",
                        "node_selector": {},
                        "priority_class_name": "",
                        "readiness_gate": [],
                        "restart_policy": "Always",
                        "runtime_class_name": "",
                        "scheduler_name": "default-scheduler",
                        "security_context": [],
                        "service_account_name": "",
                        "share_process_namespace": false,
                        "subdomain": "",
                        "termination_grace_period_seconds": 30,
                        "toleration": [],
                        "topology_spread_constraint": [],
                        "volume": [
                          {
                            "aws_elastic_block_store": [],
                            "azure_disk": [],
                            "azure_file": [],
                            "ceph_fs": [],
                            "cinder": [],
                            "config_map": [
                              {
                                "default_mode": "0644",
                                "items": [],
                                "name": "alice-initdb-config",
                                "optional": false
                              }
                            ],
                            "csi": [],
                            "downward_api": [],
                            "empty_dir": [],
                            "ephemeral": [],
                            "fc": [],
                            "flex_volume": [],
                            "flocker": [],
                            "gce_persistent_disk": [],
                            "git_repo": [],
                            "glusterfs": [],
                            "host_path": [],
                            "iscsi": [],
                            "local": [],
                            "name": "alice-initdb-config",
                            "nfs": [],
                            "persistent_volume_claim": [],
                            "photon_persistent_disk": [],
                            "projected": [],
                            "quobyte": [],
                            "rbd": [],
                            "secret": [],
                            "vsphere_volume": []
                          }
                        ]
                      }
                    ]
                  }
                ]
              }
            ],
            "timeouts": null,
            "wait_for_rollout": true
          },
          "sensitive_attributes": [],
          "identity_schema_version": 0,
          "private": "eyJlMmJmYjczMC1lY2FhLTExZTYtOGY4OC0zNDM2M2JjN2M0YzAiOnsiY3JlYXRlIjo2MDAwMDAwMDAwMDAsImRlbGV0ZSI6NjAwMDAwMDAwMDAwLCJ1cGRhdGUiOjYwMDAwMDAwMDAwMH0sInNjaGVtYV92ZXJzaW9uIjoiMSJ9",
          "dependencies": [
            "kubernetes_config_map.postgres-initdb-config",
            "kubernetes_namespace.mxd-ns",
            "module.postgres.kubernetes_config_map.postgres-env"
          ]
        }
      ]
    },
    {
      "module": "module.postgres[\"alice\"]",
      "mode": "managed",
      "type": "kubernetes_service",
      "name": "pg-service",
      "provider": "provider[\"registry.terraform.io/hashicorp/kubernetes\"]",
      "instances": [
        {
          "schema_version": 1,
          "attributes": {
            "id": "mxd/alice-postgres-service",
            "metadata": [
              {
                "annotations": {},
                "generate_name": "",
                "generation": 0,
                "labels": {},
                "name": "alice-postgres-service",
                "namespace": "mxd",
                "resource_version": "10619",
                "uid": "129b769f-90dd-4d81-9ae8-669c25016af0"
              }
            ],
            "spec": [
              {
                "allocate_load_balancer_node_ports": true,
                "cluster_ip": "10.96.36.156",
                "cluster_ips": [
                  "10.96.36.156"
                ],
                "external_ips": [],
                "external_name": "",
                "external_traffic_policy": "",
                "health_check_node_port": 0,
                "internal_traffic_policy": "Cluster",
                "ip_families": [
                  "IPv4"
                ],
                "ip_family_policy": "SingleStack",
                "load_balancer_class": "",
                "load_balancer_ip": "",
                "load_balancer_source_ranges": [],
                "port": [
                  {
                    "app_protocol": "",
                    "name": "pg-port",
                    "node_port": 0,
                    "port": 5432,
                    "protocol": "TCP",
                    "target_port": "5432"
                  }
                ],
                "publish_not_ready_addresses": false,
                "selector": {
                  "App": "alice-postgres"
                },
                "session_affinity": "None",
                "session_affinity_config": [],
                "type": "ClusterIP"
              }
            ],
            "status": [
              {
                "load_balancer": [
                  {
                    "ingress": []
                  }
                ]
              }
            ],
            "timeouts": null,
            "wait_for_load_balancer": true
          },
          "sensitive_attributes": [],
          "identity_schema_version": 0,
          "private": "eyJlMmJmYjczMC1lY2FhLTExZTYtOGY4OC0zNDM2M2JjN2M0YzAiOnsiY3JlYXRlIjo2MDAwMDAwMDAwMDB9LCJzY2hlbWFfdmVyc2lvbiI6IjEifQ==",
          "dependencies": [
            "kubernetes_config_map.postgres-initdb-config",
            "kubernetes_namespace.mxd-ns",
            "module.postgres.kubernetes_config_map.postgres-env",
            "module.postgres.kubernetes_deployment.postgres"
          ]
        }
      ]
    },
    {
      "module": "module.postgres[\"alice-catalogserver\"]",
      "mode": "managed",
      "type": "kubernetes_config_map",
      "name": "postgres-env",
      "provider": "provider[\"registry.terraform.io/hashicorp/kubernetes\"]",
      "instances": [
        {
          "schema_version": 0,
          "attributes": {
            "binary_data": {},
            "data": {
              "POSTGRES_PASSWORD": "postgres",
              "POSTGRES_USER": "postgres"
            },
            "id": "mxd/alice-catalogserver-postgres-env",
            "immutable": false,
            "metadata": [
              {
                "annotations": {},
                "generate_name": "",
                "generation": 0,
                "labels": {},
                "name": "alice-catalogserver-postgres-env",
                "namespace": "mxd",
                "resource_version": "10186",
                "uid": "dcf0ae82-d245-444b-be42-866d01a18d3b"
              }
            ]
          },
          "sensitive_attributes": [],
          "identity_schema_version": 0,
          "private": "bnVsbA==",
          "dependencies": [
            "kubernetes_config_map.postgres-initdb-config",
            "kubernetes_namespace.mxd-ns"
          ]
        }
      ]
    },
    {
      "module": "module.postgres[\"alice-catalogserver\"]",
      "mode": "managed",
      "type": "kubernetes_deployment",
      "name": "postgres",
      "provider": "provider[\"registry.terraform.io/hashicorp/kubernetes\"]",
      "instances": [
        {
          "schema_version": 1,
          "attributes": {
            "id": "mxd/alice-catalogserver-postgres",
            "metadata": [
              {
                "annotations": {},
                "generate_name": "",
                "generation": 1,
                "labels": {
                  "App": "alice-catalogserver-postgres"
                },
                "name": "alice-catalogserver-postgres",
                "namespace": "mxd",
                "resource_version": "10573",
                "uid": "5b50f2ef-e20b-436d-b175-bb219b51ca61"
              }
            ],
            "spec": [
              {
                "min_ready_seconds": 0,
                "paused": false,
                "progress_deadline_seconds": 600,
                "replicas": "1",
                "revision_history_limit": 10,
                "selector": [
                  {
                    "match_expressions": [],
                    "match_labels": {
                      "App": "alice-catalogserver-postgres"
                    }
                  }
                ],
                "strategy": [
                  {
                    "rolling_update": [
                      {
                        "max_surge": "25%",
                        "max_unavailable": "25%"
                      }
                    ],
                    "type": "RollingUpdate"
                  }
                ],
                "template": [
                  {
                    "metadata": [
                      {
                        "annotations": {},
                        "generate_name": "",
                        "generation": 0,
                        "labels": {
                          "App": "alice-catalogserver-postgres"
                        },
                        "name": "",
                        "namespace": "",
                        "resource_version": "",
                        "uid": ""
                      }
                    ],
                    "spec": [
                      {
                        "active_deadline_seconds": 0,
                        "affinity": [],
                        "automount_service_account_token": true,
                        "container": [
                          {
                            "args": [],
                            "command": [],
                            "env": [],
                            "env_from": [
                              {
                                "config_map_ref": [
                                  {
                                    "name": "alice-catalogserver-postgres-env",
                                    "optional": false
                                  }
                                ],
                                "prefix": "",
                                "secret_ref": []
                              }
                            ],
                            "image": "postgres:15.3-alpine3.18",
                            "image_pull_policy": "IfNotPresent",
                            "lifecycle": [],
                            "liveness_probe": [
                              {
                                "exec": [
                                  {
                                    "command": [
                                      "pg_isready",
                                      "-U",
                                      "postgres"
                                    ]
                                  }
                                ],
                                "failure_threshold": 10,
                                "grpc": [],
                                "http_get": [],
                                "initial_delay_seconds": 0,
                                "period_seconds": 5,
                                "success_threshold": 1,
                                "tcp_socket": [],
                                "timeout_seconds": 30
                              }
                            ],
                            "name": "alice-catalogserver-postgres",
                            "port": [
                              {
                                "container_port": 5432,
                                "host_ip": "",
                                "host_port": 0,
                                "name": "postgres-port",
                                "protocol": "TCP"
                              }
                            ],
                            "readiness_probe": [],
                            "resources": [
                              {
                                "limits": {},
                                "requests": {}
                              }
                            ],
                            "security_context": [],
                            "startup_probe": [],
                            "stdin": false,
                            "stdin_once": false,
                            "termination_message_path": "/dev/termination-log",
                            "termination_message_policy": "File",
                            "tty": false,
                            "volume_mount": [
                              {
                                "mount_path": "/docker-entrypoint-initdb.d/alice-catalogserver-initdb-config.sql",
                                "mount_propagation": "None",
                                "name": "alice-catalogserver-initdb-config",
                                "read_only": true,
                                "sub_path": "alice-catalogserver-initdb-config.sql"
                              }
                            ],
                            "working_dir": ""
                          }
                        ],
                        "dns_config": [],
                        "dns_policy": "ClusterFirst",
                        "enable_service_links": true,
                        "host_aliases": [],
                        "host_ipc": false,
                        "host_network": false,
                        "host_pid": false,
                        "hostname": "",
                        "image_pull_secrets": [],
                        "init_container": [],
                        "node_name": "",
                        "node_selector": {},
                        "priority_class_name": "",
                        "readiness_gate": [],
                        "restart_policy": "Always",
                        "runtime_class_name": "",
                        "scheduler_name": "default-scheduler",
                        "security_context": [],
                        "service_account_name": "",
                        "share_process_namespace": false,
                        "subdomain": "",
                        "termination_grace_period_seconds": 30,
                        "toleration": [],
                        "topology_spread_constraint": [],
                        "volume": [
                          {
                            "aws_elastic_block_store": [],
                            "azure_disk": [],
                            "azure_file": [],
                            "ceph_fs": [],
                            "cinder": [],
                            "config_map": [
                              {
                                "default_mode": "0644",
                                "items": [],
                                "name": "alice-catalogserver-initdb-config",
                                "optional": false
                              }
                            ],
                            "csi": [],
                            "downward_api": [],
                            "empty_dir": [],
                            "ephemeral": [],
                            "fc": [],
                            "flex_volume": [],
                            "flocker": [],
                            "gce_persistent_disk": [],
                            "git_repo": [],
                            "glusterfs": [],
                            "host_path": [],
                            "iscsi": [],
                            "local": [],
                            "name": "alice-catalogserver-initdb-config",
                            "nfs": [],
                            "persistent_volume_claim": [],
                            "photon_persistent_disk": [],
                            "projected": [],
                            "quobyte": [],
                            "rbd": [],
                            "secret": [],
                            "vsphere_volume": []
                          }
                        ]
                      }
                    ]
                  }
                ]
              }
            ],
            "timeouts": null,
            "wait_for_rollout": true
          },
          "sensitive_attributes": [],
          "identity_schema_version": 0,
          "private": "eyJlMmJmYjczMC1lY2FhLTExZTYtOGY4OC0zNDM2M2JjN2M0YzAiOnsiY3JlYXRlIjo2MDAwMDAwMDAwMDAsImRlbGV0ZSI6NjAwMDAwMDAwMDAwLCJ1cGRhdGUiOjYwMDAwMDAwMDAwMH0sInNjaGVtYV92ZXJzaW9uIjoiMSJ9",
          "dependencies": [
            "kubernetes_config_map.postgres-initdb-config",
            "kubernetes_namespace.mxd-ns",
            "module.postgres.kubernetes_config_map.postgres-env"
          ]
        }
      ]
    },
    {
      "module": "module.postgres[\"alice-catalogserver\"]",
      "mode": "managed",
      "type": "kubernetes_service",
      "name": "pg-service",
      "provider": "provider[\"registry.terraform.io/hashicorp/kubernetes\"]",
      "instances": [
        {
          "schema_version": 1,
          "attributes": {
            "id": "mxd/alice-catalogserver-postgres-service",
            "metadata": [
              {
                "annotations": {},
                "generate_name": "",
                "generation": 0,
                "labels": {},
                "name": "alice-catalogserver-postgres-service",
                "namespace": "mxd",
                "resource_version": "10629",
                "uid": "5299c788-28c7-48fd-8805-fbf3dbb1bda6"
              }
            ],
            "spec": [
              {
                "allocate_load_balancer_node_ports": true,
                "cluster_ip": "10.96.76.249",
                "cluster_ips": [
                  "10.96.76.249"
                ],
                "external_ips": [],
                "external_name": "",
                "external_traffic_policy": "",
                "health_check_node_port": 0,
                "internal_traffic_policy": "Cluster",
                "ip_families": [
                  "IPv4"
                ],
                "ip_family_policy": "SingleStack",
                "load_balancer_class": "",
                "load_balancer_ip": "",
                "load_balancer_source_ranges": [],
                "port": [
                  {
                    "app_protocol": "",
                    "name": "pg-port",
                    "node_port": 0,
                    "port": 5432,
                    "protocol": "TCP",
                    "target_port": "5432"
                  }
                ],
                "publish_not_ready_addresses": false,
                "selector": {
                  "App": "alice-catalogserver-postgres"
                },
                "session_affinity": "None",
                "session_affinity_config": [],
                "type": "ClusterIP"
              }
            ],
            "status": [
              {
                "load_balancer": [
                  {
                    "ingress": []
                  }
                ]
              }
            ],
            "timeouts": null,
            "wait_for_load_balancer": true
          },
          "sensitive_attributes": [],
          "identity_schema_version": 0,
          "private": "eyJlMmJmYjczMC1lY2FhLTExZTYtOGY4OC0zNDM2M2JjN2M0YzAiOnsiY3JlYXRlIjo2MDAwMDAwMDAwMDB9LCJzY2hlbWFfdmVyc2lvbiI6IjEifQ==",
          "dependencies": [
            "kubernetes_config_map.postgres-initdb-config",
            "kubernetes_namespace.mxd-ns",
            "module.postgres.kubernetes_config_map.postgres-env",
            "module.postgres.kubernetes_deployment.postgres"
          ]
        }
      ]
    },
    {
      "module": "module.postgres[\"bdrs\"]",
      "mode": "managed",
      "type": "kubernetes_config_map",
      "name": "postgres-env",
      "provider": "provider[\"registry.terraform.io/hashicorp/kubernetes\"]",
      "instances": [
        {
          "schema_version": 0,
          "attributes": {
            "binary_data": {},
            "data": {
              "POSTGRES_PASSWORD": "postgres",
              "POSTGRES_USER": "postgres"
            },
            "id": "mxd/bdrs-postgres-env",
            "immutable": false,
            "metadata": [
              {
                "annotations": {},
                "generate_name": "",
                "generation": 0,
                "labels": {},
                "name": "bdrs-postgres-env",
                "namespace": "mxd",
                "resource_version": "10187",
                "uid": "20832ed4-b49e-4d55-88a8-15da1339b4cc"
              }
            ]
          },
          "sensitive_attributes": [],
          "identity_schema_version": 0,
          "private": "bnVsbA==",
          "dependencies": [
            "kubernetes_config_map.postgres-initdb-config",
            "kubernetes_namespace.mxd-ns"
          ]
        }
      ]
    },
    {
      "module": "module.postgres[\"bdrs\"]",
      "mode": "managed",
      "type": "kubernetes_deployment",
      "name": "postgres",
      "provider": "provider[\"registry.terraform.io/hashicorp/kubernetes\"]",
      "instances": [
        {
          "schema_version": 1,
          "attributes": {
            "id": "mxd/bdrs-postgres",
            "metadata": [
              {
                "annotations": {},
                "generate_name": "",
                "generation": 1,
                "labels": {
                  "App": "bdrs-postgres"
                },
                "name": "bdrs-postgres",
                "namespace": "mxd",
                "resource_version": "10478",
                "uid": "6a915bf3-7537-434c-a019-66fb47541f4f"
              }
            ],
            "spec": [
              {
                "min_ready_seconds": 0,
                "paused": false,
                "progress_deadline_seconds": 600,
                "replicas": "1",
                "revision_history_limit": 10,
                "selector": [
                  {
                    "match_expressions": [],
                    "match_labels": {
                      "App": "bdrs-postgres"
                    }
                  }
                ],
                "strategy": [
                  {
                    "rolling_update": [
                      {
                        "max_surge": "25%",
                        "max_unavailable": "25%"
                      }
                    ],
                    "type": "RollingUpdate"
                  }
                ],
                "template": [
                  {
                    "metadata": [
                      {
                        "annotations": {},
                        "generate_name": "",
                        "generation": 0,
                        "labels": {
                          "App": "bdrs-postgres"
                        },
                        "name": "",
                        "namespace": "",
                        "resource_version": "",
                        "uid": ""
                      }
                    ],
                    "spec": [
                      {
                        "active_deadline_seconds": 0,
                        "affinity": [],
                        "automount_service_account_token": true,
                        "container": [
                          {
                            "args": [],
                            "command": [],
                            "env": [],
                            "env_from": [
                              {
                                "config_map_ref": [
                                  {
                                    "name": "bdrs-postgres-env",
                                    "optional": false
                                  }
                                ],
                                "prefix": "",
                                "secret_ref": []
                              }
                            ],
                            "image": "postgres:15.3-alpine3.18",
                            "image_pull_policy": "IfNotPresent",
                            "lifecycle": [],
                            "liveness_probe": [
                              {
                                "exec": [
                                  {
                                    "command": [
                                      "pg_isready",
                                      "-U",
                                      "postgres"
                                    ]
                                  }
                                ],
                                "failure_threshold": 10,
                                "grpc": [],
                                "http_get": [],
                                "initial_delay_seconds": 0,
                                "period_seconds": 5,
                                "success_threshold": 1,
                                "tcp_socket": [],
                                "timeout_seconds": 30
                              }
                            ],
                            "name": "bdrs-postgres",
                            "port": [
                              {
                                "container_port": 5432,
                                "host_ip": "",
                                "host_port": 0,
                                "name": "postgres-port",
                                "protocol": "TCP"
                              }
                            ],
                            "readiness_probe": [],
                            "resources": [
                              {
                                "limits": {},
                                "requests": {}
                              }
                            ],
                            "security_context": [],
                            "startup_probe": [],
                            "stdin": false,
                            "stdin_once": false,
                            "termination_message_path": "/dev/termination-log",
                            "termination_message_policy": "File",
                            "tty": false,
                            "volume_mount": [
                              {
                                "mount_path": "/docker-entrypoint-initdb.d/bdrs-initdb-config.sql",
                                "mount_propagation": "None",
                                "name": "bdrs-initdb-config",
                                "read_only": true,
                                "sub_path": "bdrs-initdb-config.sql"
                              }
                            ],
                            "working_dir": ""
                          }
                        ],
                        "dns_config": [],
                        "dns_policy": "ClusterFirst",
                        "enable_service_links": true,
                        "host_aliases": [],
                        "host_ipc": false,
                        "host_network": false,
                        "host_pid": false,
                        "hostname": "",
                        "image_pull_secrets": [],
                        "init_container": [],
                        "node_name": "",
                        "node_selector": {},
                        "priority_class_name": "",
                        "readiness_gate": [],
                        "restart_policy": "Always",
                        "runtime_class_name": "",
                        "scheduler_name": "default-scheduler",
                        "security_context": [],
                        "service_account_name": "",
                        "share_process_namespace": false,
                        "subdomain": "",
                        "termination_grace_period_seconds": 30,
                        "toleration": [],
                        "topology_spread_constraint": [],
                        "volume": [
                          {
                            "aws_elastic_block_store": [],
                            "azure_disk": [],
                            "azure_file": [],
                            "ceph_fs": [],
                            "cinder": [],
                            "config_map": [
                              {
                                "default_mode": "0644",
                                "items": [],
                                "name": "bdrs-initdb-config",
                                "optional": false
                              }
                            ],
                            "csi": [],
                            "downward_api": [],
                            "empty_dir": [],
                            "ephemeral": [],
                            "fc": [],
                            "flex_volume": [],
                            "flocker": [],
                            "gce_persistent_disk": [],
                            "git_repo": [],
                            "glusterfs": [],
                            "host_path": [],
                            "iscsi": [],
                            "local": [],
                            "name": "bdrs-initdb-config",
                            "nfs": [],
                            "persistent_volume_claim": [],
                            "photon_persistent_disk": [],
                            "projected": [],
                            "quobyte": [],
                            "rbd": [],
                            "secret": [],
                            "vsphere_volume": []
                          }
                        ]
                      }
                    ]
                  }
                ]
              }
            ],
            "timeouts": null,
            "wait_for_rollout": true
          },
          "sensitive_attributes": [],
          "identity_schema_version": 0,
          "private": "eyJlMmJmYjczMC1lY2FhLTExZTYtOGY4OC0zNDM2M2JjN2M0YzAiOnsiY3JlYXRlIjo2MDAwMDAwMDAwMDAsImRlbGV0ZSI6NjAwMDAwMDAwMDAwLCJ1cGRhdGUiOjYwMDAwMDAwMDAwMH0sInNjaGVtYV92ZXJzaW9uIjoiMSJ9",
          "dependencies": [
            "kubernetes_config_map.postgres-initdb-config",
            "kubernetes_namespace.mxd-ns",
            "module.postgres.kubernetes_config_map.postgres-env"
          ]
        }
      ]
    },
    {
      "module": "module.postgres[\"bdrs\"]",
      "mode": "managed",
      "type": "kubernetes_service",
      "name": "pg-service",
      "provider": "provider[\"registry.terraform.io/hashicorp/kubernetes\"]",
      "instances": [
        {
          "schema_version": 1,
          "attributes": {
            "id": "mxd/bdrs-postgres-service",
            "metadata": [
              {
                "annotations": {},
                "generate_name": "",
                "generation": 0,
                "labels": {},
                "name": "bdrs-postgres-service",
                "namespace": "mxd",
                "resource_version": "10618",
                "uid": "e1528f64-3dec-4713-bef3-5060dbac0348"
              }
            ],
            "spec": [
              {
                "allocate_load_balancer_node_ports": true,
                "cluster_ip": "10.96.58.141",
                "cluster_ips": [
                  "10.96.58.141"
                ],
                "external_ips": [],
                "external_name": "",
                "external_traffic_policy": "",
                "health_check_node_port": 0,
                "internal_traffic_policy": "Cluster",
                "ip_families": [
                  "IPv4"
                ],
                "ip_family_policy": "SingleStack",
                "load_balancer_class": "",
                "load_balancer_ip": "",
                "load_balancer_source_ranges": [],
                "port": [
                  {
                    "app_protocol": "",
                    "name": "pg-port",
                    "node_port": 0,
                    "port": 5432,
                    "protocol": "TCP",
                    "target_port": "5432"
                  }
                ],
                "publish_not_ready_addresses": false,
                "selector": {
                  "App": "bdrs-postgres"
                },
                "session_affinity": "None",
                "session_affinity_config": [],
                "type": "ClusterIP"
              }
            ],
            "status": [
              {
                "load_balancer": [
                  {
                    "ingress": []
                  }
                ]
              }
            ],
            "timeouts": null,
            "wait_for_load_balancer": true
          },
          "sensitive_attributes": [],
          "identity_schema_version": 0,
          "private": "eyJlMmJmYjczMC1lY2FhLTExZTYtOGY4OC0zNDM2M2JjN2M0YzAiOnsiY3JlYXRlIjo2MDAwMDAwMDAwMDB9LCJzY2hlbWFfdmVyc2lvbiI6IjEifQ==",
          "dependencies": [
            "kubernetes_config_map.postgres-initdb-config",
            "kubernetes_namespace.mxd-ns",
            "module.postgres.kubernetes_config_map.postgres-env",
            "module.postgres.kubernetes_deployment.postgres"
          ]
        }
      ]
    },
    {
      "module": "module.postgres[\"bob\"]",
      "mode": "managed",
      "type": "kubernetes_config_map",
      "name": "postgres-env",
      "provider": "provider[\"registry.terraform.io/hashicorp/kubernetes\"]",
      "instances": [
        {
          "schema_version": 0,
          "attributes": {
            "binary_data": {},
            "data": {
              "POSTGRES_PASSWORD": "postgres",
              "POSTGRES_USER": "postgres"
            },
            "id": "mxd/bob-postgres-env",
            "immutable": false,
            "metadata": [
              {
                "annotations": {},
                "generate_name": "",
                "generation": 0,
                "labels": {},
                "name": "bob-postgres-env",
                "namespace": "mxd",
                "resource_version": "10185",
                "uid": "a3d1d28d-e6a6-4e26-917f-ed688b5e5400"
              }
            ]
          },
          "sensitive_attributes": [],
          "identity_schema_version": 0,
          "private": "bnVsbA==",
          "dependencies": [
            "kubernetes_config_map.postgres-initdb-config",
            "kubernetes_namespace.mxd-ns"
          ]
        }
      ]
    },
    {
      "module": "module.postgres[\"bob\"]",
      "mode": "managed",
      "type": "kubernetes_deployment",
      "name": "postgres",
      "provider": "provider[\"registry.terraform.io/hashicorp/kubernetes\"]",
      "instances": [
        {
          "schema_version": 1,
          "attributes": {
            "id": "mxd/bob-postgres",
            "metadata": [
              {
                "annotations": {},
                "generate_name": "",
                "generation": 1,
                "labels": {
                  "App": "bob-postgres"
                },
                "name": "bob-postgres",
                "namespace": "mxd",
                "resource_version": "10494",
                "uid": "ccf79911-5666-48ac-aeeb-85932bcdc857"
              }
            ],
            "spec": [
              {
                "min_ready_seconds": 0,
                "paused": false,
                "progress_deadline_seconds": 600,
                "replicas": "1",
                "revision_history_limit": 10,
                "selector": [
                  {
                    "match_expressions": [],
                    "match_labels": {
                      "App": "bob-postgres"
                    }
                  }
                ],
                "strategy": [
                  {
                    "rolling_update": [
                      {
                        "max_surge": "25%",
                        "max_unavailable": "25%"
                      }
                    ],
                    "type": "RollingUpdate"
                  }
                ],
                "template": [
                  {
                    "metadata": [
                      {
                        "annotations": {},
                        "generate_name": "",
                        "generation": 0,
                        "labels": {
                          "App": "bob-postgres"
                        },
                        "name": "",
                        "namespace": "",
                        "resource_version": "",
                        "uid": ""
                      }
                    ],
                    "spec": [
                      {
                        "active_deadline_seconds": 0,
                        "affinity": [],
                        "automount_service_account_token": true,
                        "container": [
                          {
                            "args": [],
                            "command": [],
                            "env": [],
                            "env_from": [
                              {
                                "config_map_ref": [
                                  {
                                    "name": "bob-postgres-env",
                                    "optional": false
                                  }
                                ],
                                "prefix": "",
                                "secret_ref": []
                              }
                            ],
                            "image": "postgres:15.3-alpine3.18",
                            "image_pull_policy": "IfNotPresent",
                            "lifecycle": [],
                            "liveness_probe": [
                              {
                                "exec": [
                                  {
                                    "command": [
                                      "pg_isready",
                                      "-U",
                                      "postgres"
                                    ]
                                  }
                                ],
                                "failure_threshold": 10,
                                "grpc": [],
                                "http_get": [],
                                "initial_delay_seconds": 0,
                                "period_seconds": 5,
                                "success_threshold": 1,
                                "tcp_socket": [],
                                "timeout_seconds": 30
                              }
                            ],
                            "name": "bob-postgres",
                            "port": [
                              {
                                "container_port": 5432,
                                "host_ip": "",
                                "host_port": 0,
                                "name": "postgres-port",
                                "protocol": "TCP"
                              }
                            ],
                            "readiness_probe": [],
                            "resources": [
                              {
                                "limits": {},
                                "requests": {}
                              }
                            ],
                            "security_context": [],
                            "startup_probe": [],
                            "stdin": false,
                            "stdin_once": false,
                            "termination_message_path": "/dev/termination-log",
                            "termination_message_policy": "File",
                            "tty": false,
                            "volume_mount": [
                              {
                                "mount_path": "/docker-entrypoint-initdb.d/bob-initdb-config.sql",
                                "mount_propagation": "None",
                                "name": "bob-initdb-config",
                                "read_only": true,
                                "sub_path": "bob-initdb-config.sql"
                              }
                            ],
                            "working_dir": ""
                          }
                        ],
                        "dns_config": [],
                        "dns_policy": "ClusterFirst",
                        "enable_service_links": true,
                        "host_aliases": [],
                        "host_ipc": false,
                        "host_network": false,
                        "host_pid": false,
                        "hostname": "",
                        "image_pull_secrets": [],
                        "init_container": [],
                        "node_name": "",
                        "node_selector": {},
                        "priority_class_name": "",
                        "readiness_gate": [],
                        "restart_policy": "Always",
                        "runtime_class_name": "",
                        "scheduler_name": "default-scheduler",
                        "security_context": [],
                        "service_account_name": "",
                        "share_process_namespace": false,
                        "subdomain": "",
                        "termination_grace_period_seconds": 30,
                        "toleration": [],
                        "topology_spread_constraint": [],
                        "volume": [
                          {
                            "aws_elastic_block_store": [],
                            "azure_disk": [],
                            "azure_file": [],
                            "ceph_fs": [],
                            "cinder": [],
                            "config_map": [
                              {
                                "default_mode": "0644",
                                "items": [],
                                "name": "bob-initdb-config",
                                "optional": false
                              }
                            ],
                            "csi": [],
                            "downward_api": [],
                            "empty_dir": [],
                            "ephemeral": [],
                            "fc": [],
                            "flex_volume": [],
                            "flocker": [],
                            "gce_persistent_disk": [],
                            "git_repo": [],
                            "glusterfs": [],
                            "host_path": [],
                            "iscsi": [],
                            "local": [],
                            "name": "bob-initdb-config",
                            "nfs": [],
                            "persistent_volume_claim": [],
                            "photon_persistent_disk": [],
                            "projected": [],
                            "quobyte": [],
                            "rbd": [],
                            "secret": [],
                            "vsphere_volume": []
                          }
                        ]
                      }
                    ]
                  }
                ]
              }
            ],
            "timeouts": null,
            "wait_for_rollout": true
          },
          "sensitive_attributes": [],
          "identity_schema_version": 0,
          "private": "eyJlMmJmYjczMC1lY2FhLTExZTYtOGY4OC0zNDM2M2JjN2M0YzAiOnsiY3JlYXRlIjo2MDAwMDAwMDAwMDAsImRlbGV0ZSI6NjAwMDAwMDAwMDAwLCJ1cGRhdGUiOjYwMDAwMDAwMDAwMH0sInNjaGVtYV92ZXJzaW9uIjoiMSJ9",
          "dependencies": [
            "kubernetes_config_map.postgres-initdb-config",
            "kubernetes_namespace.mxd-ns",
            "module.postgres.kubernetes_config_map.postgres-env"
          ]
        }
      ]
    },
    {
      "module": "module.postgres[\"bob\"]",
      "mode": "managed",
      "type": "kubernetes_service",
      "name": "pg-service",
      "provider": "provider[\"registry.terraform.io/hashicorp/kubernetes\"]",
      "instances": [
        {
          "schema_version": 1,
          "attributes": {
            "id": "mxd/bob-postgres-service",
            "metadata": [
              {
                "annotations": {},
                "generate_name": "",
                "generation": 0,
                "labels": {},
                "name": "bob-postgres-service",
                "namespace": "mxd",
                "resource_version": "10625",
                "uid": "4ad5472d-11ce-4164-a35c-c9d78c7c701d"
              }
            ],
            "spec": [
              {
                "allocate_load_balancer_node_ports": true,
                "cluster_ip": "10.96.2.201",
                "cluster_ips": [
                  "10.96.2.201"
                ],
                "external_ips": [],
                "external_name": "",
                "external_traffic_policy": "",
                "health_check_node_port": 0,
                "internal_traffic_policy": "Cluster",
                "ip_families": [
                  "IPv4"
                ],
                "ip_family_policy": "SingleStack",
                "load_balancer_class": "",
                "load_balancer_ip": "",
                "load_balancer_source_ranges": [],
                "port": [
                  {
                    "app_protocol": "",
                    "name": "pg-port",
                    "node_port": 0,
                    "port": 5432,
                    "protocol": "TCP",
                    "target_port": "5432"
                  }
                ],
                "publish_not_ready_addresses": false,
                "selector": {
                  "App": "bob-postgres"
                },
                "session_affinity": "None",
                "session_affinity_config": [],
                "type": "ClusterIP"
              }
            ],
            "status": [
              {
                "load_balancer": [
                  {
                    "ingress": []
                  }
                ]
              }
            ],
            "timeouts": null,
            "wait_for_load_balancer": true
          },
          "sensitive_attributes": [],
          "identity_schema_version": 0,
          "private": "eyJlMmJmYjczMC1lY2FhLTExZTYtOGY4OC0zNDM2M2JjN2M0YzAiOnsiY3JlYXRlIjo2MDAwMDAwMDAwMDB9LCJzY2hlbWFfdmVyc2lvbiI6IjEifQ==",
          "dependencies": [
            "kubernetes_config_map.postgres-initdb-config",
            "kubernetes_namespace.mxd-ns",
            "module.postgres.kubernetes_config_map.postgres-env",
            "module.postgres.kubernetes_deployment.postgres"
          ]
        }
      ]
    }
  ],
  "check_results": null
}
